
Microsoft Visual Studio Solution File, Format Version 12.00
# Visual Studio 2013
VisualStudioVersion = 12.0.21005.1
MinimumVisualStudioVersion = 10.0.40219.1
Project("{FAE04EC0-301F-11D3-BF4B-00C04F79EFBC}") = "CommonModelTypes", "CommonModelTypes\CommonModelTypes.csproj", "{FDD44DA5-DB8B-4183-A808-DBA17B6FC43D}"
EndProject
Project("{FAE04EC0-301F-11D3-BF4B-00C04F79EFBC}") = "Environment", "Environment\Environment.csproj", "{9E113916-2F06-4AC5-BA47-D8194B46284B}"
EndProject
Project("{FAE04EC0-301F-11D3-BF4B-00C04F79EFBC}") = "ForestModel", "ForestModel\ForestModel.csproj", "{562D0899-A821-4D69-AC37-970CBA1D1AFE}"
EndProject
Project("{FAE04EC0-301F-11D3-BF4B-00C04F79EFBC}") = "VillageModel", "VillageModel\VillageModel.csproj", "{17D440BE-4F39-4A54-B681-DC4FD0B10019}"
EndProject
Project("{2150E333-8FDC-42A3-9474-1A3956D46DE8}") = ".nuget", ".nuget", "{10A55A5F-F5C6-4E99-A10D-20FF5E294A65}"
	ProjectSection(SolutionItems) = preProject
		.nuget\NuGet.Config = .nuget\NuGet.Config
		.nuget\NuGet.exe = .nuget\NuGet.exe
		.nuget\NuGet.targets = .nuget\NuGet.targets
	EndProjectSection
EndProject
Project("{FAE04EC0-301F-11D3-BF4B-00C04F79EFBC}") = "ConfigurationAdapter", "..\..\01 - Code\LIFE\Common\ConfigurationAdapter\ConfigurationAdapter.csproj", "{46CD516A-50B3-4DD1-A0DF-65E0BE141E21}"
EndProject
Project("{FAE04EC0-301F-11D3-BF4B-00C04F79EFBC}") = "LayerAPI", "..\..\01 - Code\LIFE\LayerContainer\LayerAPI\LayerAPI.csproj", "{2CAF4351-EB6F-4A54-B8F2-CB1588B00A81}"
EndProject
Project("{FAE04EC0-301F-11D3-BF4B-00C04F79EFBC}") = "LCConnector", "..\..\01 - Code\LIFE\Common\LCConnector\LCConnector.csproj", "{76BFFBA7-7BF3-439E-83D4-A340B1227461}"
EndProject
Project("{2150E333-8FDC-42A3-9474-1A3956D46DE8}") = "Common", "Common", "{948740E8-0D30-4767-9651-FD70D6B20D1F}"
EndProject
Project("{2150E333-8FDC-42A3-9474-1A3956D46DE8}") = "Layer", "Layer", "{2EA48E57-6379-45AC-A521-905679718652}"
EndProject
Project("{2150E333-8FDC-42A3-9474-1A3956D46DE8}") = "Model", "Model", "{7684143F-6A3A-4F79-AAA7-250AAF05765D}"
EndProject
Project("{FAE04EC0-301F-11D3-BF4B-00C04F79EFBC}") = "QuadTreeLib", "QuadTreeLib\QuadTreeLib.csproj", "{7E471417-3503-4A9D-8769-F5C535E21B2C}"
EndProject
Project("{FAE04EC0-301F-11D3-BF4B-00C04F79EFBC}") = "QuadTreeLayer", "QuadTreeLayer\QuadTreeLayer.csproj", "{7AC48378-1CC0-4345-9663-4BE160DC588B}"
EndProject
Global
	GlobalSection(SolutionConfigurationPlatforms) = preSolution
		Debug|Any CPU = Debug|Any CPU
		Release|Any CPU = Release|Any CPU
	EndGlobalSection
	GlobalSection(ProjectConfigurationPlatforms) = postSolution
		{FDD44DA5-DB8B-4183-A808-DBA17B6FC43D}.Debug|Any CPU.ActiveCfg = Debug|Any CPU
		{FDD44DA5-DB8B-4183-A808-DBA17B6FC43D}.Debug|Any CPU.Build.0 = Debug|Any CPU
		{FDD44DA5-DB8B-4183-A808-DBA17B6FC43D}.Release|Any CPU.ActiveCfg = Release|Any CPU
		{FDD44DA5-DB8B-4183-A808-DBA17B6FC43D}.Release|Any CPU.Build.0 = Release|Any CPU
		{9E113916-2F06-4AC5-BA47-D8194B46284B}.Debug|Any CPU.ActiveCfg = Debug|Any CPU
		{9E113916-2F06-4AC5-BA47-D8194B46284B}.Debug|Any CPU.Build.0 = Debug|Any CPU
		{9E113916-2F06-4AC5-BA47-D8194B46284B}.Release|Any CPU.ActiveCfg = Release|Any CPU
		{9E113916-2F06-4AC5-BA47-D8194B46284B}.Release|Any CPU.Build.0 = Release|Any CPU
		{562D0899-A821-4D69-AC37-970CBA1D1AFE}.Debug|Any CPU.ActiveCfg = Debug|Any CPU
		{562D0899-A821-4D69-AC37-970CBA1D1AFE}.Debug|Any CPU.Build.0 = Debug|Any CPU
		{562D0899-A821-4D69-AC37-970CBA1D1AFE}.Release|Any CPU.ActiveCfg = Release|Any CPU
		{562D0899-A821-4D69-AC37-970CBA1D1AFE}.Release|Any CPU.Build.0 = Release|Any CPU
		{17D440BE-4F39-4A54-B681-DC4FD0B10019}.Debug|Any CPU.ActiveCfg = Debug|Any CPU
		{17D440BE-4F39-4A54-B681-DC4FD0B10019}.Debug|Any CPU.Build.0 = Debug|Any CPU
		{17D440BE-4F39-4A54-B681-DC4FD0B10019}.Release|Any CPU.ActiveCfg = Release|Any CPU
		{17D440BE-4F39-4A54-B681-DC4FD0B10019}.Release|Any CPU.Build.0 = Release|Any CPU
		{46CD516A-50B3-4DD1-A0DF-65E0BE141E21}.Debug|Any CPU.ActiveCfg = Debug|Any CPU
		{46CD516A-50B3-4DD1-A0DF-65E0BE141E21}.Debug|Any CPU.Build.0 = Debug|Any CPU
		{46CD516A-50B3-4DD1-A0DF-65E0BE141E21}.Release|Any CPU.ActiveCfg = Release|Any CPU
		{46CD516A-50B3-4DD1-A0DF-65E0BE141E21}.Release|Any CPU.Build.0 = Release|Any CPU
		{2CAF4351-EB6F-4A54-B8F2-CB1588B00A81}.Debug|Any CPU.ActiveCfg = Debug|Any CPU
		{2CAF4351-EB6F-4A54-B8F2-CB1588B00A81}.Debug|Any CPU.Build.0 = Debug|Any CPU
		{2CAF4351-EB6F-4A54-B8F2-CB1588B00A81}.Release|Any CPU.ActiveCfg = Release|Any CPU
		{2CAF4351-EB6F-4A54-B8F2-CB1588B00A81}.Release|Any CPU.Build.0 = Release|Any CPU
		{76BFFBA7-7BF3-439E-83D4-A340B1227461}.Debug|Any CPU.ActiveCfg = Debug|Any CPU
		{76BFFBA7-7BF3-439E-83D4-A340B1227461}.Debug|Any CPU.Build.0 = Debug|Any CPU
		{76BFFBA7-7BF3-439E-83D4-A340B1227461}.Release|Any CPU.ActiveCfg = Release|Any CPU
		{76BFFBA7-7BF3-439E-83D4-A340B1227461}.Release|Any CPU.Build.0 = Release|Any CPU
		{7E471417-3503-4A9D-8769-F5C535E21B2C}.Debug|Any CPU.ActiveCfg = Debug|Any CPU
		{7E471417-3503-4A9D-8769-F5C535E21B2C}.Debug|Any CPU.Build.0 = Debug|Any CPU
		{7E471417-3503-4A9D-8769-F5C535E21B2C}.Release|Any CPU.ActiveCfg = Release|Any CPU
		{7E471417-3503-4A9D-8769-F5C535E21B2C}.Release|Any CPU.Build.0 = Release|Any CPU
		{7AC48378-1CC0-4345-9663-4BE160DC588B}.Debug|Any CPU.ActiveCfg = Debug|Any CPU
		{7AC48378-1CC0-4345-9663-4BE160DC588B}.Debug|Any CPU.Build.0 = Debug|Any CPU
		{7AC48378-1CC0-4345-9663-4BE160DC588B}.Release|Any CPU.ActiveCfg = Release|Any CPU
		{7AC48378-1CC0-4345-9663-4BE160DC588B}.Release|Any CPU.Build.0 = Release|Any CPU
	EndGlobalSection
	GlobalSection(SolutionProperties) = preSolution
		HideSolutionNode = FALSE
	EndGlobalSection
	GlobalSection(NestedProjects) = preSolution
		{FDD44DA5-DB8B-4183-A808-DBA17B6FC43D} = {948740E8-0D30-4767-9651-FD70D6B20D1F}
		{46CD516A-50B3-4DD1-A0DF-65E0BE141E21} = {948740E8-0D30-4767-9651-FD70D6B20D1F}
		{7E471417-3503-4A9D-8769-F5C535E21B2C} = {948740E8-0D30-4767-9651-FD70D6B20D1F}
		{7AC48378-1CC0-4345-9663-4BE160DC588B} = {948740E8-0D30-4767-9651-FD70D6B20D1F}
		{2CAF4351-EB6F-4A54-B8F2-CB1588B00A81} = {2EA48E57-6379-45AC-A521-905679718652}
		{76BFFBA7-7BF3-439E-83D4-A340B1227461} = {2EA48E57-6379-45AC-A521-905679718652}
		{562D0899-A821-4D69-AC37-970CBA1D1AFE} = {7684143F-6A3A-4F79-AAA7-250AAF05765D}
		{17D440BE-4F39-4A54-B681-DC4FD0B10019} = {7684143F-6A3A-4F79-AAA7-250AAF05765D}
		{9E113916-2F06-4AC5-BA47-D8194B46284B} = {7684143F-6A3A-4F79-AAA7-250AAF05765D}
	EndGlobalSection
EndGlobal
