
Microsoft Visual Studio Solution File, Format Version 12.00
# Visual Studio 15
VisualStudioVersion = 15.0.26430.6
MinimumVisualStudioVersion = 10.0.40219.1
Project("{2150E333-8FDC-42A3-9474-1A3956D46DE8}") = "LIFE-Components", "LIFE-Components", "{28FCE32D-FC59-453D-BC5D-ED59ABF3E240}"
EndProject
Project("{2150E333-8FDC-42A3-9474-1A3956D46DE8}") = "LIFE-Core", "LIFE-Core", "{9E593362-F79E-4B46-909D-6AC8AF5F55C5}"
EndProject
Project("{2150E333-8FDC-42A3-9474-1A3956D46DE8}") = "Tests", "Tests", "{B7027C3F-ECBB-42CB-928F-F982832F9869}"
EndProject
Project("{2150E333-8FDC-42A3-9474-1A3956D46DE8}") = "Common", "Common", "{EF3EA4AE-9E78-4DF4-ADBB-512D83396189}"
EndProject
Project("{2150E333-8FDC-42A3-9474-1A3956D46DE8}") = "LayerContainer", "LayerContainer", "{E3A6D7BB-8A3B-4683-B256-4F4F3647DA26}"
EndProject
Project("{2150E333-8FDC-42A3-9474-1A3956D46DE8}") = "SimulationManager", "SimulationManager", "{5E8D69B9-1AF7-41B2-9D4A-F3CA4183B068}"
EndProject
Project("{2150E333-8FDC-42A3-9474-1A3956D46DE8}") = "T-Components", "T-Components", "{59B2267F-FB3E-4D22-98EB-AF44757F691D}"
EndProject
Project("{2150E333-8FDC-42A3-9474-1A3956D46DE8}") = "Agents", "Agents", "{36EC8847-D918-4239-9361-F58ACE288C3F}"
EndProject
Project("{2150E333-8FDC-42A3-9474-1A3956D46DE8}") = "Environments", "Environments", "{2D7A829D-894C-4E8C-BDD6-EBAECE462B36}"
EndProject
Project("{2150E333-8FDC-42A3-9474-1A3956D46DE8}") = "Layers", "Layers", "{8A9E7B49-F653-4AA1-9E4D-0AEAA57DFE46}"
EndProject
Project("{2150E333-8FDC-42A3-9474-1A3956D46DE8}") = "Services", "Services", "{BFAA05FB-B805-4707-B79D-F81CC7809BEB}"
EndProject
Project("{9A19103F-16F7-4668-BE54-9A1E7A4F7556}") = "LIFE-API", "LIFE-API\LIFE-API.csproj", "{C74FD969-3FA1-413A-B43C-912B4BA78639}"
EndProject
Project("{9A19103F-16F7-4668-BE54-9A1E7A4F7556}") = "BasicAgentsTests", "Tests\BasicAgentsTests\BasicAgentsTests.csproj", "{6BFADC70-D64E-45B7-BDE0-11A53149414D}"
EndProject
Project("{9A19103F-16F7-4668-BE54-9A1E7A4F7556}") = "GeoGridEnvironmentTests", "Tests\GeoGridEnvironmentTests\GeoGridEnvironmentTests.csproj", "{256F0220-4B1D-4CED-A80E-9DC91A705ADD}"
EndProject
Project("{9A19103F-16F7-4668-BE54-9A1E7A4F7556}") = "GridPotentialFieldLayerTests", "Tests\GridPotentialFieldLayerTests\GridPotentialFieldLayerTests.csproj", "{E113EE00-5673-4EAE-A90F-EB5375E9C1E5}"
EndProject
Project("{9A19103F-16F7-4668-BE54-9A1E7A4F7556}") = "GeoPotentialFieldLayerTests", "Tests\GeoPotentialFieldLayerTests\GeoPotentialFieldLayerTests.csproj", "{04EAD2FF-22D2-4DF3-9B6B-D20E2C81847F}"
EndProject
Project("{9A19103F-16F7-4668-BE54-9A1E7A4F7556}") = "EnvironmentServiceComponentTests", "Tests\EnvironmentServiceComponentTests\EnvironmentServiceComponentTests.csproj", "{2E9D72F6-7E9B-470A-BC1D-B9F8B24E132D}"
EndProject
Project("{9A19103F-16F7-4668-BE54-9A1E7A4F7556}") = "CommonTypes", "LIFE-Core\Common\CommonTypes\CommonTypes.csproj", "{2E7AE294-A148-40C9-8786-C9675EF13023}"
EndProject
Project("{9A19103F-16F7-4668-BE54-9A1E7A4F7556}") = "ConfigurationAdapter", "LIFE-Core\Common\ConfigurationAdapter\ConfigurationAdapter.csproj", "{D63B030F-8A26-4904-B517-8B139E3A8BA2}"
EndProject
Project("{9A19103F-16F7-4668-BE54-9A1E7A4F7556}") = "LayerLoader", "LIFE-Core\Common\LayerLoader\LayerLoader.csproj", "{F71CA2F0-D355-4193-9403-5342A83FC33B}"
EndProject
Project("{9A19103F-16F7-4668-BE54-9A1E7A4F7556}") = "LCConnector", "LIFE-Core\Common\LCConnector\LCConnector.csproj", "{741DD47B-A743-4E77-8FF6-C6AD188C8818}"
EndProject
Project("{9A19103F-16F7-4668-BE54-9A1E7A4F7556}") = "LNSConnector", "LIFE-Core\Common\LNSConnector\LNSConnector.csproj", "{DF363280-9067-4721-82EE-04EC4A12DCD2}"
EndProject
Project("{9A19103F-16F7-4668-BE54-9A1E7A4F7556}") = "NodeRegistry", "LIFE-Core\Common\NodeRegistry\NodeRegistry.csproj", "{C801E271-55D9-4D87-8B7E-B9F936A2931E}"
EndProject
Project("{9A19103F-16F7-4668-BE54-9A1E7A4F7556}") = "SMConnector", "LIFE-Core\Common\SMConnector\SMConnector.csproj", "{F4347D0F-129B-4624-A149-B0FD604C7A09}"
EndProject
Project("{9A19103F-16F7-4668-BE54-9A1E7A4F7556}") = "LayerContainer", "LIFE-Core\LayerContainer\LayerContainer\LayerContainer.csproj", "{609BDF0B-464F-4AD8-A088-1C31E608AC49}"
EndProject
Project("{9A19103F-16F7-4668-BE54-9A1E7A4F7556}") = "LayerContainerFacade", "LIFE-Core\LayerContainer\LayerContainerFacade\LayerContainerFacade.csproj", "{E087EE51-ADDD-4DCC-8301-BDDC2A3E780A}"
EndProject
Project("{9A19103F-16F7-4668-BE54-9A1E7A4F7556}") = "LayerContainerShared", "LIFE-Core\LayerContainer\LayerContainerShared\LayerContainerShared.csproj", "{EEF06961-0F5D-4787-BC48-740B2D308F8A}"
EndProject
Project("{9A19103F-16F7-4668-BE54-9A1E7A4F7556}") = "LayerFactory", "LIFE-Core\LayerContainer\LayerFactory\LayerFactory.csproj", "{BA5D42FA-4496-4F0B-9E8E-9E11AF7623B5}"
EndProject
Project("{9A19103F-16F7-4668-BE54-9A1E7A4F7556}") = "LayerRegistry", "LIFE-Core\LayerContainer\LayerRegistry\LayerRegistry.csproj", "{F46132FA-7988-41B6-A569-F4BC9566B8F3}"
EndProject
Project("{9A19103F-16F7-4668-BE54-9A1E7A4F7556}") = "PartitionManager", "LIFE-Core\LayerContainer\PartitionManager\PartitionManager.csproj", "{61C065CA-D990-4521-A10D-829E04E912F9}"
EndProject
Project("{9A19103F-16F7-4668-BE54-9A1E7A4F7556}") = "ResultAdapter", "LIFE-Core\LayerContainer\ResultAdapter\ResultAdapter.csproj", "{1B10449C-5FA1-4435-B6BA-CC186688B8E8}"
EndProject
Project("{9A19103F-16F7-4668-BE54-9A1E7A4F7556}") = "RTEManager", "LIFE-Core\LayerContainer\RTEManager\RTEManager.csproj", "{922896AE-82FD-4BF9-8C36-24437F218F05}"
EndProject
Project("{9A19103F-16F7-4668-BE54-9A1E7A4F7556}") = "LIFECoreStarter", "LIFE-Core\LIFECoreStarter\LIFECoreStarter.csproj", "{38F0F292-E07B-4F27-8015-12FE4D90C050}"
EndProject
Project("{9A19103F-16F7-4668-BE54-9A1E7A4F7556}") = "LayerNameService", "LIFE-Core\SimulationManager\LayerNameService\LayerNameService.csproj", "{5DFACA6C-861F-4A6C-B45E-06D0C70C3CE8}"
EndProject
Project("{9A19103F-16F7-4668-BE54-9A1E7A4F7556}") = "ModelContainer", "LIFE-Core\SimulationManager\ModelContainer\ModelContainer.csproj", "{4799C6F6-AE90-4127-BD29-B1DA76558EC1}"
EndProject
Project("{9A19103F-16F7-4668-BE54-9A1E7A4F7556}") = "RuntimeEnvironment", "LIFE-Core\SimulationManager\RuntimeEnvironment\RuntimeEnvironment.csproj", "{8F2673F2-0773-4838-B612-F4BA7E256499}"
EndProject
Project("{9A19103F-16F7-4668-BE54-9A1E7A4F7556}") = "SimulationManager", "LIFE-Core\SimulationManager\SimulationManager\SimulationManager.csproj", "{8B873E34-1BB2-4D0C-AD87-899D49791685}"
EndProject
Project("{9A19103F-16F7-4668-BE54-9A1E7A4F7556}") = "SimulationManagerFacade", "LIFE-Core\SimulationManager\SimulationManagerFacade\SimulationManagerFacade.csproj", "{BA841439-5E1C-4CEA-B8A4-4750681EA218}"
EndProject
Project("{9A19103F-16F7-4668-BE54-9A1E7A4F7556}") = "SimulationManagerShared", "LIFE-Core\SimulationManager\SimulationManagerShared\SimulationManagerShared.csproj", "{028898EC-EC5D-402E-895A-8726A0000BAE}"
EndProject
Project("{9A19103F-16F7-4668-BE54-9A1E7A4F7556}") = "ASC", "LIFE-Core\T-Components\ASC\ASC.csproj", "{8BD13119-E411-4ED0-944D-D5D93A2DF8AF}"
EndProject
Project("{9A19103F-16F7-4668-BE54-9A1E7A4F7556}") = "CustomUtilities", "LIFE-Core\T-Components\CustomUtilities\CustomUtilities.csproj", "{178B6159-4C2B-4B4D-A09C-9AC371EF1D46}"
EndProject
Project("{9A19103F-16F7-4668-BE54-9A1E7A4F7556}") = "MulticastAdapter", "LIFE-Core\T-Components\MulticastAdapter\MulticastAdapter.csproj", "{4A3E43DA-2EAD-4598-A6EB-25E7532DF93C}"
EndProject
Project("{9A19103F-16F7-4668-BE54-9A1E7A4F7556}") = "Scs", "LIFE-Core\T-Components\Scs\Scs.csproj", "{B614821F-1252-417E-BE3D-5A656137474C}"
EndProject
Project("{9A19103F-16F7-4668-BE54-9A1E7A4F7556}") = "EnvironmentServiceComponent", "LIFE-Components\Environments\EnvironmentServiceComponent\EnvironmentServiceComponent.csproj", "{9A93BE1A-E906-4779-A8B3-DD42DFC9DBB3}"
EndProject
Project("{9A19103F-16F7-4668-BE54-9A1E7A4F7556}") = "GeoGridEnvironment", "LIFE-Components\Environments\GeoGridEnvironment\GeoGridEnvironment.csproj", "{2D8AB843-15EB-4C94-B927-F03668AFA258}"
EndProject
Project("{9A19103F-16F7-4668-BE54-9A1E7A4F7556}") = "GeoPotentialFieldLayer", "LIFE-Components\Layers\GeoPotentialFieldLayer\GeoPotentialFieldLayer.csproj", "{596868A0-7FD5-45E4-888D-470498EDBABB}"
EndProject
Project("{9A19103F-16F7-4668-BE54-9A1E7A4F7556}") = "GridPotentialFieldLayer", "LIFE-Components\Layers\GridPotentialFieldLayer\GridPotentialFieldLayer.csproj", "{2B303598-DC1D-416B-97D8-559949F6EE1F}"
EndProject
Project("{9A19103F-16F7-4668-BE54-9A1E7A4F7556}") = "ObstacleLayer", "LIFE-Components\Layers\ObstacleLayer\ObstacleLayer.csproj", "{D0A7D675-A3C8-4DD0-A76F-05ED594FBCF5}"
EndProject
Project("{9A19103F-16F7-4668-BE54-9A1E7A4F7556}") = "TimeSeriesLayer", "LIFE-Components\Layers\TimeSeriesLayer\TimeSeriesLayer.csproj", "{CD94051A-AAC0-45F8-A043-69BF75139405}"
EndProject
Project("{9A19103F-16F7-4668-BE54-9A1E7A4F7556}") = "BasicAgents", "LIFE-Components\Agents\BasicAgents\BasicAgents.csproj", "{853362EB-F018-4E27-AB30-9EF34B5A788C}"
EndProject
Project("{9A19103F-16F7-4668-BE54-9A1E7A4F7556}") = "GridEnvironment", "LIFE-Components\Environments\GridEnvironment\GridEnvironment.csproj", "{B13350F2-917C-4C4C-9E94-945F78CD27BA}"
EndProject
Project("{9A19103F-16F7-4668-BE54-9A1E7A4F7556}") = "ModelContainerTests", "Tests\ModelContainerTests\ModelContainerTests.csproj", "{59662717-196A-48CA-A0D4-E79A894888A3}"
EndProject
Project("{9A19103F-16F7-4668-BE54-9A1E7A4F7556}") = "MulticastAdapterTests", "Tests\MulticastAdapterTests\MulticastAdapterTests.csproj", "{BEB60F97-49C6-48A9-82B5-E0D67EDD88D4}"
EndProject
Project("{9A19103F-16F7-4668-BE54-9A1E7A4F7556}") = "NodeRegistryTests", "Tests\NodeRegistryTests\NodeRegistryTests.csproj", "{E2B760C6-8D47-4A8A-92B8-9A1F3A25FE60}"
EndProject
Project("{9A19103F-16F7-4668-BE54-9A1E7A4F7556}") = "SimulationPlanParserTests", "Tests\SimulationPlanParserTests\SimulationPlanParserTests.csproj", "{9BB3D8DF-545D-487B-8EC2-151F974AA7A5}"
EndProject
Project("{9A19103F-16F7-4668-BE54-9A1E7A4F7556}") = "Utilities", "LIFE-Components\Utilities\Utilities.csproj", "{F8BDDDD3-7A49-41EE-AEDC-9C67B27EF234}"
EndProject
Project("{9A19103F-16F7-4668-BE54-9A1E7A4F7556}") = "LIFECoreUtilities", "LIFE-Core\T-Components\LIFECoreUtilities\LIFECoreUtilities.csproj", "{7D098664-E07F-4D94-91A2-9A3E3B91AB75}"
EndProject
Project("{9A19103F-16F7-4668-BE54-9A1E7A4F7556}") = "LIFE-Components", "LIFE-Components\LIFE-Components\LIFE-Components.csproj", "{55F61E33-87D8-4198-9200-823EFC4C1718}"
EndProject
Project("{9A19103F-16F7-4668-BE54-9A1E7A4F7556}") = "AgentManagerService", "LIFE-Components\Services\AgentManagerService\AgentManagerService.csproj", "{6E490D74-8807-4581-A0ED-6CD5AC64EE0D}"
EndProject
Project("{9A19103F-16F7-4668-BE54-9A1E7A4F7556}") = "AgentShadowingService", "LIFE-Components\Services\AgentShadowingService\AgentShadowingService.csproj", "{BB993CDA-38FA-4316-8F27-44C5CEBA8317}"
EndProject
Project("{9A19103F-16F7-4668-BE54-9A1E7A4F7556}") = "TimeSeriesLayerTests", "Tests\TimeSeriesLayerTests\TimeSeriesLayerTests.csproj", "{1CDEB166-17D0-4E72-8272-4C6ED61A7341}"
EndProject
Project("{9A19103F-16F7-4668-BE54-9A1E7A4F7556}") = "GridEnvironmentTest", "Tests\GridEnvironmentTest\GridEnvironmentTest.csproj", "{770B7FFC-C699-41CB-86A9-DE98EC623003}"
EndProject
Project("{9A19103F-16F7-4668-BE54-9A1E7A4F7556}") = "LayerRegistryTests", "Tests\LayerRegistryTests\LayerRegistryTests.csproj", "{3503EFBE-A8E5-42A0-A39A-0AC1428C2A00}"
EndProject
Project("{9A19103F-16F7-4668-BE54-9A1E7A4F7556}") = "ResultAdapterTests", "Tests\ResultAdapterTests\ResultAdapterTests.csproj", "{C58998D4-0CD2-40AB-A4BD-FB7B4852D5B8}"
EndProject
Project("{9A19103F-16F7-4668-BE54-9A1E7A4F7556}") = "RawFileLayer", "LIFE-Components\Layers\RawFileLayer\RawFileLayer.csproj", "{76B19B5C-3885-459B-AF0B-0FB8932CA4A2}"
EndProject
Project("{9A19103F-16F7-4668-BE54-9A1E7A4F7556}") = "GpuEnvironment", "LIFE-Components\Environments\GpuEnvironment\GpuEnvironment.csproj", "{49C7A936-512B-4F3D-896A-23AEE1DFBEDE}"
EndProject
Project("{9A19103F-16F7-4668-BE54-9A1E7A4F7556}") = "AsyncAgents", "LIFE-Components\Agents\AsyncAgents\AsyncAgents.csproj", "{FFC72250-3FA7-4D61-B970-5369B3A3D6EA}"
EndProject
Project("{FAE04EC0-301F-11D3-BF4B-00C04F79EFBC}") = "ObstacleLayerTests", "Tests\ObstacleLayerTests\ObstacleLayerTests.csproj", "{1C4F1120-5FBF-4480-885A-119193076208}"
EndProject
Global
	GlobalSection(SolutionConfigurationPlatforms) = preSolution
		Debug|Any CPU = Debug|Any CPU
		Release|Any CPU = Release|Any CPU
	EndGlobalSection
	GlobalSection(ProjectConfigurationPlatforms) = postSolution
		{C74FD969-3FA1-413A-B43C-912B4BA78639}.Debug|Any CPU.ActiveCfg = Debug|Any CPU
		{C74FD969-3FA1-413A-B43C-912B4BA78639}.Debug|Any CPU.Build.0 = Debug|Any CPU
		{C74FD969-3FA1-413A-B43C-912B4BA78639}.Release|Any CPU.ActiveCfg = Release|Any CPU
		{C74FD969-3FA1-413A-B43C-912B4BA78639}.Release|Any CPU.Build.0 = Release|Any CPU
		{6BFADC70-D64E-45B7-BDE0-11A53149414D}.Debug|Any CPU.ActiveCfg = Debug|Any CPU
		{6BFADC70-D64E-45B7-BDE0-11A53149414D}.Debug|Any CPU.Build.0 = Debug|Any CPU
		{6BFADC70-D64E-45B7-BDE0-11A53149414D}.Release|Any CPU.ActiveCfg = Release|Any CPU
		{6BFADC70-D64E-45B7-BDE0-11A53149414D}.Release|Any CPU.Build.0 = Release|Any CPU
		{256F0220-4B1D-4CED-A80E-9DC91A705ADD}.Debug|Any CPU.ActiveCfg = Debug|Any CPU
		{256F0220-4B1D-4CED-A80E-9DC91A705ADD}.Debug|Any CPU.Build.0 = Debug|Any CPU
		{256F0220-4B1D-4CED-A80E-9DC91A705ADD}.Release|Any CPU.ActiveCfg = Release|Any CPU
		{256F0220-4B1D-4CED-A80E-9DC91A705ADD}.Release|Any CPU.Build.0 = Release|Any CPU
		{E113EE00-5673-4EAE-A90F-EB5375E9C1E5}.Debug|Any CPU.ActiveCfg = Debug|Any CPU
		{E113EE00-5673-4EAE-A90F-EB5375E9C1E5}.Debug|Any CPU.Build.0 = Debug|Any CPU
		{E113EE00-5673-4EAE-A90F-EB5375E9C1E5}.Release|Any CPU.ActiveCfg = Release|Any CPU
		{E113EE00-5673-4EAE-A90F-EB5375E9C1E5}.Release|Any CPU.Build.0 = Release|Any CPU
		{04EAD2FF-22D2-4DF3-9B6B-D20E2C81847F}.Debug|Any CPU.ActiveCfg = Debug|Any CPU
		{04EAD2FF-22D2-4DF3-9B6B-D20E2C81847F}.Debug|Any CPU.Build.0 = Debug|Any CPU
		{04EAD2FF-22D2-4DF3-9B6B-D20E2C81847F}.Release|Any CPU.ActiveCfg = Release|Any CPU
		{04EAD2FF-22D2-4DF3-9B6B-D20E2C81847F}.Release|Any CPU.Build.0 = Release|Any CPU
		{2E9D72F6-7E9B-470A-BC1D-B9F8B24E132D}.Debug|Any CPU.ActiveCfg = Debug|Any CPU
		{2E9D72F6-7E9B-470A-BC1D-B9F8B24E132D}.Debug|Any CPU.Build.0 = Debug|Any CPU
		{2E9D72F6-7E9B-470A-BC1D-B9F8B24E132D}.Release|Any CPU.ActiveCfg = Release|Any CPU
		{2E9D72F6-7E9B-470A-BC1D-B9F8B24E132D}.Release|Any CPU.Build.0 = Release|Any CPU
		{2E7AE294-A148-40C9-8786-C9675EF13023}.Debug|Any CPU.ActiveCfg = Debug|Any CPU
		{2E7AE294-A148-40C9-8786-C9675EF13023}.Debug|Any CPU.Build.0 = Debug|Any CPU
		{2E7AE294-A148-40C9-8786-C9675EF13023}.Release|Any CPU.ActiveCfg = Release|Any CPU
		{2E7AE294-A148-40C9-8786-C9675EF13023}.Release|Any CPU.Build.0 = Release|Any CPU
		{D63B030F-8A26-4904-B517-8B139E3A8BA2}.Debug|Any CPU.ActiveCfg = Debug|Any CPU
		{D63B030F-8A26-4904-B517-8B139E3A8BA2}.Debug|Any CPU.Build.0 = Debug|Any CPU
		{D63B030F-8A26-4904-B517-8B139E3A8BA2}.Release|Any CPU.ActiveCfg = Release|Any CPU
		{D63B030F-8A26-4904-B517-8B139E3A8BA2}.Release|Any CPU.Build.0 = Release|Any CPU
		{F71CA2F0-D355-4193-9403-5342A83FC33B}.Debug|Any CPU.ActiveCfg = Debug|Any CPU
		{F71CA2F0-D355-4193-9403-5342A83FC33B}.Debug|Any CPU.Build.0 = Debug|Any CPU
		{F71CA2F0-D355-4193-9403-5342A83FC33B}.Release|Any CPU.ActiveCfg = Release|Any CPU
		{F71CA2F0-D355-4193-9403-5342A83FC33B}.Release|Any CPU.Build.0 = Release|Any CPU
		{741DD47B-A743-4E77-8FF6-C6AD188C8818}.Debug|Any CPU.ActiveCfg = Debug|Any CPU
		{741DD47B-A743-4E77-8FF6-C6AD188C8818}.Debug|Any CPU.Build.0 = Debug|Any CPU
		{741DD47B-A743-4E77-8FF6-C6AD188C8818}.Release|Any CPU.ActiveCfg = Release|Any CPU
		{741DD47B-A743-4E77-8FF6-C6AD188C8818}.Release|Any CPU.Build.0 = Release|Any CPU
		{DF363280-9067-4721-82EE-04EC4A12DCD2}.Debug|Any CPU.ActiveCfg = Debug|Any CPU
		{DF363280-9067-4721-82EE-04EC4A12DCD2}.Debug|Any CPU.Build.0 = Debug|Any CPU
		{DF363280-9067-4721-82EE-04EC4A12DCD2}.Release|Any CPU.ActiveCfg = Release|Any CPU
		{DF363280-9067-4721-82EE-04EC4A12DCD2}.Release|Any CPU.Build.0 = Release|Any CPU
		{C801E271-55D9-4D87-8B7E-B9F936A2931E}.Debug|Any CPU.ActiveCfg = Debug|Any CPU
		{C801E271-55D9-4D87-8B7E-B9F936A2931E}.Debug|Any CPU.Build.0 = Debug|Any CPU
		{C801E271-55D9-4D87-8B7E-B9F936A2931E}.Release|Any CPU.ActiveCfg = Release|Any CPU
		{C801E271-55D9-4D87-8B7E-B9F936A2931E}.Release|Any CPU.Build.0 = Release|Any CPU
		{F4347D0F-129B-4624-A149-B0FD604C7A09}.Debug|Any CPU.ActiveCfg = Debug|Any CPU
		{F4347D0F-129B-4624-A149-B0FD604C7A09}.Debug|Any CPU.Build.0 = Debug|Any CPU
		{F4347D0F-129B-4624-A149-B0FD604C7A09}.Release|Any CPU.ActiveCfg = Release|Any CPU
		{F4347D0F-129B-4624-A149-B0FD604C7A09}.Release|Any CPU.Build.0 = Release|Any CPU
		{609BDF0B-464F-4AD8-A088-1C31E608AC49}.Debug|Any CPU.ActiveCfg = Debug|Any CPU
		{609BDF0B-464F-4AD8-A088-1C31E608AC49}.Debug|Any CPU.Build.0 = Debug|Any CPU
		{609BDF0B-464F-4AD8-A088-1C31E608AC49}.Release|Any CPU.ActiveCfg = Release|Any CPU
		{609BDF0B-464F-4AD8-A088-1C31E608AC49}.Release|Any CPU.Build.0 = Release|Any CPU
		{E087EE51-ADDD-4DCC-8301-BDDC2A3E780A}.Debug|Any CPU.ActiveCfg = Debug|Any CPU
		{E087EE51-ADDD-4DCC-8301-BDDC2A3E780A}.Debug|Any CPU.Build.0 = Debug|Any CPU
		{E087EE51-ADDD-4DCC-8301-BDDC2A3E780A}.Release|Any CPU.ActiveCfg = Release|Any CPU
		{E087EE51-ADDD-4DCC-8301-BDDC2A3E780A}.Release|Any CPU.Build.0 = Release|Any CPU
		{EEF06961-0F5D-4787-BC48-740B2D308F8A}.Debug|Any CPU.ActiveCfg = Debug|Any CPU
		{EEF06961-0F5D-4787-BC48-740B2D308F8A}.Debug|Any CPU.Build.0 = Debug|Any CPU
		{EEF06961-0F5D-4787-BC48-740B2D308F8A}.Release|Any CPU.ActiveCfg = Release|Any CPU
		{EEF06961-0F5D-4787-BC48-740B2D308F8A}.Release|Any CPU.Build.0 = Release|Any CPU
		{BA5D42FA-4496-4F0B-9E8E-9E11AF7623B5}.Debug|Any CPU.ActiveCfg = Debug|Any CPU
		{BA5D42FA-4496-4F0B-9E8E-9E11AF7623B5}.Debug|Any CPU.Build.0 = Debug|Any CPU
		{BA5D42FA-4496-4F0B-9E8E-9E11AF7623B5}.Release|Any CPU.ActiveCfg = Release|Any CPU
		{BA5D42FA-4496-4F0B-9E8E-9E11AF7623B5}.Release|Any CPU.Build.0 = Release|Any CPU
		{F46132FA-7988-41B6-A569-F4BC9566B8F3}.Debug|Any CPU.ActiveCfg = Debug|Any CPU
		{F46132FA-7988-41B6-A569-F4BC9566B8F3}.Debug|Any CPU.Build.0 = Debug|Any CPU
		{F46132FA-7988-41B6-A569-F4BC9566B8F3}.Release|Any CPU.ActiveCfg = Release|Any CPU
		{F46132FA-7988-41B6-A569-F4BC9566B8F3}.Release|Any CPU.Build.0 = Release|Any CPU
		{61C065CA-D990-4521-A10D-829E04E912F9}.Debug|Any CPU.ActiveCfg = Debug|Any CPU
		{61C065CA-D990-4521-A10D-829E04E912F9}.Debug|Any CPU.Build.0 = Debug|Any CPU
		{61C065CA-D990-4521-A10D-829E04E912F9}.Release|Any CPU.ActiveCfg = Release|Any CPU
		{61C065CA-D990-4521-A10D-829E04E912F9}.Release|Any CPU.Build.0 = Release|Any CPU
		{1B10449C-5FA1-4435-B6BA-CC186688B8E8}.Debug|Any CPU.ActiveCfg = Debug|Any CPU
		{1B10449C-5FA1-4435-B6BA-CC186688B8E8}.Debug|Any CPU.Build.0 = Debug|Any CPU
		{1B10449C-5FA1-4435-B6BA-CC186688B8E8}.Release|Any CPU.ActiveCfg = Release|Any CPU
		{1B10449C-5FA1-4435-B6BA-CC186688B8E8}.Release|Any CPU.Build.0 = Release|Any CPU
		{922896AE-82FD-4BF9-8C36-24437F218F05}.Debug|Any CPU.ActiveCfg = Debug|Any CPU
		{922896AE-82FD-4BF9-8C36-24437F218F05}.Debug|Any CPU.Build.0 = Debug|Any CPU
		{922896AE-82FD-4BF9-8C36-24437F218F05}.Release|Any CPU.ActiveCfg = Release|Any CPU
		{922896AE-82FD-4BF9-8C36-24437F218F05}.Release|Any CPU.Build.0 = Release|Any CPU
		{38F0F292-E07B-4F27-8015-12FE4D90C050}.Debug|Any CPU.ActiveCfg = Debug|Any CPU
		{38F0F292-E07B-4F27-8015-12FE4D90C050}.Debug|Any CPU.Build.0 = Debug|Any CPU
		{38F0F292-E07B-4F27-8015-12FE4D90C050}.Release|Any CPU.ActiveCfg = Release|Any CPU
		{38F0F292-E07B-4F27-8015-12FE4D90C050}.Release|Any CPU.Build.0 = Release|Any CPU
		{5DFACA6C-861F-4A6C-B45E-06D0C70C3CE8}.Debug|Any CPU.ActiveCfg = Debug|Any CPU
		{5DFACA6C-861F-4A6C-B45E-06D0C70C3CE8}.Debug|Any CPU.Build.0 = Debug|Any CPU
		{5DFACA6C-861F-4A6C-B45E-06D0C70C3CE8}.Release|Any CPU.ActiveCfg = Release|Any CPU
		{5DFACA6C-861F-4A6C-B45E-06D0C70C3CE8}.Release|Any CPU.Build.0 = Release|Any CPU
		{4799C6F6-AE90-4127-BD29-B1DA76558EC1}.Debug|Any CPU.ActiveCfg = Debug|Any CPU
		{4799C6F6-AE90-4127-BD29-B1DA76558EC1}.Debug|Any CPU.Build.0 = Debug|Any CPU
		{4799C6F6-AE90-4127-BD29-B1DA76558EC1}.Release|Any CPU.ActiveCfg = Release|Any CPU
		{4799C6F6-AE90-4127-BD29-B1DA76558EC1}.Release|Any CPU.Build.0 = Release|Any CPU
		{8F2673F2-0773-4838-B612-F4BA7E256499}.Debug|Any CPU.ActiveCfg = Debug|Any CPU
		{8F2673F2-0773-4838-B612-F4BA7E256499}.Debug|Any CPU.Build.0 = Debug|Any CPU
		{8F2673F2-0773-4838-B612-F4BA7E256499}.Release|Any CPU.ActiveCfg = Release|Any CPU
		{8F2673F2-0773-4838-B612-F4BA7E256499}.Release|Any CPU.Build.0 = Release|Any CPU
		{8B873E34-1BB2-4D0C-AD87-899D49791685}.Debug|Any CPU.ActiveCfg = Debug|Any CPU
		{8B873E34-1BB2-4D0C-AD87-899D49791685}.Debug|Any CPU.Build.0 = Debug|Any CPU
		{8B873E34-1BB2-4D0C-AD87-899D49791685}.Release|Any CPU.ActiveCfg = Release|Any CPU
		{8B873E34-1BB2-4D0C-AD87-899D49791685}.Release|Any CPU.Build.0 = Release|Any CPU
		{BA841439-5E1C-4CEA-B8A4-4750681EA218}.Debug|Any CPU.ActiveCfg = Debug|Any CPU
		{BA841439-5E1C-4CEA-B8A4-4750681EA218}.Debug|Any CPU.Build.0 = Debug|Any CPU
		{BA841439-5E1C-4CEA-B8A4-4750681EA218}.Release|Any CPU.ActiveCfg = Release|Any CPU
		{BA841439-5E1C-4CEA-B8A4-4750681EA218}.Release|Any CPU.Build.0 = Release|Any CPU
		{028898EC-EC5D-402E-895A-8726A0000BAE}.Debug|Any CPU.ActiveCfg = Debug|Any CPU
		{028898EC-EC5D-402E-895A-8726A0000BAE}.Debug|Any CPU.Build.0 = Debug|Any CPU
		{028898EC-EC5D-402E-895A-8726A0000BAE}.Release|Any CPU.ActiveCfg = Release|Any CPU
		{028898EC-EC5D-402E-895A-8726A0000BAE}.Release|Any CPU.Build.0 = Release|Any CPU
		{8BD13119-E411-4ED0-944D-D5D93A2DF8AF}.Debug|Any CPU.ActiveCfg = Debug|Any CPU
		{8BD13119-E411-4ED0-944D-D5D93A2DF8AF}.Debug|Any CPU.Build.0 = Debug|Any CPU
		{8BD13119-E411-4ED0-944D-D5D93A2DF8AF}.Release|Any CPU.ActiveCfg = Release|Any CPU
		{8BD13119-E411-4ED0-944D-D5D93A2DF8AF}.Release|Any CPU.Build.0 = Release|Any CPU
		{178B6159-4C2B-4B4D-A09C-9AC371EF1D46}.Debug|Any CPU.ActiveCfg = Debug|Any CPU
		{178B6159-4C2B-4B4D-A09C-9AC371EF1D46}.Debug|Any CPU.Build.0 = Debug|Any CPU
		{178B6159-4C2B-4B4D-A09C-9AC371EF1D46}.Release|Any CPU.ActiveCfg = Release|Any CPU
		{178B6159-4C2B-4B4D-A09C-9AC371EF1D46}.Release|Any CPU.Build.0 = Release|Any CPU
		{4A3E43DA-2EAD-4598-A6EB-25E7532DF93C}.Debug|Any CPU.ActiveCfg = Debug|Any CPU
		{4A3E43DA-2EAD-4598-A6EB-25E7532DF93C}.Debug|Any CPU.Build.0 = Debug|Any CPU
		{4A3E43DA-2EAD-4598-A6EB-25E7532DF93C}.Release|Any CPU.ActiveCfg = Release|Any CPU
		{4A3E43DA-2EAD-4598-A6EB-25E7532DF93C}.Release|Any CPU.Build.0 = Release|Any CPU
		{B614821F-1252-417E-BE3D-5A656137474C}.Debug|Any CPU.ActiveCfg = Debug|Any CPU
		{B614821F-1252-417E-BE3D-5A656137474C}.Debug|Any CPU.Build.0 = Debug|Any CPU
		{B614821F-1252-417E-BE3D-5A656137474C}.Release|Any CPU.ActiveCfg = Release|Any CPU
		{B614821F-1252-417E-BE3D-5A656137474C}.Release|Any CPU.Build.0 = Release|Any CPU
		{9A93BE1A-E906-4779-A8B3-DD42DFC9DBB3}.Debug|Any CPU.ActiveCfg = Debug|Any CPU
		{9A93BE1A-E906-4779-A8B3-DD42DFC9DBB3}.Debug|Any CPU.Build.0 = Debug|Any CPU
		{9A93BE1A-E906-4779-A8B3-DD42DFC9DBB3}.Release|Any CPU.ActiveCfg = Release|Any CPU
		{9A93BE1A-E906-4779-A8B3-DD42DFC9DBB3}.Release|Any CPU.Build.0 = Release|Any CPU
		{2D8AB843-15EB-4C94-B927-F03668AFA258}.Debug|Any CPU.ActiveCfg = Debug|Any CPU
		{2D8AB843-15EB-4C94-B927-F03668AFA258}.Debug|Any CPU.Build.0 = Debug|Any CPU
		{2D8AB843-15EB-4C94-B927-F03668AFA258}.Release|Any CPU.ActiveCfg = Release|Any CPU
		{2D8AB843-15EB-4C94-B927-F03668AFA258}.Release|Any CPU.Build.0 = Release|Any CPU
		{596868A0-7FD5-45E4-888D-470498EDBABB}.Debug|Any CPU.ActiveCfg = Debug|Any CPU
		{596868A0-7FD5-45E4-888D-470498EDBABB}.Debug|Any CPU.Build.0 = Debug|Any CPU
		{596868A0-7FD5-45E4-888D-470498EDBABB}.Release|Any CPU.ActiveCfg = Release|Any CPU
		{596868A0-7FD5-45E4-888D-470498EDBABB}.Release|Any CPU.Build.0 = Release|Any CPU
		{2B303598-DC1D-416B-97D8-559949F6EE1F}.Debug|Any CPU.ActiveCfg = Debug|Any CPU
		{2B303598-DC1D-416B-97D8-559949F6EE1F}.Debug|Any CPU.Build.0 = Debug|Any CPU
		{2B303598-DC1D-416B-97D8-559949F6EE1F}.Release|Any CPU.ActiveCfg = Release|Any CPU
		{2B303598-DC1D-416B-97D8-559949F6EE1F}.Release|Any CPU.Build.0 = Release|Any CPU
		{D0A7D675-A3C8-4DD0-A76F-05ED594FBCF5}.Debug|Any CPU.ActiveCfg = Debug|Any CPU
		{D0A7D675-A3C8-4DD0-A76F-05ED594FBCF5}.Debug|Any CPU.Build.0 = Debug|Any CPU
		{D0A7D675-A3C8-4DD0-A76F-05ED594FBCF5}.Release|Any CPU.ActiveCfg = Release|Any CPU
		{D0A7D675-A3C8-4DD0-A76F-05ED594FBCF5}.Release|Any CPU.Build.0 = Release|Any CPU
		{CD94051A-AAC0-45F8-A043-69BF75139405}.Debug|Any CPU.ActiveCfg = Debug|Any CPU
		{CD94051A-AAC0-45F8-A043-69BF75139405}.Debug|Any CPU.Build.0 = Debug|Any CPU
		{CD94051A-AAC0-45F8-A043-69BF75139405}.Release|Any CPU.ActiveCfg = Release|Any CPU
		{CD94051A-AAC0-45F8-A043-69BF75139405}.Release|Any CPU.Build.0 = Release|Any CPU
		{853362EB-F018-4E27-AB30-9EF34B5A788C}.Debug|Any CPU.ActiveCfg = Debug|Any CPU
		{853362EB-F018-4E27-AB30-9EF34B5A788C}.Debug|Any CPU.Build.0 = Debug|Any CPU
		{853362EB-F018-4E27-AB30-9EF34B5A788C}.Release|Any CPU.ActiveCfg = Release|Any CPU
		{853362EB-F018-4E27-AB30-9EF34B5A788C}.Release|Any CPU.Build.0 = Release|Any CPU
		{B13350F2-917C-4C4C-9E94-945F78CD27BA}.Debug|Any CPU.ActiveCfg = Debug|Any CPU
		{B13350F2-917C-4C4C-9E94-945F78CD27BA}.Debug|Any CPU.Build.0 = Debug|Any CPU
		{B13350F2-917C-4C4C-9E94-945F78CD27BA}.Release|Any CPU.ActiveCfg = Release|Any CPU
		{B13350F2-917C-4C4C-9E94-945F78CD27BA}.Release|Any CPU.Build.0 = Release|Any CPU
		{59662717-196A-48CA-A0D4-E79A894888A3}.Debug|Any CPU.ActiveCfg = Debug|Any CPU
		{59662717-196A-48CA-A0D4-E79A894888A3}.Debug|Any CPU.Build.0 = Debug|Any CPU
		{59662717-196A-48CA-A0D4-E79A894888A3}.Release|Any CPU.ActiveCfg = Release|Any CPU
		{59662717-196A-48CA-A0D4-E79A894888A3}.Release|Any CPU.Build.0 = Release|Any CPU
		{BEB60F97-49C6-48A9-82B5-E0D67EDD88D4}.Debug|Any CPU.ActiveCfg = Debug|Any CPU
		{BEB60F97-49C6-48A9-82B5-E0D67EDD88D4}.Debug|Any CPU.Build.0 = Debug|Any CPU
		{BEB60F97-49C6-48A9-82B5-E0D67EDD88D4}.Release|Any CPU.ActiveCfg = Release|Any CPU
		{BEB60F97-49C6-48A9-82B5-E0D67EDD88D4}.Release|Any CPU.Build.0 = Release|Any CPU
		{E2B760C6-8D47-4A8A-92B8-9A1F3A25FE60}.Debug|Any CPU.ActiveCfg = Debug|Any CPU
		{E2B760C6-8D47-4A8A-92B8-9A1F3A25FE60}.Debug|Any CPU.Build.0 = Debug|Any CPU
		{E2B760C6-8D47-4A8A-92B8-9A1F3A25FE60}.Release|Any CPU.ActiveCfg = Release|Any CPU
		{E2B760C6-8D47-4A8A-92B8-9A1F3A25FE60}.Release|Any CPU.Build.0 = Release|Any CPU
		{9BB3D8DF-545D-487B-8EC2-151F974AA7A5}.Debug|Any CPU.ActiveCfg = Debug|Any CPU
		{9BB3D8DF-545D-487B-8EC2-151F974AA7A5}.Debug|Any CPU.Build.0 = Debug|Any CPU
		{9BB3D8DF-545D-487B-8EC2-151F974AA7A5}.Release|Any CPU.ActiveCfg = Release|Any CPU
		{9BB3D8DF-545D-487B-8EC2-151F974AA7A5}.Release|Any CPU.Build.0 = Release|Any CPU
		{F8BDDDD3-7A49-41EE-AEDC-9C67B27EF234}.Debug|Any CPU.ActiveCfg = Debug|Any CPU
		{F8BDDDD3-7A49-41EE-AEDC-9C67B27EF234}.Debug|Any CPU.Build.0 = Debug|Any CPU
		{F8BDDDD3-7A49-41EE-AEDC-9C67B27EF234}.Release|Any CPU.ActiveCfg = Release|Any CPU
		{F8BDDDD3-7A49-41EE-AEDC-9C67B27EF234}.Release|Any CPU.Build.0 = Release|Any CPU
		{7D098664-E07F-4D94-91A2-9A3E3B91AB75}.Debug|Any CPU.ActiveCfg = Debug|Any CPU
		{7D098664-E07F-4D94-91A2-9A3E3B91AB75}.Debug|Any CPU.Build.0 = Debug|Any CPU
		{7D098664-E07F-4D94-91A2-9A3E3B91AB75}.Release|Any CPU.ActiveCfg = Release|Any CPU
		{7D098664-E07F-4D94-91A2-9A3E3B91AB75}.Release|Any CPU.Build.0 = Release|Any CPU
		{55F61E33-87D8-4198-9200-823EFC4C1718}.Debug|Any CPU.ActiveCfg = Debug|Any CPU
		{55F61E33-87D8-4198-9200-823EFC4C1718}.Debug|Any CPU.Build.0 = Debug|Any CPU
		{55F61E33-87D8-4198-9200-823EFC4C1718}.Release|Any CPU.ActiveCfg = Release|Any CPU
		{55F61E33-87D8-4198-9200-823EFC4C1718}.Release|Any CPU.Build.0 = Release|Any CPU
		{6E490D74-8807-4581-A0ED-6CD5AC64EE0D}.Debug|Any CPU.ActiveCfg = Debug|Any CPU
		{6E490D74-8807-4581-A0ED-6CD5AC64EE0D}.Debug|Any CPU.Build.0 = Debug|Any CPU
		{6E490D74-8807-4581-A0ED-6CD5AC64EE0D}.Release|Any CPU.ActiveCfg = Release|Any CPU
		{6E490D74-8807-4581-A0ED-6CD5AC64EE0D}.Release|Any CPU.Build.0 = Release|Any CPU
		{BB993CDA-38FA-4316-8F27-44C5CEBA8317}.Debug|Any CPU.ActiveCfg = Debug|Any CPU
		{BB993CDA-38FA-4316-8F27-44C5CEBA8317}.Debug|Any CPU.Build.0 = Debug|Any CPU
		{BB993CDA-38FA-4316-8F27-44C5CEBA8317}.Release|Any CPU.ActiveCfg = Release|Any CPU
		{BB993CDA-38FA-4316-8F27-44C5CEBA8317}.Release|Any CPU.Build.0 = Release|Any CPU
		{1CDEB166-17D0-4E72-8272-4C6ED61A7341}.Debug|Any CPU.ActiveCfg = Debug|Any CPU
		{1CDEB166-17D0-4E72-8272-4C6ED61A7341}.Debug|Any CPU.Build.0 = Debug|Any CPU
		{1CDEB166-17D0-4E72-8272-4C6ED61A7341}.Release|Any CPU.ActiveCfg = Release|Any CPU
		{1CDEB166-17D0-4E72-8272-4C6ED61A7341}.Release|Any CPU.Build.0 = Release|Any CPU
		{770B7FFC-C699-41CB-86A9-DE98EC623003}.Debug|Any CPU.ActiveCfg = Debug|Any CPU
		{770B7FFC-C699-41CB-86A9-DE98EC623003}.Debug|Any CPU.Build.0 = Debug|Any CPU
		{770B7FFC-C699-41CB-86A9-DE98EC623003}.Release|Any CPU.ActiveCfg = Release|Any CPU
		{770B7FFC-C699-41CB-86A9-DE98EC623003}.Release|Any CPU.Build.0 = Release|Any CPU
		{3503EFBE-A8E5-42A0-A39A-0AC1428C2A00}.Debug|Any CPU.ActiveCfg = Debug|Any CPU
		{3503EFBE-A8E5-42A0-A39A-0AC1428C2A00}.Debug|Any CPU.Build.0 = Debug|Any CPU
		{3503EFBE-A8E5-42A0-A39A-0AC1428C2A00}.Release|Any CPU.ActiveCfg = Release|Any CPU
		{3503EFBE-A8E5-42A0-A39A-0AC1428C2A00}.Release|Any CPU.Build.0 = Release|Any CPU
		{C58998D4-0CD2-40AB-A4BD-FB7B4852D5B8}.Debug|Any CPU.ActiveCfg = Debug|Any CPU
		{C58998D4-0CD2-40AB-A4BD-FB7B4852D5B8}.Debug|Any CPU.Build.0 = Debug|Any CPU
		{C58998D4-0CD2-40AB-A4BD-FB7B4852D5B8}.Release|Any CPU.ActiveCfg = Release|Any CPU
		{C58998D4-0CD2-40AB-A4BD-FB7B4852D5B8}.Release|Any CPU.Build.0 = Release|Any CPU
		{76B19B5C-3885-459B-AF0B-0FB8932CA4A2}.Debug|Any CPU.ActiveCfg = Debug|Any CPU
		{76B19B5C-3885-459B-AF0B-0FB8932CA4A2}.Debug|Any CPU.Build.0 = Debug|Any CPU
		{76B19B5C-3885-459B-AF0B-0FB8932CA4A2}.Release|Any CPU.ActiveCfg = Release|Any CPU
		{76B19B5C-3885-459B-AF0B-0FB8932CA4A2}.Release|Any CPU.Build.0 = Release|Any CPU
		{49C7A936-512B-4F3D-896A-23AEE1DFBEDE}.Debug|Any CPU.ActiveCfg = Debug|Any CPU
		{49C7A936-512B-4F3D-896A-23AEE1DFBEDE}.Debug|Any CPU.Build.0 = Debug|Any CPU
		{49C7A936-512B-4F3D-896A-23AEE1DFBEDE}.Release|Any CPU.ActiveCfg = Release|Any CPU
		{49C7A936-512B-4F3D-896A-23AEE1DFBEDE}.Release|Any CPU.Build.0 = Release|Any CPU
		{FFC72250-3FA7-4D61-B970-5369B3A3D6EA}.Debug|Any CPU.ActiveCfg = Debug|Any CPU
		{FFC72250-3FA7-4D61-B970-5369B3A3D6EA}.Debug|Any CPU.Build.0 = Debug|Any CPU
		{FFC72250-3FA7-4D61-B970-5369B3A3D6EA}.Release|Any CPU.ActiveCfg = Release|Any CPU
		{FFC72250-3FA7-4D61-B970-5369B3A3D6EA}.Release|Any CPU.Build.0 = Release|Any CPU
		{1C4F1120-5FBF-4480-885A-119193076208}.Debug|Any CPU.ActiveCfg = Debug|Any CPU
		{1C4F1120-5FBF-4480-885A-119193076208}.Debug|Any CPU.Build.0 = Debug|Any CPU
		{1C4F1120-5FBF-4480-885A-119193076208}.Release|Any CPU.ActiveCfg = Release|Any CPU
		{1C4F1120-5FBF-4480-885A-119193076208}.Release|Any CPU.Build.0 = Release|Any CPU
	EndGlobalSection
	GlobalSection(SolutionProperties) = preSolution
		HideSolutionNode = FALSE
	EndGlobalSection
	GlobalSection(NestedProjects) = preSolution
		{EF3EA4AE-9E78-4DF4-ADBB-512D83396189} = {9E593362-F79E-4B46-909D-6AC8AF5F55C5}
		{E3A6D7BB-8A3B-4683-B256-4F4F3647DA26} = {9E593362-F79E-4B46-909D-6AC8AF5F55C5}
		{5E8D69B9-1AF7-41B2-9D4A-F3CA4183B068} = {9E593362-F79E-4B46-909D-6AC8AF5F55C5}
		{59B2267F-FB3E-4D22-98EB-AF44757F691D} = {9E593362-F79E-4B46-909D-6AC8AF5F55C5}
		{36EC8847-D918-4239-9361-F58ACE288C3F} = {28FCE32D-FC59-453D-BC5D-ED59ABF3E240}
		{2D7A829D-894C-4E8C-BDD6-EBAECE462B36} = {28FCE32D-FC59-453D-BC5D-ED59ABF3E240}
		{8A9E7B49-F653-4AA1-9E4D-0AEAA57DFE46} = {28FCE32D-FC59-453D-BC5D-ED59ABF3E240}
		{BFAA05FB-B805-4707-B79D-F81CC7809BEB} = {28FCE32D-FC59-453D-BC5D-ED59ABF3E240}
		{6BFADC70-D64E-45B7-BDE0-11A53149414D} = {B7027C3F-ECBB-42CB-928F-F982832F9869}
		{256F0220-4B1D-4CED-A80E-9DC91A705ADD} = {B7027C3F-ECBB-42CB-928F-F982832F9869}
		{E113EE00-5673-4EAE-A90F-EB5375E9C1E5} = {B7027C3F-ECBB-42CB-928F-F982832F9869}
		{04EAD2FF-22D2-4DF3-9B6B-D20E2C81847F} = {B7027C3F-ECBB-42CB-928F-F982832F9869}
		{2E9D72F6-7E9B-470A-BC1D-B9F8B24E132D} = {B7027C3F-ECBB-42CB-928F-F982832F9869}
		{2E7AE294-A148-40C9-8786-C9675EF13023} = {EF3EA4AE-9E78-4DF4-ADBB-512D83396189}
		{D63B030F-8A26-4904-B517-8B139E3A8BA2} = {EF3EA4AE-9E78-4DF4-ADBB-512D83396189}
		{F71CA2F0-D355-4193-9403-5342A83FC33B} = {EF3EA4AE-9E78-4DF4-ADBB-512D83396189}
		{741DD47B-A743-4E77-8FF6-C6AD188C8818} = {EF3EA4AE-9E78-4DF4-ADBB-512D83396189}
		{DF363280-9067-4721-82EE-04EC4A12DCD2} = {EF3EA4AE-9E78-4DF4-ADBB-512D83396189}
		{C801E271-55D9-4D87-8B7E-B9F936A2931E} = {EF3EA4AE-9E78-4DF4-ADBB-512D83396189}
		{F4347D0F-129B-4624-A149-B0FD604C7A09} = {EF3EA4AE-9E78-4DF4-ADBB-512D83396189}
		{609BDF0B-464F-4AD8-A088-1C31E608AC49} = {E3A6D7BB-8A3B-4683-B256-4F4F3647DA26}
		{E087EE51-ADDD-4DCC-8301-BDDC2A3E780A} = {E3A6D7BB-8A3B-4683-B256-4F4F3647DA26}
		{EEF06961-0F5D-4787-BC48-740B2D308F8A} = {E3A6D7BB-8A3B-4683-B256-4F4F3647DA26}
		{BA5D42FA-4496-4F0B-9E8E-9E11AF7623B5} = {E3A6D7BB-8A3B-4683-B256-4F4F3647DA26}
		{F46132FA-7988-41B6-A569-F4BC9566B8F3} = {E3A6D7BB-8A3B-4683-B256-4F4F3647DA26}
		{61C065CA-D990-4521-A10D-829E04E912F9} = {E3A6D7BB-8A3B-4683-B256-4F4F3647DA26}
		{1B10449C-5FA1-4435-B6BA-CC186688B8E8} = {E3A6D7BB-8A3B-4683-B256-4F4F3647DA26}
		{922896AE-82FD-4BF9-8C36-24437F218F05} = {E3A6D7BB-8A3B-4683-B256-4F4F3647DA26}
		{38F0F292-E07B-4F27-8015-12FE4D90C050} = {9E593362-F79E-4B46-909D-6AC8AF5F55C5}
		{5DFACA6C-861F-4A6C-B45E-06D0C70C3CE8} = {5E8D69B9-1AF7-41B2-9D4A-F3CA4183B068}
		{4799C6F6-AE90-4127-BD29-B1DA76558EC1} = {5E8D69B9-1AF7-41B2-9D4A-F3CA4183B068}
		{8F2673F2-0773-4838-B612-F4BA7E256499} = {5E8D69B9-1AF7-41B2-9D4A-F3CA4183B068}
		{8B873E34-1BB2-4D0C-AD87-899D49791685} = {5E8D69B9-1AF7-41B2-9D4A-F3CA4183B068}
		{BA841439-5E1C-4CEA-B8A4-4750681EA218} = {5E8D69B9-1AF7-41B2-9D4A-F3CA4183B068}
		{028898EC-EC5D-402E-895A-8726A0000BAE} = {5E8D69B9-1AF7-41B2-9D4A-F3CA4183B068}
		{8BD13119-E411-4ED0-944D-D5D93A2DF8AF} = {59B2267F-FB3E-4D22-98EB-AF44757F691D}
		{178B6159-4C2B-4B4D-A09C-9AC371EF1D46} = {59B2267F-FB3E-4D22-98EB-AF44757F691D}
		{4A3E43DA-2EAD-4598-A6EB-25E7532DF93C} = {59B2267F-FB3E-4D22-98EB-AF44757F691D}
		{B614821F-1252-417E-BE3D-5A656137474C} = {59B2267F-FB3E-4D22-98EB-AF44757F691D}
		{9A93BE1A-E906-4779-A8B3-DD42DFC9DBB3} = {2D7A829D-894C-4E8C-BDD6-EBAECE462B36}
		{2D8AB843-15EB-4C94-B927-F03668AFA258} = {2D7A829D-894C-4E8C-BDD6-EBAECE462B36}
		{596868A0-7FD5-45E4-888D-470498EDBABB} = {8A9E7B49-F653-4AA1-9E4D-0AEAA57DFE46}
		{2B303598-DC1D-416B-97D8-559949F6EE1F} = {8A9E7B49-F653-4AA1-9E4D-0AEAA57DFE46}
		{D0A7D675-A3C8-4DD0-A76F-05ED594FBCF5} = {8A9E7B49-F653-4AA1-9E4D-0AEAA57DFE46}
		{CD94051A-AAC0-45F8-A043-69BF75139405} = {8A9E7B49-F653-4AA1-9E4D-0AEAA57DFE46}
		{853362EB-F018-4E27-AB30-9EF34B5A788C} = {36EC8847-D918-4239-9361-F58ACE288C3F}
		{B13350F2-917C-4C4C-9E94-945F78CD27BA} = {2D7A829D-894C-4E8C-BDD6-EBAECE462B36}
		{59662717-196A-48CA-A0D4-E79A894888A3} = {B7027C3F-ECBB-42CB-928F-F982832F9869}
		{BEB60F97-49C6-48A9-82B5-E0D67EDD88D4} = {B7027C3F-ECBB-42CB-928F-F982832F9869}
		{E2B760C6-8D47-4A8A-92B8-9A1F3A25FE60} = {B7027C3F-ECBB-42CB-928F-F982832F9869}
		{9BB3D8DF-545D-487B-8EC2-151F974AA7A5} = {B7027C3F-ECBB-42CB-928F-F982832F9869}
		{F8BDDDD3-7A49-41EE-AEDC-9C67B27EF234} = {28FCE32D-FC59-453D-BC5D-ED59ABF3E240}
		{7D098664-E07F-4D94-91A2-9A3E3B91AB75} = {59B2267F-FB3E-4D22-98EB-AF44757F691D}
		{55F61E33-87D8-4198-9200-823EFC4C1718} = {28FCE32D-FC59-453D-BC5D-ED59ABF3E240}
		{6E490D74-8807-4581-A0ED-6CD5AC64EE0D} = {BFAA05FB-B805-4707-B79D-F81CC7809BEB}
		{BB993CDA-38FA-4316-8F27-44C5CEBA8317} = {BFAA05FB-B805-4707-B79D-F81CC7809BEB}
		{1CDEB166-17D0-4E72-8272-4C6ED61A7341} = {B7027C3F-ECBB-42CB-928F-F982832F9869}
		{770B7FFC-C699-41CB-86A9-DE98EC623003} = {B7027C3F-ECBB-42CB-928F-F982832F9869}
		{3503EFBE-A8E5-42A0-A39A-0AC1428C2A00} = {B7027C3F-ECBB-42CB-928F-F982832F9869}
		{C58998D4-0CD2-40AB-A4BD-FB7B4852D5B8} = {B7027C3F-ECBB-42CB-928F-F982832F9869}
		{76B19B5C-3885-459B-AF0B-0FB8932CA4A2} = {8A9E7B49-F653-4AA1-9E4D-0AEAA57DFE46}
		{49C7A936-512B-4F3D-896A-23AEE1DFBEDE} = {2D7A829D-894C-4E8C-BDD6-EBAECE462B36}
		{FFC72250-3FA7-4D61-B970-5369B3A3D6EA} = {36EC8847-D918-4239-9361-F58ACE288C3F}
		{1C4F1120-5FBF-4480-885A-119193076208} = {B7027C3F-ECBB-42CB-928F-F982832F9869}
	EndGlobalSection
EndGlobal
