
Microsoft Visual Studio Solution File, Format Version 12.00
# Visual Studio 14
VisualStudioVersion = 14.0.25420.1
MinimumVisualStudioVersion = 10.0.40219.1
Project("{2150E333-8FDC-42A3-9474-1A3956D46DE8}") = "LIFE-Components", "LIFE-Components", "{28FCE32D-FC59-453D-BC5D-ED59ABF3E240}"
EndProject
Project("{8BB2217D-0F2D-49D1-97BC-3654ED321F3B}") = "LIFE-API", "LIFE-API\LIFE-API.xproj", "{C74FD969-3FA1-413A-B43C-912B4BA78639}"
EndProject
Project("{2150E333-8FDC-42A3-9474-1A3956D46DE8}") = "LIFE-Core", "LIFE-Core", "{9E593362-F79E-4B46-909D-6AC8AF5F55C5}"
EndProject
Project("{8BB2217D-0F2D-49D1-97BC-3654ED321F3B}") = "Test", "LIFE-Core\Test\Test.xproj", "{220D763B-5644-40D0-B928-37D83EF570A4}"
EndProject
Project("{8BB2217D-0F2D-49D1-97BC-3654ED321F3B}") = "DalskiAgent", "LIFE-Components\DalskiAgent\DalskiAgent.xproj", "{D1F3F5F6-E13B-4E37-A568-77150872E724}"
EndProject
Project("{8BB2217D-0F2D-49D1-97BC-3654ED321F3B}") = "TimeSeriesLayer", "LIFE-Components\TimeSeriesLayer\TimeSeriesLayer.xproj", "{CD94051A-AAC0-45F8-A043-69BF75139405}"
EndProject
Project("{8BB2217D-0F2D-49D1-97BC-3654ED321F3B}") = "ObstacleLayer", "LIFE-Components\ObstacleLayer\ObstacleLayer.xproj", "{D0A7D675-A3C8-4DD0-A76F-05ED594FBCF5}"
EndProject
Project("{8BB2217D-0F2D-49D1-97BC-3654ED321F3B}") = "GeoGridEnvironment", "LIFE-Components\GeoGridEnvironment\GeoGridEnvironment.xproj", "{2D8AB843-15EB-4C94-B927-F03668AFA258}"
EndProject
Project("{8BB2217D-0F2D-49D1-97BC-3654ED321F3B}") = "EnvironmentServiceComponent", "LIFE-Components\EnvironmentServiceComponent\EnvironmentServiceComponent.xproj", "{9A93BE1A-E906-4779-A8B3-DD42DFC9DBB3}"
EndProject
Project("{8BB2217D-0F2D-49D1-97BC-3654ED321F3B}") = "GridPotentialFieldLayer", "LIFE-Components\GridPotentialFieldLayer\GridPotentialFieldLayer.xproj", "{2B303598-DC1D-416B-97D8-559949F6EE1F}"
EndProject
Project("{8BB2217D-0F2D-49D1-97BC-3654ED321F3B}") = "GeoPotentialFieldLayer", "LIFE-Components\GeoPotentialFieldLayer\GeoPotentialFieldLayer.xproj", "{596868A0-7FD5-45E4-888D-470498EDBABB}"
EndProject
Project("{8BB2217D-0F2D-49D1-97BC-3654ED321F3B}") = "CloudSupport", "LIFE-Components\CloudSupport\CloudSupport.xproj", "{94C79CC6-50DD-44B8-A672-C0A65A160BF9}"
EndProject
Project("{2150E333-8FDC-42A3-9474-1A3956D46DE8}") = "Tests", "Tests", "{B7027C3F-ECBB-42CB-928F-F982832F9869}"
EndProject
Project("{8BB2217D-0F2D-49D1-97BC-3654ED321F3B}") = "DalskiAgentTests", "Tests\DalskiAgentTests\DalskiAgentTests.xproj", "{6BFADC70-D64E-45B7-BDE0-11A53149414D}"
EndProject
Project("{8BB2217D-0F2D-49D1-97BC-3654ED321F3B}") = "GeoGridEnvironmentTests", "Tests\GeoGridEnvironmentTests\GeoGridEnvironmentTests.xproj", "{256F0220-4B1D-4CED-A80E-9DC91A705ADD}"
EndProject
Project("{8BB2217D-0F2D-49D1-97BC-3654ED321F3B}") = "GridPotentialFieldLayerTests", "Tests\GridPotentialFieldLayerTests\GridPotentialFieldLayerTests.xproj", "{E113EE00-5673-4EAE-A90F-EB5375E9C1E5}"
EndProject
Project("{8BB2217D-0F2D-49D1-97BC-3654ED321F3B}") = "GeoPotentialFieldLayerTests", "Tests\GeoPotentialFieldLayerTests\GeoPotentialFieldLayerTests.xproj", "{04EAD2FF-22D2-4DF3-9B6B-D20E2C81847F}"
EndProject
Project("{8BB2217D-0F2D-49D1-97BC-3654ED321F3B}") = "EnvironmentServiceComponentTests", "Tests\EnvironmentServiceComponentTests\EnvironmentServiceComponentTests.xproj", "{2E9D72F6-7E9B-470A-BC1D-B9F8B24E132D}"
EndProject
Global
	GlobalSection(SolutionConfigurationPlatforms) = preSolution
		Debug|Any CPU = Debug|Any CPU
		Release|Any CPU = Release|Any CPU
	EndGlobalSection
	GlobalSection(ProjectConfigurationPlatforms) = postSolution
		{C74FD969-3FA1-413A-B43C-912B4BA78639}.Debug|Any CPU.ActiveCfg = Debug|Any CPU
		{C74FD969-3FA1-413A-B43C-912B4BA78639}.Debug|Any CPU.Build.0 = Debug|Any CPU
		{C74FD969-3FA1-413A-B43C-912B4BA78639}.Release|Any CPU.ActiveCfg = Release|Any CPU
		{C74FD969-3FA1-413A-B43C-912B4BA78639}.Release|Any CPU.Build.0 = Release|Any CPU
		{220D763B-5644-40D0-B928-37D83EF570A4}.Debug|Any CPU.ActiveCfg = Debug|Any CPU
		{220D763B-5644-40D0-B928-37D83EF570A4}.Debug|Any CPU.Build.0 = Debug|Any CPU
		{220D763B-5644-40D0-B928-37D83EF570A4}.Release|Any CPU.ActiveCfg = Release|Any CPU
		{220D763B-5644-40D0-B928-37D83EF570A4}.Release|Any CPU.Build.0 = Release|Any CPU
		{D1F3F5F6-E13B-4E37-A568-77150872E724}.Debug|Any CPU.ActiveCfg = Debug|Any CPU
		{D1F3F5F6-E13B-4E37-A568-77150872E724}.Debug|Any CPU.Build.0 = Debug|Any CPU
		{D1F3F5F6-E13B-4E37-A568-77150872E724}.Release|Any CPU.ActiveCfg = Release|Any CPU
		{D1F3F5F6-E13B-4E37-A568-77150872E724}.Release|Any CPU.Build.0 = Release|Any CPU
		{CD94051A-AAC0-45F8-A043-69BF75139405}.Debug|Any CPU.ActiveCfg = Debug|Any CPU
		{CD94051A-AAC0-45F8-A043-69BF75139405}.Debug|Any CPU.Build.0 = Debug|Any CPU
		{CD94051A-AAC0-45F8-A043-69BF75139405}.Release|Any CPU.ActiveCfg = Release|Any CPU
		{CD94051A-AAC0-45F8-A043-69BF75139405}.Release|Any CPU.Build.0 = Release|Any CPU
		{D0A7D675-A3C8-4DD0-A76F-05ED594FBCF5}.Debug|Any CPU.ActiveCfg = Debug|Any CPU
		{D0A7D675-A3C8-4DD0-A76F-05ED594FBCF5}.Debug|Any CPU.Build.0 = Debug|Any CPU
		{D0A7D675-A3C8-4DD0-A76F-05ED594FBCF5}.Release|Any CPU.ActiveCfg = Release|Any CPU
		{D0A7D675-A3C8-4DD0-A76F-05ED594FBCF5}.Release|Any CPU.Build.0 = Release|Any CPU
		{2D8AB843-15EB-4C94-B927-F03668AFA258}.Debug|Any CPU.ActiveCfg = Debug|Any CPU
		{2D8AB843-15EB-4C94-B927-F03668AFA258}.Debug|Any CPU.Build.0 = Debug|Any CPU
		{2D8AB843-15EB-4C94-B927-F03668AFA258}.Release|Any CPU.ActiveCfg = Release|Any CPU
		{2D8AB843-15EB-4C94-B927-F03668AFA258}.Release|Any CPU.Build.0 = Release|Any CPU
		{9A93BE1A-E906-4779-A8B3-DD42DFC9DBB3}.Debug|Any CPU.ActiveCfg = Debug|Any CPU
		{9A93BE1A-E906-4779-A8B3-DD42DFC9DBB3}.Debug|Any CPU.Build.0 = Debug|Any CPU
		{9A93BE1A-E906-4779-A8B3-DD42DFC9DBB3}.Release|Any CPU.ActiveCfg = Release|Any CPU
		{9A93BE1A-E906-4779-A8B3-DD42DFC9DBB3}.Release|Any CPU.Build.0 = Release|Any CPU
		{2B303598-DC1D-416B-97D8-559949F6EE1F}.Debug|Any CPU.ActiveCfg = Debug|Any CPU
		{2B303598-DC1D-416B-97D8-559949F6EE1F}.Debug|Any CPU.Build.0 = Debug|Any CPU
		{2B303598-DC1D-416B-97D8-559949F6EE1F}.Release|Any CPU.ActiveCfg = Release|Any CPU
		{2B303598-DC1D-416B-97D8-559949F6EE1F}.Release|Any CPU.Build.0 = Release|Any CPU
		{596868A0-7FD5-45E4-888D-470498EDBABB}.Debug|Any CPU.ActiveCfg = Debug|Any CPU
		{596868A0-7FD5-45E4-888D-470498EDBABB}.Debug|Any CPU.Build.0 = Debug|Any CPU
		{596868A0-7FD5-45E4-888D-470498EDBABB}.Release|Any CPU.ActiveCfg = Release|Any CPU
		{596868A0-7FD5-45E4-888D-470498EDBABB}.Release|Any CPU.Build.0 = Release|Any CPU
		{94C79CC6-50DD-44B8-A672-C0A65A160BF9}.Debug|Any CPU.ActiveCfg = Debug|Any CPU
		{94C79CC6-50DD-44B8-A672-C0A65A160BF9}.Debug|Any CPU.Build.0 = Debug|Any CPU
		{94C79CC6-50DD-44B8-A672-C0A65A160BF9}.Release|Any CPU.ActiveCfg = Release|Any CPU
		{94C79CC6-50DD-44B8-A672-C0A65A160BF9}.Release|Any CPU.Build.0 = Release|Any CPU
		{6BFADC70-D64E-45B7-BDE0-11A53149414D}.Debug|Any CPU.ActiveCfg = Debug|Any CPU
		{6BFADC70-D64E-45B7-BDE0-11A53149414D}.Debug|Any CPU.Build.0 = Debug|Any CPU
		{6BFADC70-D64E-45B7-BDE0-11A53149414D}.Release|Any CPU.ActiveCfg = Release|Any CPU
		{6BFADC70-D64E-45B7-BDE0-11A53149414D}.Release|Any CPU.Build.0 = Release|Any CPU
		{256F0220-4B1D-4CED-A80E-9DC91A705ADD}.Debug|Any CPU.ActiveCfg = Debug|Any CPU
		{256F0220-4B1D-4CED-A80E-9DC91A705ADD}.Debug|Any CPU.Build.0 = Debug|Any CPU
		{256F0220-4B1D-4CED-A80E-9DC91A705ADD}.Release|Any CPU.ActiveCfg = Release|Any CPU
		{256F0220-4B1D-4CED-A80E-9DC91A705ADD}.Release|Any CPU.Build.0 = Release|Any CPU
		{E113EE00-5673-4EAE-A90F-EB5375E9C1E5}.Debug|Any CPU.ActiveCfg = Debug|Any CPU
		{E113EE00-5673-4EAE-A90F-EB5375E9C1E5}.Debug|Any CPU.Build.0 = Debug|Any CPU
		{E113EE00-5673-4EAE-A90F-EB5375E9C1E5}.Release|Any CPU.ActiveCfg = Release|Any CPU
		{E113EE00-5673-4EAE-A90F-EB5375E9C1E5}.Release|Any CPU.Build.0 = Release|Any CPU
		{04EAD2FF-22D2-4DF3-9B6B-D20E2C81847F}.Debug|Any CPU.ActiveCfg = Debug|Any CPU
		{04EAD2FF-22D2-4DF3-9B6B-D20E2C81847F}.Debug|Any CPU.Build.0 = Debug|Any CPU
		{04EAD2FF-22D2-4DF3-9B6B-D20E2C81847F}.Release|Any CPU.ActiveCfg = Release|Any CPU
		{04EAD2FF-22D2-4DF3-9B6B-D20E2C81847F}.Release|Any CPU.Build.0 = Release|Any CPU
		{2E9D72F6-7E9B-470A-BC1D-B9F8B24E132D}.Debug|Any CPU.ActiveCfg = Debug|Any CPU
		{2E9D72F6-7E9B-470A-BC1D-B9F8B24E132D}.Debug|Any CPU.Build.0 = Debug|Any CPU
		{2E9D72F6-7E9B-470A-BC1D-B9F8B24E132D}.Release|Any CPU.ActiveCfg = Release|Any CPU
		{2E9D72F6-7E9B-470A-BC1D-B9F8B24E132D}.Release|Any CPU.Build.0 = Release|Any CPU
	EndGlobalSection
	GlobalSection(SolutionProperties) = preSolution
		HideSolutionNode = FALSE
	EndGlobalSection
	GlobalSection(NestedProjects) = preSolution
		{220D763B-5644-40D0-B928-37D83EF570A4} = {9E593362-F79E-4B46-909D-6AC8AF5F55C5}
		{D1F3F5F6-E13B-4E37-A568-77150872E724} = {28FCE32D-FC59-453D-BC5D-ED59ABF3E240}
		{CD94051A-AAC0-45F8-A043-69BF75139405} = {28FCE32D-FC59-453D-BC5D-ED59ABF3E240}
		{D0A7D675-A3C8-4DD0-A76F-05ED594FBCF5} = {28FCE32D-FC59-453D-BC5D-ED59ABF3E240}
		{2D8AB843-15EB-4C94-B927-F03668AFA258} = {28FCE32D-FC59-453D-BC5D-ED59ABF3E240}
		{9A93BE1A-E906-4779-A8B3-DD42DFC9DBB3} = {28FCE32D-FC59-453D-BC5D-ED59ABF3E240}
		{2B303598-DC1D-416B-97D8-559949F6EE1F} = {28FCE32D-FC59-453D-BC5D-ED59ABF3E240}
		{596868A0-7FD5-45E4-888D-470498EDBABB} = {28FCE32D-FC59-453D-BC5D-ED59ABF3E240}
		{94C79CC6-50DD-44B8-A672-C0A65A160BF9} = {28FCE32D-FC59-453D-BC5D-ED59ABF3E240}
		{6BFADC70-D64E-45B7-BDE0-11A53149414D} = {B7027C3F-ECBB-42CB-928F-F982832F9869}
		{256F0220-4B1D-4CED-A80E-9DC91A705ADD} = {B7027C3F-ECBB-42CB-928F-F982832F9869}
		{E113EE00-5673-4EAE-A90F-EB5375E9C1E5} = {B7027C3F-ECBB-42CB-928F-F982832F9869}
		{04EAD2FF-22D2-4DF3-9B6B-D20E2C81847F} = {B7027C3F-ECBB-42CB-928F-F982832F9869}
		{2E9D72F6-7E9B-470A-BC1D-B9F8B24E132D} = {B7027C3F-ECBB-42CB-928F-F982832F9869}
	EndGlobalSection
EndGlobal
