
Microsoft Visual Studio Solution File, Format Version 12.00
# Visual Studio 2012
Project("{2150E333-8FDC-42A3-9474-1A3956D46DE8}") = "PerceptionAndMemory", "PerceptionAndMemory", "{75D78E5E-FE1A-4E12-AE59-1453F5D03ECF}"
EndProject
Project("{2150E333-8FDC-42A3-9474-1A3956D46DE8}") = "MotorAndNavigation", "MotorAndNavigation", "{99D6F5BA-D44D-4E64-94A3-F0A956985F11}"
EndProject
Project("{FAE04EC0-301F-11D3-BF4B-00C04F79EFBC}") = "InternalBlackboard", "InternalBlackboard\InternalBlackboard.csproj", "{EC783BCF-2181-4574-A14C-F7AF3636DAC6}"
EndProject
Project("{FAE04EC0-301F-11D3-BF4B-00C04F79EFBC}") = "WorkingMemory", "WorkingMemory\WorkingMemory.csproj", "{1BA35B09-AABD-4027-9EAE-8150EDE227A6}"
EndProject
Project("{2150E333-8FDC-42A3-9474-1A3956D46DE8}") = "ActionSystem", "ActionSystem", "{AB102055-62BA-4F53-9AE0-A617772FED3A}"
EndProject
Project("{FAE04EC0-301F-11D3-BF4B-00C04F79EFBC}") = "GoapActionSystem", "GoapActionSystem\GoapActionSystem.csproj", "{BC0A6AE3-7D49-48D4-AF9C-B67162D98D20}"
EndProject
Project("{2150E333-8FDC-42A3-9474-1A3956D46DE8}") = "Common", "Common", "{A080B0CC-94C6-44A5-8588-81BFAC02A5C6}"
EndProject
Project("{FAE04EC0-301F-11D3-BF4B-00C04F79EFBC}") = "CommonTypes", "CommonTypes\CommonTypes.csproj", "{4A1D955E-8135-4C44-A8BA-1EDBE54512B7}"
EndProject
Project("{FAE04EC0-301F-11D3-BF4B-00C04F79EFBC}") = "GoapActionSystemFactory", "GoapActionSystemFactory\GoapActionSystemFactory.csproj", "{A36FC1F7-F7C1-4FFC-BA9F-9D864129F8DF}"
EndProject
Project("{FAE04EC0-301F-11D3-BF4B-00C04F79EFBC}") = "GoapGraphConnector", "GoapGraphConnector\GoapGraphConnector.csproj", "{2871F5A0-1375-48CE-998F-B90D3D2D1A95}"
EndProject
Project("{FAE04EC0-301F-11D3-BF4B-00C04F79EFBC}") = "GoapUser", "GoapUser\GoapUser.csproj", "{758D86E3-E508-4F47-901A-8262F17AF2D3}"
EndProject
Project("{2150E333-8FDC-42A3-9474-1A3956D46DE8}") = "GoapActionSystem", "GoapActionSystem", "{5638419A-4A8C-4441-B9AF-B4AA73F4AA45}"
EndProject
Project("{FAE04EC0-301F-11D3-BF4B-00C04F79EFBC}") = "GoapCommon", "GoapCommon\GoapCommon.csproj", "{846C7C43-FC1B-4709-8A43-B2EE8213F63F}"
EndProject
Project("{2150E333-8FDC-42A3-9474-1A3956D46DE8}") = "Tests", "Tests", "{559C8F20-7307-4E7F-87EE-E55C45D483F8}"
EndProject
Project("{FAE04EC0-301F-11D3-BF4B-00C04F79EFBC}") = "GoapActionSystemTests", "GoapActionSystemTests\GoapActionSystemTests.csproj", "{74920310-C851-4F25-9E2A-7CA1982059C3}"
EndProject
Project("{2150E333-8FDC-42A3-9474-1A3956D46DE8}") = ".nuget", ".nuget", "{BF634D57-BFA9-45D9-BFB2-821E15D19F83}"
	ProjectSection(SolutionItems) = preProject
		.nuget\packages.config = .nuget\packages.config
	EndProjectSection
EndProject
Project("{FAE04EC0-301F-11D3-BF4B-00C04F79EFBC}") = "GoapCustomGraphTests", "UnitTestProject1\GoapCustomGraphTests.csproj", "{991B901B-5CC7-4BEC-8288-711759C36FE4}"
EndProject
Project("{FAE04EC0-301F-11D3-BF4B-00C04F79EFBC}") = "GoapModelTest", "GoapModelTest\GoapModelTest.csproj", "{85340006-B073-47E6-9DBF-D0CB391A13AA}"
EndProject
Global
	GlobalSection(SolutionConfigurationPlatforms) = preSolution
		Debug|Any CPU = Debug|Any CPU
		Release|Any CPU = Release|Any CPU
		Release20|Any CPU = Release20|Any CPU
	EndGlobalSection
	GlobalSection(ProjectConfigurationPlatforms) = postSolution
		{EC783BCF-2181-4574-A14C-F7AF3636DAC6}.Debug|Any CPU.ActiveCfg = Debug|Any CPU
		{EC783BCF-2181-4574-A14C-F7AF3636DAC6}.Debug|Any CPU.Build.0 = Debug|Any CPU
		{EC783BCF-2181-4574-A14C-F7AF3636DAC6}.Release|Any CPU.ActiveCfg = Release|Any CPU
		{EC783BCF-2181-4574-A14C-F7AF3636DAC6}.Release|Any CPU.Build.0 = Release|Any CPU
		{EC783BCF-2181-4574-A14C-F7AF3636DAC6}.Release20|Any CPU.ActiveCfg = Release|Any CPU
		{EC783BCF-2181-4574-A14C-F7AF3636DAC6}.Release20|Any CPU.Build.0 = Release|Any CPU
		{1BA35B09-AABD-4027-9EAE-8150EDE227A6}.Debug|Any CPU.ActiveCfg = Debug|Any CPU
		{1BA35B09-AABD-4027-9EAE-8150EDE227A6}.Debug|Any CPU.Build.0 = Debug|Any CPU
		{1BA35B09-AABD-4027-9EAE-8150EDE227A6}.Release|Any CPU.ActiveCfg = Release|Any CPU
		{1BA35B09-AABD-4027-9EAE-8150EDE227A6}.Release|Any CPU.Build.0 = Release|Any CPU
		{1BA35B09-AABD-4027-9EAE-8150EDE227A6}.Release20|Any CPU.ActiveCfg = Release|Any CPU
		{1BA35B09-AABD-4027-9EAE-8150EDE227A6}.Release20|Any CPU.Build.0 = Release|Any CPU
		{BC0A6AE3-7D49-48D4-AF9C-B67162D98D20}.Debug|Any CPU.ActiveCfg = Debug|Any CPU
		{BC0A6AE3-7D49-48D4-AF9C-B67162D98D20}.Debug|Any CPU.Build.0 = Debug|Any CPU
		{BC0A6AE3-7D49-48D4-AF9C-B67162D98D20}.Release|Any CPU.ActiveCfg = Release|Any CPU
		{BC0A6AE3-7D49-48D4-AF9C-B67162D98D20}.Release|Any CPU.Build.0 = Release|Any CPU
		{BC0A6AE3-7D49-48D4-AF9C-B67162D98D20}.Release20|Any CPU.ActiveCfg = Release|Any CPU
		{BC0A6AE3-7D49-48D4-AF9C-B67162D98D20}.Release20|Any CPU.Build.0 = Release|Any CPU
		{4A1D955E-8135-4C44-A8BA-1EDBE54512B7}.Debug|Any CPU.ActiveCfg = Debug|Any CPU
		{4A1D955E-8135-4C44-A8BA-1EDBE54512B7}.Debug|Any CPU.Build.0 = Debug|Any CPU
		{4A1D955E-8135-4C44-A8BA-1EDBE54512B7}.Release|Any CPU.ActiveCfg = Release|Any CPU
		{4A1D955E-8135-4C44-A8BA-1EDBE54512B7}.Release|Any CPU.Build.0 = Release|Any CPU
		{4A1D955E-8135-4C44-A8BA-1EDBE54512B7}.Release20|Any CPU.ActiveCfg = Release|Any CPU
		{4A1D955E-8135-4C44-A8BA-1EDBE54512B7}.Release20|Any CPU.Build.0 = Release|Any CPU
		{A36FC1F7-F7C1-4FFC-BA9F-9D864129F8DF}.Debug|Any CPU.ActiveCfg = Debug|Any CPU
		{A36FC1F7-F7C1-4FFC-BA9F-9D864129F8DF}.Debug|Any CPU.Build.0 = Debug|Any CPU
		{A36FC1F7-F7C1-4FFC-BA9F-9D864129F8DF}.Release|Any CPU.ActiveCfg = Release|Any CPU
		{A36FC1F7-F7C1-4FFC-BA9F-9D864129F8DF}.Release|Any CPU.Build.0 = Release|Any CPU
		{A36FC1F7-F7C1-4FFC-BA9F-9D864129F8DF}.Release20|Any CPU.ActiveCfg = Release|Any CPU
		{A36FC1F7-F7C1-4FFC-BA9F-9D864129F8DF}.Release20|Any CPU.Build.0 = Release|Any CPU
		{2871F5A0-1375-48CE-998F-B90D3D2D1A95}.Debug|Any CPU.ActiveCfg = Debug|Any CPU
		{2871F5A0-1375-48CE-998F-B90D3D2D1A95}.Debug|Any CPU.Build.0 = Debug|Any CPU
		{2871F5A0-1375-48CE-998F-B90D3D2D1A95}.Release|Any CPU.ActiveCfg = Release|Any CPU
		{2871F5A0-1375-48CE-998F-B90D3D2D1A95}.Release|Any CPU.Build.0 = Release|Any CPU
		{2871F5A0-1375-48CE-998F-B90D3D2D1A95}.Release20|Any CPU.ActiveCfg = Release|Any CPU
		{2871F5A0-1375-48CE-998F-B90D3D2D1A95}.Release20|Any CPU.Build.0 = Release|Any CPU
		{758D86E3-E508-4F47-901A-8262F17AF2D3}.Debug|Any CPU.ActiveCfg = Debug|Any CPU
		{758D86E3-E508-4F47-901A-8262F17AF2D3}.Debug|Any CPU.Build.0 = Debug|Any CPU
		{758D86E3-E508-4F47-901A-8262F17AF2D3}.Release|Any CPU.ActiveCfg = Release|Any CPU
		{758D86E3-E508-4F47-901A-8262F17AF2D3}.Release|Any CPU.Build.0 = Release|Any CPU
		{758D86E3-E508-4F47-901A-8262F17AF2D3}.Release20|Any CPU.ActiveCfg = Release|Any CPU
		{758D86E3-E508-4F47-901A-8262F17AF2D3}.Release20|Any CPU.Build.0 = Release|Any CPU
		{846C7C43-FC1B-4709-8A43-B2EE8213F63F}.Debug|Any CPU.ActiveCfg = Debug|Any CPU
		{846C7C43-FC1B-4709-8A43-B2EE8213F63F}.Debug|Any CPU.Build.0 = Debug|Any CPU
		{846C7C43-FC1B-4709-8A43-B2EE8213F63F}.Release|Any CPU.ActiveCfg = Release|Any CPU
		{846C7C43-FC1B-4709-8A43-B2EE8213F63F}.Release|Any CPU.Build.0 = Release|Any CPU
		{846C7C43-FC1B-4709-8A43-B2EE8213F63F}.Release20|Any CPU.ActiveCfg = Release|Any CPU
		{846C7C43-FC1B-4709-8A43-B2EE8213F63F}.Release20|Any CPU.Build.0 = Release|Any CPU
		{74920310-C851-4F25-9E2A-7CA1982059C3}.Debug|Any CPU.ActiveCfg = Debug|Any CPU
		{74920310-C851-4F25-9E2A-7CA1982059C3}.Debug|Any CPU.Build.0 = Debug|Any CPU
		{74920310-C851-4F25-9E2A-7CA1982059C3}.Release|Any CPU.ActiveCfg = Release|Any CPU
		{74920310-C851-4F25-9E2A-7CA1982059C3}.Release|Any CPU.Build.0 = Release|Any CPU
		{74920310-C851-4F25-9E2A-7CA1982059C3}.Release20|Any CPU.ActiveCfg = Release|Any CPU
		{74920310-C851-4F25-9E2A-7CA1982059C3}.Release20|Any CPU.Build.0 = Release|Any CPU
		{991B901B-5CC7-4BEC-8288-711759C36FE4}.Debug|Any CPU.ActiveCfg = Debug|Any CPU
		{991B901B-5CC7-4BEC-8288-711759C36FE4}.Debug|Any CPU.Build.0 = Debug|Any CPU
		{991B901B-5CC7-4BEC-8288-711759C36FE4}.Release|Any CPU.ActiveCfg = Release|Any CPU
		{991B901B-5CC7-4BEC-8288-711759C36FE4}.Release|Any CPU.Build.0 = Release|Any CPU
		{991B901B-5CC7-4BEC-8288-711759C36FE4}.Release20|Any CPU.ActiveCfg = Release|Any CPU
		{991B901B-5CC7-4BEC-8288-711759C36FE4}.Release20|Any CPU.Build.0 = Release|Any CPU
		{85340006-B073-47E6-9DBF-D0CB391A13AA}.Debug|Any CPU.ActiveCfg = Debug|Any CPU
		{85340006-B073-47E6-9DBF-D0CB391A13AA}.Debug|Any CPU.Build.0 = Debug|Any CPU
		{85340006-B073-47E6-9DBF-D0CB391A13AA}.Release|Any CPU.ActiveCfg = Release|Any CPU
		{85340006-B073-47E6-9DBF-D0CB391A13AA}.Release|Any CPU.Build.0 = Release|Any CPU
		{85340006-B073-47E6-9DBF-D0CB391A13AA}.Release20|Any CPU.ActiveCfg = Release|Any CPU
		{85340006-B073-47E6-9DBF-D0CB391A13AA}.Release20|Any CPU.Build.0 = Release|Any CPU
	EndGlobalSection
	GlobalSection(SolutionProperties) = preSolution
		HideSolutionNode = FALSE
	EndGlobalSection
	GlobalSection(NestedProjects) = preSolution
		{EC783BCF-2181-4574-A14C-F7AF3636DAC6} = {75D78E5E-FE1A-4E12-AE59-1453F5D03ECF}
		{1BA35B09-AABD-4027-9EAE-8150EDE227A6} = {75D78E5E-FE1A-4E12-AE59-1453F5D03ECF}
		{5638419A-4A8C-4441-B9AF-B4AA73F4AA45} = {AB102055-62BA-4F53-9AE0-A617772FED3A}
		{758D86E3-E508-4F47-901A-8262F17AF2D3} = {AB102055-62BA-4F53-9AE0-A617772FED3A}
		{85340006-B073-47E6-9DBF-D0CB391A13AA} = {AB102055-62BA-4F53-9AE0-A617772FED3A}
		{A36FC1F7-F7C1-4FFC-BA9F-9D864129F8DF} = {5638419A-4A8C-4441-B9AF-B4AA73F4AA45}
		{2871F5A0-1375-48CE-998F-B90D3D2D1A95} = {5638419A-4A8C-4441-B9AF-B4AA73F4AA45}
		{BC0A6AE3-7D49-48D4-AF9C-B67162D98D20} = {5638419A-4A8C-4441-B9AF-B4AA73F4AA45}
		{846C7C43-FC1B-4709-8A43-B2EE8213F63F} = {5638419A-4A8C-4441-B9AF-B4AA73F4AA45}
		{4A1D955E-8135-4C44-A8BA-1EDBE54512B7} = {A080B0CC-94C6-44A5-8588-81BFAC02A5C6}
		{74920310-C851-4F25-9E2A-7CA1982059C3} = {559C8F20-7307-4E7F-87EE-E55C45D483F8}
		{991B901B-5CC7-4BEC-8288-711759C36FE4} = {559C8F20-7307-4E7F-87EE-E55C45D483F8}
	EndGlobalSection
EndGlobal
