
Microsoft Visual Studio Solution File, Format Version 12.00
# Visual Studio 14
VisualStudioVersion = 14.0.25420.1
MinimumVisualStudioVersion = 10.0.40219.1
Project("{8BB2217D-0F2D-49D1-97BC-3654ED321F3B}") = "MARSLocalStarter", "MARSLocalStarter\MARSLocalStarter.xproj", "{38F0F292-E07B-4F27-8015-12FE4D90C050}"
EndProject
Project("{8BB2217D-0F2D-49D1-97BC-3654ED321F3B}") = "SimulationManagerFacade", "SimulationManager\SimulationManagerFacade\SimulationManagerFacade.xproj", "{BA841439-5E1C-4CEA-B8A4-4750681EA218}"
EndProject
Project("{8BB2217D-0F2D-49D1-97BC-3654ED321F3B}") = "SimulationManagerShared", "SimulationManager\SimulationManagerShared\SimulationManagerShared.xproj", "{028898EC-EC5D-402E-895A-8726A0000BAE}"
EndProject
Project("{8BB2217D-0F2D-49D1-97BC-3654ED321F3B}") = "RuntimeEnvironment", "SimulationManager\RuntimeEnvironment\RuntimeEnvironment.xproj", "{8F2673F2-0773-4838-B612-F4BA7E256499}"
EndProject
Project("{8BB2217D-0F2D-49D1-97BC-3654ED321F3B}") = "SimulationManager", "SimulationManager\SimulationManager\SimulationManager.xproj", "{8B873E34-1BB2-4D0C-AD87-899D49791685}"
EndProject
Project("{8BB2217D-0F2D-49D1-97BC-3654ED321F3B}") = "ModelContainer", "SimulationManager\ModelContainer\ModelContainer.xproj", "{4799C6F6-AE90-4127-BD29-B1DA76558EC1}"
EndProject
Project("{8BB2217D-0F2D-49D1-97BC-3654ED321F3B}") = "LayerNameService", "SimulationManager\LayerNameService\LayerNameService.xproj", "{5DFACA6C-861F-4A6C-B45E-06D0C70C3CE8}"
EndProject
Project("{8BB2217D-0F2D-49D1-97BC-3654ED321F3B}") = "LifeAPI", "LIFE API\LifeAPI\LifeAPI.xproj", "{38445DEE-6E7B-441B-BA05-2B22F0D5BE15}"
EndProject
Project("{8BB2217D-0F2D-49D1-97BC-3654ED321F3B}") = "CommonTypes", "Common\CommonTypes\CommonTypes.xproj", "{2E7AE294-A148-40C9-8786-C9675EF13023}"
EndProject
Project("{8BB2217D-0F2D-49D1-97BC-3654ED321F3B}") = "ConfigurationAdapter", "Common\ConfigurationAdapter\ConfigurationAdapter.xproj", "{D63B030F-8A26-4904-B517-8B139E3A8BA2}"
EndProject
Project("{8BB2217D-0F2D-49D1-97BC-3654ED321F3B}") = "LCConnector", "Common\LCConnector\LCConnector.xproj", "{741DD47B-A743-4E77-8FF6-C6AD188C8818}"
EndProject
Project("{8BB2217D-0F2D-49D1-97BC-3654ED321F3B}") = "LNSConnector", "Common\LNSConnector\LNSConnector.xproj", "{DF363280-9067-4721-82EE-04EC4A12DCD2}"
EndProject
Project("{8BB2217D-0F2D-49D1-97BC-3654ED321F3B}") = "NodeRegistry", "Common\NodeRegistry\NodeRegistry.xproj", "{C801E271-55D9-4D87-8B7E-B9F936A2931E}"
EndProject
Project("{8BB2217D-0F2D-49D1-97BC-3654ED321F3B}") = "SMConnector", "Common\SMConnector\SMConnector.xproj", "{F4347D0F-129B-4624-A149-B0FD604C7A09}"
EndProject
Project("{8BB2217D-0F2D-49D1-97BC-3654ED321F3B}") = "LayerContainer", "LayerContainer\LayerContainer\LayerContainer.xproj", "{609BDF0B-464F-4AD8-A088-1C31E608AC49}"
EndProject
Project("{8BB2217D-0F2D-49D1-97BC-3654ED321F3B}") = "LayerContainerFacade", "LayerContainer\LayerContainerFacade\LayerContainerFacade.xproj", "{E087EE51-ADDD-4DCC-8301-BDDC2A3E780A}"
EndProject
Project("{8BB2217D-0F2D-49D1-97BC-3654ED321F3B}") = "LayerContainerShared", "LayerContainer\LayerContainerShared\LayerContainerShared.xproj", "{EEF06961-0F5D-4787-BC48-740B2D308F8A}"
EndProject
Project("{8BB2217D-0F2D-49D1-97BC-3654ED321F3B}") = "LayerFactory", "LayerContainer\LayerFactory\LayerFactory.xproj", "{BA5D42FA-4496-4F0B-9E8E-9E11AF7623B5}"
EndProject
Project("{8BB2217D-0F2D-49D1-97BC-3654ED321F3B}") = "LayerRegistry", "LayerContainer\LayerRegistry\LayerRegistry.xproj", "{F46132FA-7988-41B6-A569-F4BC9566B8F3}"
EndProject
Project("{8BB2217D-0F2D-49D1-97BC-3654ED321F3B}") = "PartitionManager", "LayerContainer\PartitionManager\PartitionManager.xproj", "{61C065CA-D990-4521-A10D-829E04E912F9}"
EndProject
Project("{8BB2217D-0F2D-49D1-97BC-3654ED321F3B}") = "ResultAdapter", "LayerContainer\ResultAdapter\ResultAdapter.xproj", "{1B10449C-5FA1-4435-B6BA-CC186688B8E8}"
EndProject
Project("{8BB2217D-0F2D-49D1-97BC-3654ED321F3B}") = "RTEManager", "LayerContainer\RTEManager\RTEManager.xproj", "{922896AE-82FD-4BF9-8C36-24437F218F05}"
EndProject
Project("{8BB2217D-0F2D-49D1-97BC-3654ED321F3B}") = "AgentManagerService", "LIFE Services\AgentManagerService\AgentManagerService.xproj", "{D75DBFAD-D932-474D-B73A-0F352627F52E}"
EndProject
Project("{8BB2217D-0F2D-49D1-97BC-3654ED321F3B}") = "AgentShadowingService", "LIFE Services\AgentShadowingService\AgentShadowingService.xproj", "{1009C2EE-1749-47D5-8623-75715B742AA5}"
EndProject
Project("{8BB2217D-0F2D-49D1-97BC-3654ED321F3B}") = "ASC", "T-Components\ASC\ASC.xproj", "{8BD13119-E411-4ED0-944D-D5D93A2DF8AF}"
EndProject
Project("{8BB2217D-0F2D-49D1-97BC-3654ED321F3B}") = "CustomUtilities", "T-Components\CustomUtilities\CustomUtilities.xproj", "{178B6159-4C2B-4B4D-A09C-9AC371EF1D46}"
EndProject
Project("{8BB2217D-0F2D-49D1-97BC-3654ED321F3B}") = "MulticastAdapter", "T-Components\MulticastAdapter\MulticastAdapter.xproj", "{4A3E43DA-2EAD-4598-A6EB-25E7532DF93C}"
EndProject
Project("{8BB2217D-0F2D-49D1-97BC-3654ED321F3B}") = "RabbitMQClient", "T-Components\RabbitMQClient\RabbitMQClient.xproj", "{22079022-087E-41C5-B38F-69E4E00C5BE4}"
EndProject
Project("{8BB2217D-0F2D-49D1-97BC-3654ED321F3B}") = "Scs", "T-Components\Scs\Scs.xproj", "{B614821F-1252-417E-BE3D-5A656137474C}"
EndProject
Project("{2150E333-8FDC-42A3-9474-1A3956D46DE8}") = "Solution Items", "Solution Items", "{4DE9B8DB-02E3-4103-A311-261CDF907A0A}"
	ProjectSection(SolutionItems) = preProject
		global.json = global.json
	EndProjectSection
EndProject
Project("{8BB2217D-0F2D-49D1-97BC-3654ED321F3B}") = "LayerLoader", "Common\LayerLoader\LayerLoader.xproj", "{F71CA2F0-D355-4193-9403-5342A83FC33B}"
EndProject
Project("{8BB2217D-0F2D-49D1-97BC-3654ED321F3B}") = "NodeRegistryTest", "Tests\NodeRegistryTest\NodeRegistryTest.xproj", "{72079093-4DD9-46CA-BD58-AA402304ECE0}"
EndProject
Project("{8BB2217D-0F2D-49D1-97BC-3654ED321F3B}") = "MulticastAdapterTest", "Tests\MulticastAdapterTest\MulticastAdapterTest.xproj", "{6F891697-AD1A-4116-9191-21B0598B24A2}"
EndProject
Global
	GlobalSection(SolutionConfigurationPlatforms) = preSolution
		Debug|Any CPU = Debug|Any CPU
		Release|Any CPU = Release|Any CPU
	EndGlobalSection
	GlobalSection(ProjectConfigurationPlatforms) = postSolution
		{38F0F292-E07B-4F27-8015-12FE4D90C050}.Debug|Any CPU.ActiveCfg = Debug|Any CPU
		{38F0F292-E07B-4F27-8015-12FE4D90C050}.Debug|Any CPU.Build.0 = Debug|Any CPU
		{38F0F292-E07B-4F27-8015-12FE4D90C050}.Release|Any CPU.ActiveCfg = Release|Any CPU
		{38F0F292-E07B-4F27-8015-12FE4D90C050}.Release|Any CPU.Build.0 = Release|Any CPU
		{BA841439-5E1C-4CEA-B8A4-4750681EA218}.Debug|Any CPU.ActiveCfg = Debug|Any CPU
		{BA841439-5E1C-4CEA-B8A4-4750681EA218}.Debug|Any CPU.Build.0 = Debug|Any CPU
		{BA841439-5E1C-4CEA-B8A4-4750681EA218}.Release|Any CPU.ActiveCfg = Release|Any CPU
		{BA841439-5E1C-4CEA-B8A4-4750681EA218}.Release|Any CPU.Build.0 = Release|Any CPU
		{028898EC-EC5D-402E-895A-8726A0000BAE}.Debug|Any CPU.ActiveCfg = Debug|Any CPU
		{028898EC-EC5D-402E-895A-8726A0000BAE}.Debug|Any CPU.Build.0 = Debug|Any CPU
		{028898EC-EC5D-402E-895A-8726A0000BAE}.Release|Any CPU.ActiveCfg = Release|Any CPU
		{028898EC-EC5D-402E-895A-8726A0000BAE}.Release|Any CPU.Build.0 = Release|Any CPU
		{8F2673F2-0773-4838-B612-F4BA7E256499}.Debug|Any CPU.ActiveCfg = Debug|Any CPU
		{8F2673F2-0773-4838-B612-F4BA7E256499}.Debug|Any CPU.Build.0 = Debug|Any CPU
		{8F2673F2-0773-4838-B612-F4BA7E256499}.Release|Any CPU.ActiveCfg = Release|Any CPU
		{8F2673F2-0773-4838-B612-F4BA7E256499}.Release|Any CPU.Build.0 = Release|Any CPU
		{8B873E34-1BB2-4D0C-AD87-899D49791685}.Debug|Any CPU.ActiveCfg = Debug|Any CPU
		{8B873E34-1BB2-4D0C-AD87-899D49791685}.Debug|Any CPU.Build.0 = Debug|Any CPU
		{8B873E34-1BB2-4D0C-AD87-899D49791685}.Release|Any CPU.ActiveCfg = Release|Any CPU
		{8B873E34-1BB2-4D0C-AD87-899D49791685}.Release|Any CPU.Build.0 = Release|Any CPU
		{4799C6F6-AE90-4127-BD29-B1DA76558EC1}.Debug|Any CPU.ActiveCfg = Debug|Any CPU
		{4799C6F6-AE90-4127-BD29-B1DA76558EC1}.Debug|Any CPU.Build.0 = Debug|Any CPU
		{4799C6F6-AE90-4127-BD29-B1DA76558EC1}.Release|Any CPU.ActiveCfg = Release|Any CPU
		{4799C6F6-AE90-4127-BD29-B1DA76558EC1}.Release|Any CPU.Build.0 = Release|Any CPU
		{5DFACA6C-861F-4A6C-B45E-06D0C70C3CE8}.Debug|Any CPU.ActiveCfg = Debug|Any CPU
		{5DFACA6C-861F-4A6C-B45E-06D0C70C3CE8}.Debug|Any CPU.Build.0 = Debug|Any CPU
		{5DFACA6C-861F-4A6C-B45E-06D0C70C3CE8}.Release|Any CPU.ActiveCfg = Release|Any CPU
		{5DFACA6C-861F-4A6C-B45E-06D0C70C3CE8}.Release|Any CPU.Build.0 = Release|Any CPU
		{38445DEE-6E7B-441B-BA05-2B22F0D5BE15}.Debug|Any CPU.ActiveCfg = Debug|Any CPU
		{38445DEE-6E7B-441B-BA05-2B22F0D5BE15}.Debug|Any CPU.Build.0 = Debug|Any CPU
		{38445DEE-6E7B-441B-BA05-2B22F0D5BE15}.Release|Any CPU.ActiveCfg = Release|Any CPU
		{38445DEE-6E7B-441B-BA05-2B22F0D5BE15}.Release|Any CPU.Build.0 = Release|Any CPU
		{2E7AE294-A148-40C9-8786-C9675EF13023}.Debug|Any CPU.ActiveCfg = Debug|Any CPU
		{2E7AE294-A148-40C9-8786-C9675EF13023}.Debug|Any CPU.Build.0 = Debug|Any CPU
		{2E7AE294-A148-40C9-8786-C9675EF13023}.Release|Any CPU.ActiveCfg = Release|Any CPU
		{2E7AE294-A148-40C9-8786-C9675EF13023}.Release|Any CPU.Build.0 = Release|Any CPU
		{D63B030F-8A26-4904-B517-8B139E3A8BA2}.Debug|Any CPU.ActiveCfg = Debug|Any CPU
		{D63B030F-8A26-4904-B517-8B139E3A8BA2}.Debug|Any CPU.Build.0 = Debug|Any CPU
		{D63B030F-8A26-4904-B517-8B139E3A8BA2}.Release|Any CPU.ActiveCfg = Release|Any CPU
		{D63B030F-8A26-4904-B517-8B139E3A8BA2}.Release|Any CPU.Build.0 = Release|Any CPU
		{741DD47B-A743-4E77-8FF6-C6AD188C8818}.Debug|Any CPU.ActiveCfg = Debug|Any CPU
		{741DD47B-A743-4E77-8FF6-C6AD188C8818}.Debug|Any CPU.Build.0 = Debug|Any CPU
		{741DD47B-A743-4E77-8FF6-C6AD188C8818}.Release|Any CPU.ActiveCfg = Release|Any CPU
		{741DD47B-A743-4E77-8FF6-C6AD188C8818}.Release|Any CPU.Build.0 = Release|Any CPU
		{DF363280-9067-4721-82EE-04EC4A12DCD2}.Debug|Any CPU.ActiveCfg = Debug|Any CPU
		{DF363280-9067-4721-82EE-04EC4A12DCD2}.Debug|Any CPU.Build.0 = Debug|Any CPU
		{DF363280-9067-4721-82EE-04EC4A12DCD2}.Release|Any CPU.ActiveCfg = Release|Any CPU
		{DF363280-9067-4721-82EE-04EC4A12DCD2}.Release|Any CPU.Build.0 = Release|Any CPU
		{C801E271-55D9-4D87-8B7E-B9F936A2931E}.Debug|Any CPU.ActiveCfg = Debug|Any CPU
		{C801E271-55D9-4D87-8B7E-B9F936A2931E}.Debug|Any CPU.Build.0 = Debug|Any CPU
		{C801E271-55D9-4D87-8B7E-B9F936A2931E}.Release|Any CPU.ActiveCfg = Release|Any CPU
		{C801E271-55D9-4D87-8B7E-B9F936A2931E}.Release|Any CPU.Build.0 = Release|Any CPU
		{F4347D0F-129B-4624-A149-B0FD604C7A09}.Debug|Any CPU.ActiveCfg = Debug|Any CPU
		{F4347D0F-129B-4624-A149-B0FD604C7A09}.Debug|Any CPU.Build.0 = Debug|Any CPU
		{F4347D0F-129B-4624-A149-B0FD604C7A09}.Release|Any CPU.ActiveCfg = Release|Any CPU
		{F4347D0F-129B-4624-A149-B0FD604C7A09}.Release|Any CPU.Build.0 = Release|Any CPU
		{609BDF0B-464F-4AD8-A088-1C31E608AC49}.Debug|Any CPU.ActiveCfg = Debug|Any CPU
		{609BDF0B-464F-4AD8-A088-1C31E608AC49}.Debug|Any CPU.Build.0 = Debug|Any CPU
		{609BDF0B-464F-4AD8-A088-1C31E608AC49}.Release|Any CPU.ActiveCfg = Release|Any CPU
		{609BDF0B-464F-4AD8-A088-1C31E608AC49}.Release|Any CPU.Build.0 = Release|Any CPU
		{E087EE51-ADDD-4DCC-8301-BDDC2A3E780A}.Debug|Any CPU.ActiveCfg = Debug|Any CPU
		{E087EE51-ADDD-4DCC-8301-BDDC2A3E780A}.Debug|Any CPU.Build.0 = Debug|Any CPU
		{E087EE51-ADDD-4DCC-8301-BDDC2A3E780A}.Release|Any CPU.ActiveCfg = Release|Any CPU
		{E087EE51-ADDD-4DCC-8301-BDDC2A3E780A}.Release|Any CPU.Build.0 = Release|Any CPU
		{EEF06961-0F5D-4787-BC48-740B2D308F8A}.Debug|Any CPU.ActiveCfg = Debug|Any CPU
		{EEF06961-0F5D-4787-BC48-740B2D308F8A}.Debug|Any CPU.Build.0 = Debug|Any CPU
		{EEF06961-0F5D-4787-BC48-740B2D308F8A}.Release|Any CPU.ActiveCfg = Release|Any CPU
		{EEF06961-0F5D-4787-BC48-740B2D308F8A}.Release|Any CPU.Build.0 = Release|Any CPU
		{BA5D42FA-4496-4F0B-9E8E-9E11AF7623B5}.Debug|Any CPU.ActiveCfg = Debug|Any CPU
		{BA5D42FA-4496-4F0B-9E8E-9E11AF7623B5}.Debug|Any CPU.Build.0 = Debug|Any CPU
		{BA5D42FA-4496-4F0B-9E8E-9E11AF7623B5}.Release|Any CPU.ActiveCfg = Release|Any CPU
		{BA5D42FA-4496-4F0B-9E8E-9E11AF7623B5}.Release|Any CPU.Build.0 = Release|Any CPU
		{F46132FA-7988-41B6-A569-F4BC9566B8F3}.Debug|Any CPU.ActiveCfg = Debug|Any CPU
		{F46132FA-7988-41B6-A569-F4BC9566B8F3}.Debug|Any CPU.Build.0 = Debug|Any CPU
		{F46132FA-7988-41B6-A569-F4BC9566B8F3}.Release|Any CPU.ActiveCfg = Release|Any CPU
		{F46132FA-7988-41B6-A569-F4BC9566B8F3}.Release|Any CPU.Build.0 = Release|Any CPU
		{61C065CA-D990-4521-A10D-829E04E912F9}.Debug|Any CPU.ActiveCfg = Debug|Any CPU
		{61C065CA-D990-4521-A10D-829E04E912F9}.Debug|Any CPU.Build.0 = Debug|Any CPU
		{61C065CA-D990-4521-A10D-829E04E912F9}.Release|Any CPU.ActiveCfg = Release|Any CPU
		{61C065CA-D990-4521-A10D-829E04E912F9}.Release|Any CPU.Build.0 = Release|Any CPU
		{1B10449C-5FA1-4435-B6BA-CC186688B8E8}.Debug|Any CPU.ActiveCfg = Debug|Any CPU
		{1B10449C-5FA1-4435-B6BA-CC186688B8E8}.Debug|Any CPU.Build.0 = Debug|Any CPU
		{1B10449C-5FA1-4435-B6BA-CC186688B8E8}.Release|Any CPU.ActiveCfg = Release|Any CPU
		{1B10449C-5FA1-4435-B6BA-CC186688B8E8}.Release|Any CPU.Build.0 = Release|Any CPU
		{922896AE-82FD-4BF9-8C36-24437F218F05}.Debug|Any CPU.ActiveCfg = Debug|Any CPU
		{922896AE-82FD-4BF9-8C36-24437F218F05}.Debug|Any CPU.Build.0 = Debug|Any CPU
		{922896AE-82FD-4BF9-8C36-24437F218F05}.Release|Any CPU.ActiveCfg = Release|Any CPU
		{922896AE-82FD-4BF9-8C36-24437F218F05}.Release|Any CPU.Build.0 = Release|Any CPU
		{D75DBFAD-D932-474D-B73A-0F352627F52E}.Debug|Any CPU.ActiveCfg = Debug|Any CPU
		{D75DBFAD-D932-474D-B73A-0F352627F52E}.Debug|Any CPU.Build.0 = Debug|Any CPU
		{D75DBFAD-D932-474D-B73A-0F352627F52E}.Release|Any CPU.ActiveCfg = Release|Any CPU
		{D75DBFAD-D932-474D-B73A-0F352627F52E}.Release|Any CPU.Build.0 = Release|Any CPU
		{1009C2EE-1749-47D5-8623-75715B742AA5}.Debug|Any CPU.ActiveCfg = Debug|Any CPU
		{1009C2EE-1749-47D5-8623-75715B742AA5}.Debug|Any CPU.Build.0 = Debug|Any CPU
		{1009C2EE-1749-47D5-8623-75715B742AA5}.Release|Any CPU.ActiveCfg = Release|Any CPU
		{1009C2EE-1749-47D5-8623-75715B742AA5}.Release|Any CPU.Build.0 = Release|Any CPU
		{8BD13119-E411-4ED0-944D-D5D93A2DF8AF}.Debug|Any CPU.ActiveCfg = Debug|Any CPU
		{8BD13119-E411-4ED0-944D-D5D93A2DF8AF}.Debug|Any CPU.Build.0 = Debug|Any CPU
		{8BD13119-E411-4ED0-944D-D5D93A2DF8AF}.Release|Any CPU.ActiveCfg = Release|Any CPU
		{8BD13119-E411-4ED0-944D-D5D93A2DF8AF}.Release|Any CPU.Build.0 = Release|Any CPU
		{178B6159-4C2B-4B4D-A09C-9AC371EF1D46}.Debug|Any CPU.ActiveCfg = Debug|Any CPU
		{178B6159-4C2B-4B4D-A09C-9AC371EF1D46}.Debug|Any CPU.Build.0 = Debug|Any CPU
		{178B6159-4C2B-4B4D-A09C-9AC371EF1D46}.Release|Any CPU.ActiveCfg = Release|Any CPU
		{178B6159-4C2B-4B4D-A09C-9AC371EF1D46}.Release|Any CPU.Build.0 = Release|Any CPU
		{4A3E43DA-2EAD-4598-A6EB-25E7532DF93C}.Debug|Any CPU.ActiveCfg = Debug|Any CPU
		{4A3E43DA-2EAD-4598-A6EB-25E7532DF93C}.Debug|Any CPU.Build.0 = Debug|Any CPU
		{4A3E43DA-2EAD-4598-A6EB-25E7532DF93C}.Release|Any CPU.ActiveCfg = Release|Any CPU
		{4A3E43DA-2EAD-4598-A6EB-25E7532DF93C}.Release|Any CPU.Build.0 = Release|Any CPU
		{22079022-087E-41C5-B38F-69E4E00C5BE4}.Debug|Any CPU.ActiveCfg = Debug|Any CPU
		{22079022-087E-41C5-B38F-69E4E00C5BE4}.Debug|Any CPU.Build.0 = Debug|Any CPU
		{22079022-087E-41C5-B38F-69E4E00C5BE4}.Release|Any CPU.ActiveCfg = Release|Any CPU
		{22079022-087E-41C5-B38F-69E4E00C5BE4}.Release|Any CPU.Build.0 = Release|Any CPU
		{B614821F-1252-417E-BE3D-5A656137474C}.Debug|Any CPU.ActiveCfg = Debug|Any CPU
		{B614821F-1252-417E-BE3D-5A656137474C}.Debug|Any CPU.Build.0 = Debug|Any CPU
		{B614821F-1252-417E-BE3D-5A656137474C}.Release|Any CPU.ActiveCfg = Release|Any CPU
		{B614821F-1252-417E-BE3D-5A656137474C}.Release|Any CPU.Build.0 = Release|Any CPU
		{F71CA2F0-D355-4193-9403-5342A83FC33B}.Debug|Any CPU.ActiveCfg = Debug|Any CPU
		{F71CA2F0-D355-4193-9403-5342A83FC33B}.Debug|Any CPU.Build.0 = Debug|Any CPU
		{F71CA2F0-D355-4193-9403-5342A83FC33B}.Release|Any CPU.ActiveCfg = Release|Any CPU
		{F71CA2F0-D355-4193-9403-5342A83FC33B}.Release|Any CPU.Build.0 = Release|Any CPU
		{72079093-4DD9-46CA-BD58-AA402304ECE0}.Debug|Any CPU.ActiveCfg = Debug|Any CPU
		{72079093-4DD9-46CA-BD58-AA402304ECE0}.Debug|Any CPU.Build.0 = Debug|Any CPU
		{72079093-4DD9-46CA-BD58-AA402304ECE0}.Release|Any CPU.ActiveCfg = Release|Any CPU
		{72079093-4DD9-46CA-BD58-AA402304ECE0}.Release|Any CPU.Build.0 = Release|Any CPU
		{6F891697-AD1A-4116-9191-21B0598B24A2}.Debug|Any CPU.ActiveCfg = Debug|Any CPU
		{6F891697-AD1A-4116-9191-21B0598B24A2}.Debug|Any CPU.Build.0 = Debug|Any CPU
		{6F891697-AD1A-4116-9191-21B0598B24A2}.Release|Any CPU.ActiveCfg = Release|Any CPU
		{6F891697-AD1A-4116-9191-21B0598B24A2}.Release|Any CPU.Build.0 = Release|Any CPU
	EndGlobalSection
	GlobalSection(SolutionProperties) = preSolution
		HideSolutionNode = FALSE
	EndGlobalSection
EndGlobal
