
Microsoft Visual Studio Solution File, Format Version 12.00
# Visual Studio 2013
VisualStudioVersion = 12.0.31101.0
MinimumVisualStudioVersion = 10.0.40219.1
Project("{2150E333-8FDC-42A3-9474-1A3956D46DE8}") = "Simulation Manager", "Simulation Manager", "{060A5DF3-4C49-402B-9B3F-142A9ECD30B1}"
EndProject
Project("{FAE04EC0-301F-11D3-BF4B-00C04F79EFBC}") = "RuntimeEnvironment", "SimulationManager\RuntimeEnvironment\RuntimeEnvironment.csproj", "{CD379E3D-8606-4136-978A-2E1E7DD933A1}"
EndProject
Project("{FAE04EC0-301F-11D3-BF4B-00C04F79EFBC}") = "SimulationManager", "SimulationManager\SimulationManager\SimulationManager.csproj", "{949C3B68-5AAA-4DAB-A7B8-B29F51C5B934}"
EndProject
Project("{FAE04EC0-301F-11D3-BF4B-00C04F79EFBC}") = "ModelContainer", "SimulationManager\ModelContainer\ModelContainer.csproj", "{D83FD1A0-6698-404E-9515-7754C28063BC}"
EndProject
Project("{FAE04EC0-301F-11D3-BF4B-00C04F79EFBC}") = "SimulationManagerFacade", "SimulationManager\SimulationManagerFacade\SimulationManagerFacade.csproj", "{58149FF0-0801-46F8-A9C6-571B6030DC1E}"
EndProject
Project("{FAE04EC0-301F-11D3-BF4B-00C04F79EFBC}") = "SimulationManagerShared", "SimulationManager\SimulationManagerShared\SimulationManagerShared.csproj", "{859AB95D-478C-473C-80BC-193F61FDBC99}"
EndProject
Project("{FAE04EC0-301F-11D3-BF4B-00C04F79EFBC}") = "VisualizationManager", "SimulationManager\VisualizationManager\VisualizationManager.csproj", "{18494945-EDD8-403B-81B3-3B11D0B43D99}"
EndProject
Project("{2150E333-8FDC-42A3-9474-1A3956D46DE8}") = "Common", "Common", "{B43F18BD-D65F-4604-AC98-1A61DC77CDFE}"
EndProject
Project("{FAE04EC0-301F-11D3-BF4B-00C04F79EFBC}") = "CommonTypes", "Common\CommonTypes\CommonTypes.csproj", "{DF8053EF-4673-4812-99BF-11AB6E669A11}"
EndProject
Project("{FAE04EC0-301F-11D3-BF4B-00C04F79EFBC}") = "SMConnector", "Common\SMConnector\SMConnector.csproj", "{277C3CC1-699D-417B-9D2C-A88B8CAF6957}"
EndProject
Project("{FAE04EC0-301F-11D3-BF4B-00C04F79EFBC}") = "LCConnector", "Common\LCConnector\LCConnector.csproj", "{76BFFBA7-7BF3-439E-83D4-A340B1227461}"
EndProject
Project("{FAE04EC0-301F-11D3-BF4B-00C04F79EFBC}") = "DistributedKeyValueStore", "Common\DistributedKeyValueStore\DistributedKeyValueStore.csproj", "{AD32517C-230C-435B-953D-BD96732927B8}"
EndProject
Project("{FAE04EC0-301F-11D3-BF4B-00C04F79EFBC}") = "ConfigurationAdapter", "Common\ConfigurationAdapter\ConfigurationAdapter.csproj", "{46CD516A-50B3-4DD1-A0DF-65E0BE141E21}"
EndProject
Project("{FAE04EC0-301F-11D3-BF4B-00C04F79EFBC}") = "NodeRegistry", "Common\NodeRegistry\NodeRegistry.csproj", "{C07BBB5F-A159-41AD-933D-6B1F10913ED7}"
EndProject
Project("{FAE04EC0-301F-11D3-BF4B-00C04F79EFBC}") = "LoggerFactory", "Common\LoggerFactory\LoggerFactory.csproj", "{F87E5894-0AB9-4DDC-8B96-D9ABBAD243AC}"
EndProject
Project("{2150E333-8FDC-42A3-9474-1A3956D46DE8}") = "LayerContainer", "LayerContainer", "{4FB29566-3D30-44FD-8EE7-2CED4E2FC81F}"
EndProject
Project("{FAE04EC0-301F-11D3-BF4B-00C04F79EFBC}") = "LayerRegistry", "LayerContainer\LayerRegistry\LayerRegistry.csproj", "{ED325614-0B70-4C46-8282-C4DA02A974AC}"
EndProject
Project("{FAE04EC0-301F-11D3-BF4B-00C04F79EFBC}") = "LayerContainer", "LayerContainer\LayerContainer\LayerContainer.csproj", "{4CF9DA33-BA24-4C09-86EF-035C7C4054AE}"
EndProject
Project("{FAE04EC0-301F-11D3-BF4B-00C04F79EFBC}") = "RTEManager", "LayerContainer\RTEManager\RTEManager.csproj", "{F2AC5988-E7F0-4A1F-8371-907945C1D351}"
EndProject
Project("{FAE04EC0-301F-11D3-BF4B-00C04F79EFBC}") = "PartitionManager", "LayerContainer\PartitionManager\PartitionManager.csproj", "{F27FA428-D097-482D-A947-063317FE8A60}"
EndProject
Project("{FAE04EC0-301F-11D3-BF4B-00C04F79EFBC}") = "LayerContainerFacade", "LayerContainer\LayerContainerFacade\LayerContainerFacade.csproj", "{6EF23027-A874-4533-9F39-2C4B165D8BB9}"
EndProject
Project("{FAE04EC0-301F-11D3-BF4B-00C04F79EFBC}") = "LayerFactory", "LayerContainer\LayerFactory\LayerFactory.csproj", "{A88C77DB-0DAC-46D5-8136-C27B3D72717F}"
EndProject
Project("{FAE04EC0-301F-11D3-BF4B-00C04F79EFBC}") = "LayerContainerShared", "LayerContainer\LayerContainerShared\LayerContainerShared.csproj", "{9BA27555-C7DC-49A8-925C-B56D9C7DE2F4}"
EndProject
Project("{FAE04EC0-301F-11D3-BF4B-00C04F79EFBC}") = "VisualizationAdapter", "LayerContainer\VisualizationAdapter\VisualizationAdapter.csproj", "{F6626674-3A9A-460B-A98B-A66B561FD811}"
EndProject
Project("{2150E333-8FDC-42A3-9474-1A3956D46DE8}") = "Examples", "Examples", "{FA351A96-F90D-4959-BC5E-257EC7984DDC}"
EndProject
Project("{FAE04EC0-301F-11D3-BF4B-00C04F79EFBC}") = "ExampleLayer", "Examples\ExampleLayer\ExampleLayer.csproj", "{6C7F5166-6D0F-4CD9-B95B-14EBB11F7033}"
EndProject
Project("{2150E333-8FDC-42A3-9474-1A3956D46DE8}") = "ElephantModel", "ElephantModel", "{C6C1CF6E-CDD1-4A5D-B75E-2C92D6C3B2CF}"
EndProject
Project("{FAE04EC0-301F-11D3-BF4B-00C04F79EFBC}") = "ElephantLayer", "Examples\ElephantModel\ElephantLayer\ElephantLayer.csproj", "{0518B814-9FAF-4542-B896-ABF6F8E18F5C}"
EndProject
Project("{FAE04EC0-301F-11D3-BF4B-00C04F79EFBC}") = "PlantLayer", "Examples\ElephantModel\PlantLayer\PlantLayer.csproj", "{F85AAD4F-3639-44CA-8CC0-08017069E4AF}"
EndProject
Project("{FAE04EC0-301F-11D3-BF4B-00C04F79EFBC}") = "ResultLayer", "Examples\ElephantModel\ResultLayer\ResultLayer.csproj", "{D5C61FC0-FC5F-466A-B7B9-562687D0499A}"
EndProject
Project("{FAE04EC0-301F-11D3-BF4B-00C04F79EFBC}") = "WaterLayer", "Examples\ElephantModel\WaterLayer\WaterLayer.csproj", "{4769A944-8F49-4D13-9979-A0D6B317E28D}"
EndProject
Project("{FAE04EC0-301F-11D3-BF4B-00C04F79EFBC}") = "BugReproductionModel", "Examples\BugReproductionModel\BugReproductionModel.csproj", "{08137AD1-9B69-4EE9-93E9-0DDC5F818E15}"
EndProject
Project("{2150E333-8FDC-42A3-9474-1A3956D46DE8}") = "T-Components", "T-Components", "{F18E0ED6-19F6-4353-9AF1-218DFD840AC1}"
EndProject
Project("{FAE04EC0-301F-11D3-BF4B-00C04F79EFBC}") = "MulticastAdapter", "T-Components\MulticastAdapter\MulticastAdapter.csproj", "{20A316C2-8779-474D-98FB-A13DAC9043AB}"
EndProject
Project("{FAE04EC0-301F-11D3-BF4B-00C04F79EFBC}") = "Scs", "T-Components\Scs\Scs.csproj", "{0DC81B09-3ABF-4BB3-8C08-4E8EE4432BDC}"
EndProject
Project("{FAE04EC0-301F-11D3-BF4B-00C04F79EFBC}") = "Daylight", "T-Components\Daylight\Daylight.csproj", "{07C0CD14-D301-44B4-8B1A-7FD5D68F03CB}"
EndProject
Project("{FAE04EC0-301F-11D3-BF4B-00C04F79EFBC}") = "CSharpQuadTree", "T-Components\CSharpQuadTree\CSharpQuadTree.csproj", "{C91776D6-D84C-4183-BD68-D6FA663E3C1C}"
EndProject
Project("{2150E333-8FDC-42A3-9474-1A3956D46DE8}") = ".nuget", ".nuget", "{65D6EE68-9FEB-468B-BABC-9DFEC3B64D89}"
	ProjectSection(SolutionItems) = preProject
		.nuget\NuGet.Config = .nuget\NuGet.Config
		.nuget\NuGet.exe = .nuget\NuGet.exe
		.nuget\NuGet.targets = .nuget\NuGet.targets
	EndProjectSection
EndProject
Project("{2150E333-8FDC-42A3-9474-1A3956D46DE8}") = "Tests", "Tests", "{2894E98B-0CAF-47F4-A7E0-1AF9FA565906}"
EndProject
Project("{FAE04EC0-301F-11D3-BF4B-00C04F79EFBC}") = "LayerContainerComponentTests", "Tests\LayerContainerComponentTests\LayerContainerComponentTests.csproj", "{528AB6AF-7217-4603-BC96-4893D9FD9C65}"
EndProject
Project("{FAE04EC0-301F-11D3-BF4B-00C04F79EFBC}") = "SimulationManagerTest", "Tests\SimulationManagerTest\SimulationManagerTest.csproj", "{13B79EC1-DE9C-4CD1-9255-5458505677DF}"
EndProject
Project("{FAE04EC0-301F-11D3-BF4B-00C04F79EFBC}") = "MulticastAdapterTest", "Tests\MulticastAdapterTest\MulticastAdapterTest.csproj", "{4DD7E6C6-D979-4F7A-AFF0-833BEB67F789}"
EndProject
Project("{FAE04EC0-301F-11D3-BF4B-00C04F79EFBC}") = "NodeRegistryTest", "Tests\NodeRegistryTest\NodeRegistryTest.csproj", "{FB5D370B-62B6-4F5E-8188-881125DC6B50}"
EndProject
Project("{2150E333-8FDC-42A3-9474-1A3956D46DE8}") = "SimulationController", "SimulationController", "{62F1C796-A9FD-471E-80F3-5396CFE3BC5F}"
EndProject
Project("{FAE04EC0-301F-11D3-BF4B-00C04F79EFBC}") = "SimulationController", "SimulationController\SimulationController\SimulationController.csproj", "{D012B06F-95E7-4973-9847-34AE2BDF4B44}"
EndProject
Project("{2150E333-8FDC-42A3-9474-1A3956D46DE8}") = "R-Components", "R-Components", "{E873F75D-2C07-4688-8635-075D60A32574}"
EndProject
Project("{FAE04EC0-301F-11D3-BF4B-00C04F79EFBC}") = "NodeDiscoveryManager", "R-Components\NodeDiscoveryManager\NodeDiscoveryManager.csproj", "{00CBC4B4-49A5-4C51-901E-883B364F724F}"
EndProject
Project("{FAE04EC0-301F-11D3-BF4B-00C04F79EFBC}") = "Terradue.OpenNebula", "R-Components\Terradue.OpenNebula\Terradue.OpenNebula.csproj", "{E488F0B0-3464-4D03-8E2E-8DA1936E3699}"
EndProject
Project("{2150E333-8FDC-42A3-9474-1A3956D46DE8}") = "LIFE Services", "LIFE Services", "{5BF046F2-CC5D-47DD-AAC9-AD021E984031}"
EndProject
Project("{FAE04EC0-301F-11D3-BF4B-00C04F79EFBC}") = "TwoDimEnvironment", "LIFE Services\TwoDimEnvironment\TwoDimEnvironment.csproj", "{D7383AA1-FB90-4632-BB47-9388778C6D46}"
EndProject
Project("{FAE04EC0-301F-11D3-BF4B-00C04F79EFBC}") = "TypeSafeBlackboard", "LIFE Services\TypeSafeBlackboard\TypeSafeBlackboard.csproj", "{D1FEB7B4-55CD-47D7-8828-5EE7B4C2DB95}"
EndProject
Project("{FAE04EC0-301F-11D3-BF4B-00C04F79EFBC}") = "ContextServiceClient", "LIFE Services\ContextServiceClient\ContextServiceClient.csproj", "{0597696F-EAB7-43FC-9F5A-3E3DE9C4CBBB}"
EndProject
Project("{2150E333-8FDC-42A3-9474-1A3956D46DE8}") = "Agents", "Agents", "{1791AB7F-736F-4121-B5CF-1DC175834009}"
EndProject
Project("{FAE04EC0-301F-11D3-BF4B-00C04F79EFBC}") = "GenericAgentArchitectureCommon", "LIFE Services\Agents\GenericAgentArchitectureCommon\GenericAgentArchitectureCommon.csproj", "{FDADF460-19A7-443A-AEA6-EF24580DAF86}"
EndProject
Project("{FAE04EC0-301F-11D3-BF4B-00C04F79EFBC}") = "GenericAgentArchitecture", "LIFE Services\Agents\GenericAgentArchitecture\GenericAgentArchitecture.csproj", "{E8E32F5E-7E31-41F3-9D49-9CB6DFBAFC85}"
EndProject
Project("{FAE04EC0-301F-11D3-BF4B-00C04F79EFBC}") = "ESCPrototype", "LIFE Services\ECSTestLayer\ESCPrototype.csproj", "{A758654E-AEA9-45F5-8CA3-E09519379F53}"
EndProject
Project("{FAE04EC0-301F-11D3-BF4B-00C04F79EFBC}") = "LIFEGisLayerService", "LIFE Services\LIFEGisLayerService\LIFEGisLayerService.csproj", "{6CB066D7-A187-4EDA-A059-44C6121FAC56}"
EndProject
Project("{2150E333-8FDC-42A3-9474-1A3956D46DE8}") = "LIFE API", "LIFE API", "{21C88CD1-A41C-4908-B309-A33A2F23683B}"
EndProject
Project("{FAE04EC0-301F-11D3-BF4B-00C04F79EFBC}") = "LayerAPI", "LIFE API\LayerAPI\LayerAPI.csproj", "{2CAF4351-EB6F-4A54-B8F2-CB1588B00A81}"
EndProject
Project("{2150E333-8FDC-42A3-9474-1A3956D46DE8}") = "OpenNebulaAdapter", "OpenNebulaAdapter", "{B488B2F7-D268-41D3-B31D-CC0DF03F9F34}"
EndProject
Project("{FAE04EC0-301F-11D3-BF4B-00C04F79EFBC}") = "OpenNebulaAdapter", "OpenNebulaAdapter\OpenNebulaAdapter\OpenNebulaAdapter.csproj", "{B7C20AF5-5107-4E4E-B196-890EC2DA6030}"
EndProject
Project("{FAE04EC0-301F-11D3-BF4B-00C04F79EFBC}") = "MARSLocalStarter", "MARSLocalStarter\MARSLocalStarter.csproj", "{9F7FBE17-2E7D-4F79-947E-3DA2F0A41296}"
EndProject
Global
	GlobalSection(SolutionConfigurationPlatforms) = preSolution
		Debug|Any CPU = Debug|Any CPU
		Debug|Mixed Platforms = Debug|Mixed Platforms
		Debug|x86 = Debug|x86
		Release|Any CPU = Release|Any CPU
		Release|Mixed Platforms = Release|Mixed Platforms
		Release|x86 = Release|x86
	EndGlobalSection
	GlobalSection(ProjectConfigurationPlatforms) = postSolution
		{CD379E3D-8606-4136-978A-2E1E7DD933A1}.Debug|Any CPU.ActiveCfg = Debug|Any CPU
		{CD379E3D-8606-4136-978A-2E1E7DD933A1}.Debug|Any CPU.Build.0 = Debug|Any CPU
		{CD379E3D-8606-4136-978A-2E1E7DD933A1}.Debug|Mixed Platforms.ActiveCfg = Debug|Any CPU
		{CD379E3D-8606-4136-978A-2E1E7DD933A1}.Debug|Mixed Platforms.Build.0 = Debug|Any CPU
		{CD379E3D-8606-4136-978A-2E1E7DD933A1}.Debug|x86.ActiveCfg = Debug|Any CPU
		{CD379E3D-8606-4136-978A-2E1E7DD933A1}.Release|Any CPU.ActiveCfg = Release|Any CPU
		{CD379E3D-8606-4136-978A-2E1E7DD933A1}.Release|Any CPU.Build.0 = Release|Any CPU
		{CD379E3D-8606-4136-978A-2E1E7DD933A1}.Release|Mixed Platforms.ActiveCfg = Release|Any CPU
		{CD379E3D-8606-4136-978A-2E1E7DD933A1}.Release|Mixed Platforms.Build.0 = Release|Any CPU
		{CD379E3D-8606-4136-978A-2E1E7DD933A1}.Release|x86.ActiveCfg = Release|Any CPU
		{949C3B68-5AAA-4DAB-A7B8-B29F51C5B934}.Debug|Any CPU.ActiveCfg = Debug|Any CPU
		{949C3B68-5AAA-4DAB-A7B8-B29F51C5B934}.Debug|Any CPU.Build.0 = Debug|Any CPU
		{949C3B68-5AAA-4DAB-A7B8-B29F51C5B934}.Debug|Mixed Platforms.ActiveCfg = Debug|Any CPU
		{949C3B68-5AAA-4DAB-A7B8-B29F51C5B934}.Debug|Mixed Platforms.Build.0 = Debug|Any CPU
		{949C3B68-5AAA-4DAB-A7B8-B29F51C5B934}.Debug|x86.ActiveCfg = Debug|Any CPU
		{949C3B68-5AAA-4DAB-A7B8-B29F51C5B934}.Release|Any CPU.ActiveCfg = Release|Any CPU
		{949C3B68-5AAA-4DAB-A7B8-B29F51C5B934}.Release|Any CPU.Build.0 = Release|Any CPU
		{949C3B68-5AAA-4DAB-A7B8-B29F51C5B934}.Release|Mixed Platforms.ActiveCfg = Release|Any CPU
		{949C3B68-5AAA-4DAB-A7B8-B29F51C5B934}.Release|Mixed Platforms.Build.0 = Release|Any CPU
		{949C3B68-5AAA-4DAB-A7B8-B29F51C5B934}.Release|x86.ActiveCfg = Release|Any CPU
		{D83FD1A0-6698-404E-9515-7754C28063BC}.Debug|Any CPU.ActiveCfg = Debug|Any CPU
		{D83FD1A0-6698-404E-9515-7754C28063BC}.Debug|Any CPU.Build.0 = Debug|Any CPU
		{D83FD1A0-6698-404E-9515-7754C28063BC}.Debug|Mixed Platforms.ActiveCfg = Debug|Any CPU
		{D83FD1A0-6698-404E-9515-7754C28063BC}.Debug|Mixed Platforms.Build.0 = Debug|Any CPU
		{D83FD1A0-6698-404E-9515-7754C28063BC}.Debug|x86.ActiveCfg = Debug|Any CPU
		{D83FD1A0-6698-404E-9515-7754C28063BC}.Release|Any CPU.ActiveCfg = Release|Any CPU
		{D83FD1A0-6698-404E-9515-7754C28063BC}.Release|Any CPU.Build.0 = Release|Any CPU
		{D83FD1A0-6698-404E-9515-7754C28063BC}.Release|Mixed Platforms.ActiveCfg = Release|Any CPU
		{D83FD1A0-6698-404E-9515-7754C28063BC}.Release|Mixed Platforms.Build.0 = Release|Any CPU
		{D83FD1A0-6698-404E-9515-7754C28063BC}.Release|x86.ActiveCfg = Release|Any CPU
		{58149FF0-0801-46F8-A9C6-571B6030DC1E}.Debug|Any CPU.ActiveCfg = Debug|Any CPU
		{58149FF0-0801-46F8-A9C6-571B6030DC1E}.Debug|Any CPU.Build.0 = Debug|Any CPU
		{58149FF0-0801-46F8-A9C6-571B6030DC1E}.Debug|Mixed Platforms.ActiveCfg = Debug|Any CPU
		{58149FF0-0801-46F8-A9C6-571B6030DC1E}.Debug|Mixed Platforms.Build.0 = Debug|Any CPU
		{58149FF0-0801-46F8-A9C6-571B6030DC1E}.Debug|x86.ActiveCfg = Debug|Any CPU
		{58149FF0-0801-46F8-A9C6-571B6030DC1E}.Release|Any CPU.ActiveCfg = Release|Any CPU
		{58149FF0-0801-46F8-A9C6-571B6030DC1E}.Release|Any CPU.Build.0 = Release|Any CPU
		{58149FF0-0801-46F8-A9C6-571B6030DC1E}.Release|Mixed Platforms.ActiveCfg = Release|Any CPU
		{58149FF0-0801-46F8-A9C6-571B6030DC1E}.Release|Mixed Platforms.Build.0 = Release|Any CPU
		{58149FF0-0801-46F8-A9C6-571B6030DC1E}.Release|x86.ActiveCfg = Release|Any CPU
		{859AB95D-478C-473C-80BC-193F61FDBC99}.Debug|Any CPU.ActiveCfg = Debug|Any CPU
		{859AB95D-478C-473C-80BC-193F61FDBC99}.Debug|Any CPU.Build.0 = Debug|Any CPU
		{859AB95D-478C-473C-80BC-193F61FDBC99}.Debug|Mixed Platforms.ActiveCfg = Debug|Any CPU
		{859AB95D-478C-473C-80BC-193F61FDBC99}.Debug|Mixed Platforms.Build.0 = Debug|Any CPU
		{859AB95D-478C-473C-80BC-193F61FDBC99}.Debug|x86.ActiveCfg = Debug|Any CPU
		{859AB95D-478C-473C-80BC-193F61FDBC99}.Release|Any CPU.ActiveCfg = Release|Any CPU
		{859AB95D-478C-473C-80BC-193F61FDBC99}.Release|Any CPU.Build.0 = Release|Any CPU
		{859AB95D-478C-473C-80BC-193F61FDBC99}.Release|Mixed Platforms.ActiveCfg = Release|Any CPU
		{859AB95D-478C-473C-80BC-193F61FDBC99}.Release|Mixed Platforms.Build.0 = Release|Any CPU
		{859AB95D-478C-473C-80BC-193F61FDBC99}.Release|x86.ActiveCfg = Release|Any CPU
		{18494945-EDD8-403B-81B3-3B11D0B43D99}.Debug|Any CPU.ActiveCfg = Debug|Any CPU
		{18494945-EDD8-403B-81B3-3B11D0B43D99}.Debug|Any CPU.Build.0 = Debug|Any CPU
		{18494945-EDD8-403B-81B3-3B11D0B43D99}.Debug|Mixed Platforms.ActiveCfg = Debug|Any CPU
		{18494945-EDD8-403B-81B3-3B11D0B43D99}.Debug|Mixed Platforms.Build.0 = Debug|Any CPU
		{18494945-EDD8-403B-81B3-3B11D0B43D99}.Debug|x86.ActiveCfg = Debug|Any CPU
		{18494945-EDD8-403B-81B3-3B11D0B43D99}.Release|Any CPU.ActiveCfg = Release|Any CPU
		{18494945-EDD8-403B-81B3-3B11D0B43D99}.Release|Any CPU.Build.0 = Release|Any CPU
		{18494945-EDD8-403B-81B3-3B11D0B43D99}.Release|Mixed Platforms.ActiveCfg = Release|Any CPU
		{18494945-EDD8-403B-81B3-3B11D0B43D99}.Release|Mixed Platforms.Build.0 = Release|Any CPU
		{18494945-EDD8-403B-81B3-3B11D0B43D99}.Release|x86.ActiveCfg = Release|Any CPU
		{DF8053EF-4673-4812-99BF-11AB6E669A11}.Debug|Any CPU.ActiveCfg = Debug|Any CPU
		{DF8053EF-4673-4812-99BF-11AB6E669A11}.Debug|Any CPU.Build.0 = Debug|Any CPU
		{DF8053EF-4673-4812-99BF-11AB6E669A11}.Debug|Mixed Platforms.ActiveCfg = Debug|Any CPU
		{DF8053EF-4673-4812-99BF-11AB6E669A11}.Debug|Mixed Platforms.Build.0 = Debug|Any CPU
		{DF8053EF-4673-4812-99BF-11AB6E669A11}.Debug|x86.ActiveCfg = Debug|Any CPU
		{DF8053EF-4673-4812-99BF-11AB6E669A11}.Release|Any CPU.ActiveCfg = Release|Any CPU
		{DF8053EF-4673-4812-99BF-11AB6E669A11}.Release|Any CPU.Build.0 = Release|Any CPU
		{DF8053EF-4673-4812-99BF-11AB6E669A11}.Release|Mixed Platforms.ActiveCfg = Release|Any CPU
		{DF8053EF-4673-4812-99BF-11AB6E669A11}.Release|Mixed Platforms.Build.0 = Release|Any CPU
		{DF8053EF-4673-4812-99BF-11AB6E669A11}.Release|x86.ActiveCfg = Release|Any CPU
		{277C3CC1-699D-417B-9D2C-A88B8CAF6957}.Debug|Any CPU.ActiveCfg = Debug|Any CPU
		{277C3CC1-699D-417B-9D2C-A88B8CAF6957}.Debug|Any CPU.Build.0 = Debug|Any CPU
		{277C3CC1-699D-417B-9D2C-A88B8CAF6957}.Debug|Mixed Platforms.ActiveCfg = Debug|Any CPU
		{277C3CC1-699D-417B-9D2C-A88B8CAF6957}.Debug|Mixed Platforms.Build.0 = Debug|Any CPU
		{277C3CC1-699D-417B-9D2C-A88B8CAF6957}.Debug|x86.ActiveCfg = Debug|Any CPU
		{277C3CC1-699D-417B-9D2C-A88B8CAF6957}.Release|Any CPU.ActiveCfg = Release|Any CPU
		{277C3CC1-699D-417B-9D2C-A88B8CAF6957}.Release|Any CPU.Build.0 = Release|Any CPU
		{277C3CC1-699D-417B-9D2C-A88B8CAF6957}.Release|Mixed Platforms.ActiveCfg = Release|Any CPU
		{277C3CC1-699D-417B-9D2C-A88B8CAF6957}.Release|Mixed Platforms.Build.0 = Release|Any CPU
		{277C3CC1-699D-417B-9D2C-A88B8CAF6957}.Release|x86.ActiveCfg = Release|Any CPU
		{76BFFBA7-7BF3-439E-83D4-A340B1227461}.Debug|Any CPU.ActiveCfg = Debug|Any CPU
		{76BFFBA7-7BF3-439E-83D4-A340B1227461}.Debug|Any CPU.Build.0 = Debug|Any CPU
		{76BFFBA7-7BF3-439E-83D4-A340B1227461}.Debug|Mixed Platforms.ActiveCfg = Debug|Any CPU
		{76BFFBA7-7BF3-439E-83D4-A340B1227461}.Debug|Mixed Platforms.Build.0 = Debug|Any CPU
		{76BFFBA7-7BF3-439E-83D4-A340B1227461}.Debug|x86.ActiveCfg = Debug|Any CPU
		{76BFFBA7-7BF3-439E-83D4-A340B1227461}.Release|Any CPU.ActiveCfg = Release|Any CPU
		{76BFFBA7-7BF3-439E-83D4-A340B1227461}.Release|Any CPU.Build.0 = Release|Any CPU
		{76BFFBA7-7BF3-439E-83D4-A340B1227461}.Release|Mixed Platforms.ActiveCfg = Release|Any CPU
		{76BFFBA7-7BF3-439E-83D4-A340B1227461}.Release|Mixed Platforms.Build.0 = Release|Any CPU
		{76BFFBA7-7BF3-439E-83D4-A340B1227461}.Release|x86.ActiveCfg = Release|Any CPU
		{AD32517C-230C-435B-953D-BD96732927B8}.Debug|Any CPU.ActiveCfg = Debug|Any CPU
		{AD32517C-230C-435B-953D-BD96732927B8}.Debug|Any CPU.Build.0 = Debug|Any CPU
		{AD32517C-230C-435B-953D-BD96732927B8}.Debug|Mixed Platforms.ActiveCfg = Debug|Any CPU
		{AD32517C-230C-435B-953D-BD96732927B8}.Debug|Mixed Platforms.Build.0 = Debug|Any CPU
		{AD32517C-230C-435B-953D-BD96732927B8}.Debug|x86.ActiveCfg = Debug|Any CPU
		{AD32517C-230C-435B-953D-BD96732927B8}.Release|Any CPU.ActiveCfg = Release|Any CPU
		{AD32517C-230C-435B-953D-BD96732927B8}.Release|Any CPU.Build.0 = Release|Any CPU
		{AD32517C-230C-435B-953D-BD96732927B8}.Release|Mixed Platforms.ActiveCfg = Release|Any CPU
		{AD32517C-230C-435B-953D-BD96732927B8}.Release|Mixed Platforms.Build.0 = Release|Any CPU
		{AD32517C-230C-435B-953D-BD96732927B8}.Release|x86.ActiveCfg = Release|Any CPU
		{46CD516A-50B3-4DD1-A0DF-65E0BE141E21}.Debug|Any CPU.ActiveCfg = Debug|Any CPU
		{46CD516A-50B3-4DD1-A0DF-65E0BE141E21}.Debug|Any CPU.Build.0 = Debug|Any CPU
		{46CD516A-50B3-4DD1-A0DF-65E0BE141E21}.Debug|Mixed Platforms.ActiveCfg = Debug|Any CPU
		{46CD516A-50B3-4DD1-A0DF-65E0BE141E21}.Debug|Mixed Platforms.Build.0 = Debug|Any CPU
		{46CD516A-50B3-4DD1-A0DF-65E0BE141E21}.Debug|x86.ActiveCfg = Debug|Any CPU
		{46CD516A-50B3-4DD1-A0DF-65E0BE141E21}.Release|Any CPU.ActiveCfg = Release|Any CPU
		{46CD516A-50B3-4DD1-A0DF-65E0BE141E21}.Release|Any CPU.Build.0 = Release|Any CPU
		{46CD516A-50B3-4DD1-A0DF-65E0BE141E21}.Release|Mixed Platforms.ActiveCfg = Release|Any CPU
		{46CD516A-50B3-4DD1-A0DF-65E0BE141E21}.Release|Mixed Platforms.Build.0 = Release|Any CPU
		{46CD516A-50B3-4DD1-A0DF-65E0BE141E21}.Release|x86.ActiveCfg = Release|Any CPU
		{C07BBB5F-A159-41AD-933D-6B1F10913ED7}.Debug|Any CPU.ActiveCfg = Debug|Any CPU
		{C07BBB5F-A159-41AD-933D-6B1F10913ED7}.Debug|Any CPU.Build.0 = Debug|Any CPU
		{C07BBB5F-A159-41AD-933D-6B1F10913ED7}.Debug|Mixed Platforms.ActiveCfg = Debug|Any CPU
		{C07BBB5F-A159-41AD-933D-6B1F10913ED7}.Debug|Mixed Platforms.Build.0 = Debug|Any CPU
		{C07BBB5F-A159-41AD-933D-6B1F10913ED7}.Debug|x86.ActiveCfg = Debug|Any CPU
		{C07BBB5F-A159-41AD-933D-6B1F10913ED7}.Release|Any CPU.ActiveCfg = Release|Any CPU
		{C07BBB5F-A159-41AD-933D-6B1F10913ED7}.Release|Any CPU.Build.0 = Release|Any CPU
		{C07BBB5F-A159-41AD-933D-6B1F10913ED7}.Release|Mixed Platforms.ActiveCfg = Release|Any CPU
		{C07BBB5F-A159-41AD-933D-6B1F10913ED7}.Release|Mixed Platforms.Build.0 = Release|Any CPU
		{C07BBB5F-A159-41AD-933D-6B1F10913ED7}.Release|x86.ActiveCfg = Release|Any CPU
		{F87E5894-0AB9-4DDC-8B96-D9ABBAD243AC}.Debug|Any CPU.ActiveCfg = Debug|Any CPU
		{F87E5894-0AB9-4DDC-8B96-D9ABBAD243AC}.Debug|Any CPU.Build.0 = Debug|Any CPU
		{F87E5894-0AB9-4DDC-8B96-D9ABBAD243AC}.Debug|Mixed Platforms.ActiveCfg = Debug|Any CPU
		{F87E5894-0AB9-4DDC-8B96-D9ABBAD243AC}.Debug|Mixed Platforms.Build.0 = Debug|Any CPU
		{F87E5894-0AB9-4DDC-8B96-D9ABBAD243AC}.Debug|x86.ActiveCfg = Debug|Any CPU
		{F87E5894-0AB9-4DDC-8B96-D9ABBAD243AC}.Release|Any CPU.ActiveCfg = Release|Any CPU
		{F87E5894-0AB9-4DDC-8B96-D9ABBAD243AC}.Release|Any CPU.Build.0 = Release|Any CPU
		{F87E5894-0AB9-4DDC-8B96-D9ABBAD243AC}.Release|Mixed Platforms.ActiveCfg = Release|Any CPU
		{F87E5894-0AB9-4DDC-8B96-D9ABBAD243AC}.Release|Mixed Platforms.Build.0 = Release|Any CPU
		{F87E5894-0AB9-4DDC-8B96-D9ABBAD243AC}.Release|x86.ActiveCfg = Release|Any CPU
		{ED325614-0B70-4C46-8282-C4DA02A974AC}.Debug|Any CPU.ActiveCfg = Debug|Any CPU
		{ED325614-0B70-4C46-8282-C4DA02A974AC}.Debug|Any CPU.Build.0 = Debug|Any CPU
		{ED325614-0B70-4C46-8282-C4DA02A974AC}.Debug|Mixed Platforms.ActiveCfg = Debug|Any CPU
		{ED325614-0B70-4C46-8282-C4DA02A974AC}.Debug|Mixed Platforms.Build.0 = Debug|Any CPU
		{ED325614-0B70-4C46-8282-C4DA02A974AC}.Debug|x86.ActiveCfg = Debug|Any CPU
		{ED325614-0B70-4C46-8282-C4DA02A974AC}.Release|Any CPU.ActiveCfg = Release|Any CPU
		{ED325614-0B70-4C46-8282-C4DA02A974AC}.Release|Any CPU.Build.0 = Release|Any CPU
		{ED325614-0B70-4C46-8282-C4DA02A974AC}.Release|Mixed Platforms.ActiveCfg = Release|Any CPU
		{ED325614-0B70-4C46-8282-C4DA02A974AC}.Release|Mixed Platforms.Build.0 = Release|Any CPU
		{ED325614-0B70-4C46-8282-C4DA02A974AC}.Release|x86.ActiveCfg = Release|Any CPU
		{4CF9DA33-BA24-4C09-86EF-035C7C4054AE}.Debug|Any CPU.ActiveCfg = Debug|Any CPU
		{4CF9DA33-BA24-4C09-86EF-035C7C4054AE}.Debug|Any CPU.Build.0 = Debug|Any CPU
		{4CF9DA33-BA24-4C09-86EF-035C7C4054AE}.Debug|Mixed Platforms.ActiveCfg = Debug|Any CPU
		{4CF9DA33-BA24-4C09-86EF-035C7C4054AE}.Debug|Mixed Platforms.Build.0 = Debug|Any CPU
		{4CF9DA33-BA24-4C09-86EF-035C7C4054AE}.Debug|x86.ActiveCfg = Debug|Any CPU
		{4CF9DA33-BA24-4C09-86EF-035C7C4054AE}.Release|Any CPU.ActiveCfg = Release|Any CPU
		{4CF9DA33-BA24-4C09-86EF-035C7C4054AE}.Release|Any CPU.Build.0 = Release|Any CPU
		{4CF9DA33-BA24-4C09-86EF-035C7C4054AE}.Release|Mixed Platforms.ActiveCfg = Release|Any CPU
		{4CF9DA33-BA24-4C09-86EF-035C7C4054AE}.Release|Mixed Platforms.Build.0 = Release|Any CPU
		{4CF9DA33-BA24-4C09-86EF-035C7C4054AE}.Release|x86.ActiveCfg = Release|Any CPU
		{F2AC5988-E7F0-4A1F-8371-907945C1D351}.Debug|Any CPU.ActiveCfg = Debug|Any CPU
		{F2AC5988-E7F0-4A1F-8371-907945C1D351}.Debug|Any CPU.Build.0 = Debug|Any CPU
		{F2AC5988-E7F0-4A1F-8371-907945C1D351}.Debug|Mixed Platforms.ActiveCfg = Debug|Any CPU
		{F2AC5988-E7F0-4A1F-8371-907945C1D351}.Debug|Mixed Platforms.Build.0 = Debug|Any CPU
		{F2AC5988-E7F0-4A1F-8371-907945C1D351}.Debug|x86.ActiveCfg = Debug|Any CPU
		{F2AC5988-E7F0-4A1F-8371-907945C1D351}.Release|Any CPU.ActiveCfg = Release|Any CPU
		{F2AC5988-E7F0-4A1F-8371-907945C1D351}.Release|Any CPU.Build.0 = Release|Any CPU
		{F2AC5988-E7F0-4A1F-8371-907945C1D351}.Release|Mixed Platforms.ActiveCfg = Release|Any CPU
		{F2AC5988-E7F0-4A1F-8371-907945C1D351}.Release|Mixed Platforms.Build.0 = Release|Any CPU
		{F2AC5988-E7F0-4A1F-8371-907945C1D351}.Release|x86.ActiveCfg = Release|Any CPU
		{F27FA428-D097-482D-A947-063317FE8A60}.Debug|Any CPU.ActiveCfg = Debug|Any CPU
		{F27FA428-D097-482D-A947-063317FE8A60}.Debug|Any CPU.Build.0 = Debug|Any CPU
		{F27FA428-D097-482D-A947-063317FE8A60}.Debug|Mixed Platforms.ActiveCfg = Debug|Any CPU
		{F27FA428-D097-482D-A947-063317FE8A60}.Debug|Mixed Platforms.Build.0 = Debug|Any CPU
		{F27FA428-D097-482D-A947-063317FE8A60}.Debug|x86.ActiveCfg = Debug|Any CPU
		{F27FA428-D097-482D-A947-063317FE8A60}.Release|Any CPU.ActiveCfg = Release|Any CPU
		{F27FA428-D097-482D-A947-063317FE8A60}.Release|Any CPU.Build.0 = Release|Any CPU
		{F27FA428-D097-482D-A947-063317FE8A60}.Release|Mixed Platforms.ActiveCfg = Release|Any CPU
		{F27FA428-D097-482D-A947-063317FE8A60}.Release|Mixed Platforms.Build.0 = Release|Any CPU
		{F27FA428-D097-482D-A947-063317FE8A60}.Release|x86.ActiveCfg = Release|Any CPU
		{6EF23027-A874-4533-9F39-2C4B165D8BB9}.Debug|Any CPU.ActiveCfg = Debug|Any CPU
		{6EF23027-A874-4533-9F39-2C4B165D8BB9}.Debug|Any CPU.Build.0 = Debug|Any CPU
		{6EF23027-A874-4533-9F39-2C4B165D8BB9}.Debug|Mixed Platforms.ActiveCfg = Debug|Any CPU
		{6EF23027-A874-4533-9F39-2C4B165D8BB9}.Debug|Mixed Platforms.Build.0 = Debug|Any CPU
		{6EF23027-A874-4533-9F39-2C4B165D8BB9}.Debug|x86.ActiveCfg = Debug|Any CPU
		{6EF23027-A874-4533-9F39-2C4B165D8BB9}.Release|Any CPU.ActiveCfg = Release|Any CPU
		{6EF23027-A874-4533-9F39-2C4B165D8BB9}.Release|Any CPU.Build.0 = Release|Any CPU
		{6EF23027-A874-4533-9F39-2C4B165D8BB9}.Release|Mixed Platforms.ActiveCfg = Release|Any CPU
		{6EF23027-A874-4533-9F39-2C4B165D8BB9}.Release|Mixed Platforms.Build.0 = Release|Any CPU
		{6EF23027-A874-4533-9F39-2C4B165D8BB9}.Release|x86.ActiveCfg = Release|Any CPU
		{A88C77DB-0DAC-46D5-8136-C27B3D72717F}.Debug|Any CPU.ActiveCfg = Debug|Any CPU
		{A88C77DB-0DAC-46D5-8136-C27B3D72717F}.Debug|Any CPU.Build.0 = Debug|Any CPU
		{A88C77DB-0DAC-46D5-8136-C27B3D72717F}.Debug|Mixed Platforms.ActiveCfg = Debug|Any CPU
		{A88C77DB-0DAC-46D5-8136-C27B3D72717F}.Debug|Mixed Platforms.Build.0 = Debug|Any CPU
		{A88C77DB-0DAC-46D5-8136-C27B3D72717F}.Debug|x86.ActiveCfg = Debug|Any CPU
		{A88C77DB-0DAC-46D5-8136-C27B3D72717F}.Release|Any CPU.ActiveCfg = Release|Any CPU
		{A88C77DB-0DAC-46D5-8136-C27B3D72717F}.Release|Any CPU.Build.0 = Release|Any CPU
		{A88C77DB-0DAC-46D5-8136-C27B3D72717F}.Release|Mixed Platforms.ActiveCfg = Release|Any CPU
		{A88C77DB-0DAC-46D5-8136-C27B3D72717F}.Release|Mixed Platforms.Build.0 = Release|Any CPU
		{A88C77DB-0DAC-46D5-8136-C27B3D72717F}.Release|x86.ActiveCfg = Release|Any CPU
		{9BA27555-C7DC-49A8-925C-B56D9C7DE2F4}.Debug|Any CPU.ActiveCfg = Debug|Any CPU
		{9BA27555-C7DC-49A8-925C-B56D9C7DE2F4}.Debug|Any CPU.Build.0 = Debug|Any CPU
		{9BA27555-C7DC-49A8-925C-B56D9C7DE2F4}.Debug|Mixed Platforms.ActiveCfg = Debug|Any CPU
		{9BA27555-C7DC-49A8-925C-B56D9C7DE2F4}.Debug|Mixed Platforms.Build.0 = Debug|Any CPU
		{9BA27555-C7DC-49A8-925C-B56D9C7DE2F4}.Debug|x86.ActiveCfg = Debug|Any CPU
		{9BA27555-C7DC-49A8-925C-B56D9C7DE2F4}.Release|Any CPU.ActiveCfg = Release|Any CPU
		{9BA27555-C7DC-49A8-925C-B56D9C7DE2F4}.Release|Any CPU.Build.0 = Release|Any CPU
		{9BA27555-C7DC-49A8-925C-B56D9C7DE2F4}.Release|Mixed Platforms.ActiveCfg = Release|Any CPU
		{9BA27555-C7DC-49A8-925C-B56D9C7DE2F4}.Release|Mixed Platforms.Build.0 = Release|Any CPU
		{9BA27555-C7DC-49A8-925C-B56D9C7DE2F4}.Release|x86.ActiveCfg = Release|Any CPU
		{F6626674-3A9A-460B-A98B-A66B561FD811}.Debug|Any CPU.ActiveCfg = Debug|Any CPU
		{F6626674-3A9A-460B-A98B-A66B561FD811}.Debug|Any CPU.Build.0 = Debug|Any CPU
		{F6626674-3A9A-460B-A98B-A66B561FD811}.Debug|Mixed Platforms.ActiveCfg = Debug|Any CPU
		{F6626674-3A9A-460B-A98B-A66B561FD811}.Debug|Mixed Platforms.Build.0 = Debug|Any CPU
		{F6626674-3A9A-460B-A98B-A66B561FD811}.Debug|x86.ActiveCfg = Debug|Any CPU
		{F6626674-3A9A-460B-A98B-A66B561FD811}.Release|Any CPU.ActiveCfg = Release|Any CPU
		{F6626674-3A9A-460B-A98B-A66B561FD811}.Release|Any CPU.Build.0 = Release|Any CPU
		{F6626674-3A9A-460B-A98B-A66B561FD811}.Release|Mixed Platforms.ActiveCfg = Release|Any CPU
		{F6626674-3A9A-460B-A98B-A66B561FD811}.Release|Mixed Platforms.Build.0 = Release|Any CPU
		{F6626674-3A9A-460B-A98B-A66B561FD811}.Release|x86.ActiveCfg = Release|Any CPU
		{6C7F5166-6D0F-4CD9-B95B-14EBB11F7033}.Debug|Any CPU.ActiveCfg = Debug|Any CPU
		{6C7F5166-6D0F-4CD9-B95B-14EBB11F7033}.Debug|Any CPU.Build.0 = Debug|Any CPU
		{6C7F5166-6D0F-4CD9-B95B-14EBB11F7033}.Debug|Mixed Platforms.ActiveCfg = Debug|Any CPU
		{6C7F5166-6D0F-4CD9-B95B-14EBB11F7033}.Debug|Mixed Platforms.Build.0 = Debug|Any CPU
		{6C7F5166-6D0F-4CD9-B95B-14EBB11F7033}.Debug|x86.ActiveCfg = Debug|Any CPU
		{6C7F5166-6D0F-4CD9-B95B-14EBB11F7033}.Release|Any CPU.ActiveCfg = Release|Any CPU
		{6C7F5166-6D0F-4CD9-B95B-14EBB11F7033}.Release|Any CPU.Build.0 = Release|Any CPU
		{6C7F5166-6D0F-4CD9-B95B-14EBB11F7033}.Release|Mixed Platforms.ActiveCfg = Release|Any CPU
		{6C7F5166-6D0F-4CD9-B95B-14EBB11F7033}.Release|Mixed Platforms.Build.0 = Release|Any CPU
		{6C7F5166-6D0F-4CD9-B95B-14EBB11F7033}.Release|x86.ActiveCfg = Release|Any CPU
		{0518B814-9FAF-4542-B896-ABF6F8E18F5C}.Debug|Any CPU.ActiveCfg = Debug|Any CPU
		{0518B814-9FAF-4542-B896-ABF6F8E18F5C}.Debug|Any CPU.Build.0 = Debug|Any CPU
		{0518B814-9FAF-4542-B896-ABF6F8E18F5C}.Debug|Mixed Platforms.ActiveCfg = Debug|Any CPU
		{0518B814-9FAF-4542-B896-ABF6F8E18F5C}.Debug|Mixed Platforms.Build.0 = Debug|Any CPU
		{0518B814-9FAF-4542-B896-ABF6F8E18F5C}.Debug|x86.ActiveCfg = Debug|Any CPU
		{0518B814-9FAF-4542-B896-ABF6F8E18F5C}.Release|Any CPU.ActiveCfg = Release|Any CPU
		{0518B814-9FAF-4542-B896-ABF6F8E18F5C}.Release|Any CPU.Build.0 = Release|Any CPU
		{0518B814-9FAF-4542-B896-ABF6F8E18F5C}.Release|Mixed Platforms.ActiveCfg = Release|Any CPU
		{0518B814-9FAF-4542-B896-ABF6F8E18F5C}.Release|Mixed Platforms.Build.0 = Release|Any CPU
		{0518B814-9FAF-4542-B896-ABF6F8E18F5C}.Release|x86.ActiveCfg = Release|Any CPU
		{F85AAD4F-3639-44CA-8CC0-08017069E4AF}.Debug|Any CPU.ActiveCfg = Debug|Any CPU
		{F85AAD4F-3639-44CA-8CC0-08017069E4AF}.Debug|Any CPU.Build.0 = Debug|Any CPU
		{F85AAD4F-3639-44CA-8CC0-08017069E4AF}.Debug|Mixed Platforms.ActiveCfg = Debug|Any CPU
		{F85AAD4F-3639-44CA-8CC0-08017069E4AF}.Debug|Mixed Platforms.Build.0 = Debug|Any CPU
		{F85AAD4F-3639-44CA-8CC0-08017069E4AF}.Debug|x86.ActiveCfg = Debug|Any CPU
		{F85AAD4F-3639-44CA-8CC0-08017069E4AF}.Release|Any CPU.ActiveCfg = Release|Any CPU
		{F85AAD4F-3639-44CA-8CC0-08017069E4AF}.Release|Any CPU.Build.0 = Release|Any CPU
		{F85AAD4F-3639-44CA-8CC0-08017069E4AF}.Release|Mixed Platforms.ActiveCfg = Release|Any CPU
		{F85AAD4F-3639-44CA-8CC0-08017069E4AF}.Release|Mixed Platforms.Build.0 = Release|Any CPU
		{F85AAD4F-3639-44CA-8CC0-08017069E4AF}.Release|x86.ActiveCfg = Release|Any CPU
		{D5C61FC0-FC5F-466A-B7B9-562687D0499A}.Debug|Any CPU.ActiveCfg = Debug|Any CPU
		{D5C61FC0-FC5F-466A-B7B9-562687D0499A}.Debug|Any CPU.Build.0 = Debug|Any CPU
		{D5C61FC0-FC5F-466A-B7B9-562687D0499A}.Debug|Mixed Platforms.ActiveCfg = Debug|Any CPU
		{D5C61FC0-FC5F-466A-B7B9-562687D0499A}.Debug|Mixed Platforms.Build.0 = Debug|Any CPU
		{D5C61FC0-FC5F-466A-B7B9-562687D0499A}.Debug|x86.ActiveCfg = Debug|Any CPU
		{D5C61FC0-FC5F-466A-B7B9-562687D0499A}.Release|Any CPU.ActiveCfg = Release|Any CPU
		{D5C61FC0-FC5F-466A-B7B9-562687D0499A}.Release|Any CPU.Build.0 = Release|Any CPU
		{D5C61FC0-FC5F-466A-B7B9-562687D0499A}.Release|Mixed Platforms.ActiveCfg = Release|Any CPU
		{D5C61FC0-FC5F-466A-B7B9-562687D0499A}.Release|Mixed Platforms.Build.0 = Release|Any CPU
		{D5C61FC0-FC5F-466A-B7B9-562687D0499A}.Release|x86.ActiveCfg = Release|Any CPU
		{4769A944-8F49-4D13-9979-A0D6B317E28D}.Debug|Any CPU.ActiveCfg = Debug|Any CPU
		{4769A944-8F49-4D13-9979-A0D6B317E28D}.Debug|Any CPU.Build.0 = Debug|Any CPU
		{4769A944-8F49-4D13-9979-A0D6B317E28D}.Debug|Mixed Platforms.ActiveCfg = Debug|Any CPU
		{4769A944-8F49-4D13-9979-A0D6B317E28D}.Debug|Mixed Platforms.Build.0 = Debug|Any CPU
		{4769A944-8F49-4D13-9979-A0D6B317E28D}.Debug|x86.ActiveCfg = Debug|Any CPU
		{4769A944-8F49-4D13-9979-A0D6B317E28D}.Release|Any CPU.ActiveCfg = Release|Any CPU
		{4769A944-8F49-4D13-9979-A0D6B317E28D}.Release|Any CPU.Build.0 = Release|Any CPU
		{4769A944-8F49-4D13-9979-A0D6B317E28D}.Release|Mixed Platforms.ActiveCfg = Release|Any CPU
		{4769A944-8F49-4D13-9979-A0D6B317E28D}.Release|Mixed Platforms.Build.0 = Release|Any CPU
		{4769A944-8F49-4D13-9979-A0D6B317E28D}.Release|x86.ActiveCfg = Release|Any CPU
		{08137AD1-9B69-4EE9-93E9-0DDC5F818E15}.Debug|Any CPU.ActiveCfg = Debug|Any CPU
		{08137AD1-9B69-4EE9-93E9-0DDC5F818E15}.Debug|Any CPU.Build.0 = Debug|Any CPU
		{08137AD1-9B69-4EE9-93E9-0DDC5F818E15}.Debug|Mixed Platforms.ActiveCfg = Debug|Any CPU
		{08137AD1-9B69-4EE9-93E9-0DDC5F818E15}.Debug|Mixed Platforms.Build.0 = Debug|Any CPU
		{08137AD1-9B69-4EE9-93E9-0DDC5F818E15}.Debug|x86.ActiveCfg = Debug|Any CPU
		{08137AD1-9B69-4EE9-93E9-0DDC5F818E15}.Release|Any CPU.ActiveCfg = Release|Any CPU
		{08137AD1-9B69-4EE9-93E9-0DDC5F818E15}.Release|Any CPU.Build.0 = Release|Any CPU
		{08137AD1-9B69-4EE9-93E9-0DDC5F818E15}.Release|Mixed Platforms.ActiveCfg = Release|Any CPU
		{08137AD1-9B69-4EE9-93E9-0DDC5F818E15}.Release|Mixed Platforms.Build.0 = Release|Any CPU
		{08137AD1-9B69-4EE9-93E9-0DDC5F818E15}.Release|x86.ActiveCfg = Release|Any CPU
		{20A316C2-8779-474D-98FB-A13DAC9043AB}.Debug|Any CPU.ActiveCfg = Debug|Any CPU
		{20A316C2-8779-474D-98FB-A13DAC9043AB}.Debug|Any CPU.Build.0 = Debug|Any CPU
		{20A316C2-8779-474D-98FB-A13DAC9043AB}.Debug|Mixed Platforms.ActiveCfg = Debug|Any CPU
		{20A316C2-8779-474D-98FB-A13DAC9043AB}.Debug|Mixed Platforms.Build.0 = Debug|Any CPU
		{20A316C2-8779-474D-98FB-A13DAC9043AB}.Debug|x86.ActiveCfg = Debug|Any CPU
		{20A316C2-8779-474D-98FB-A13DAC9043AB}.Release|Any CPU.ActiveCfg = Release|Any CPU
		{20A316C2-8779-474D-98FB-A13DAC9043AB}.Release|Any CPU.Build.0 = Release|Any CPU
		{20A316C2-8779-474D-98FB-A13DAC9043AB}.Release|Mixed Platforms.ActiveCfg = Release|Any CPU
		{20A316C2-8779-474D-98FB-A13DAC9043AB}.Release|Mixed Platforms.Build.0 = Release|Any CPU
		{20A316C2-8779-474D-98FB-A13DAC9043AB}.Release|x86.ActiveCfg = Release|Any CPU
		{0DC81B09-3ABF-4BB3-8C08-4E8EE4432BDC}.Debug|Any CPU.ActiveCfg = Debug|Any CPU
		{0DC81B09-3ABF-4BB3-8C08-4E8EE4432BDC}.Debug|Any CPU.Build.0 = Debug|Any CPU
		{0DC81B09-3ABF-4BB3-8C08-4E8EE4432BDC}.Debug|Mixed Platforms.ActiveCfg = Debug|Any CPU
		{0DC81B09-3ABF-4BB3-8C08-4E8EE4432BDC}.Debug|Mixed Platforms.Build.0 = Debug|Any CPU
		{0DC81B09-3ABF-4BB3-8C08-4E8EE4432BDC}.Debug|x86.ActiveCfg = Debug|Any CPU
		{0DC81B09-3ABF-4BB3-8C08-4E8EE4432BDC}.Release|Any CPU.ActiveCfg = Release|Any CPU
		{0DC81B09-3ABF-4BB3-8C08-4E8EE4432BDC}.Release|Any CPU.Build.0 = Release|Any CPU
		{0DC81B09-3ABF-4BB3-8C08-4E8EE4432BDC}.Release|Mixed Platforms.ActiveCfg = Release|Any CPU
		{0DC81B09-3ABF-4BB3-8C08-4E8EE4432BDC}.Release|Mixed Platforms.Build.0 = Release|Any CPU
		{0DC81B09-3ABF-4BB3-8C08-4E8EE4432BDC}.Release|x86.ActiveCfg = Release|Any CPU
		{07C0CD14-D301-44B4-8B1A-7FD5D68F03CB}.Debug|Any CPU.ActiveCfg = Debug|x86
		{07C0CD14-D301-44B4-8B1A-7FD5D68F03CB}.Debug|Any CPU.Build.0 = Debug|x86
		{07C0CD14-D301-44B4-8B1A-7FD5D68F03CB}.Debug|Mixed Platforms.ActiveCfg = Debug|x86
		{07C0CD14-D301-44B4-8B1A-7FD5D68F03CB}.Debug|Mixed Platforms.Build.0 = Debug|x86
		{07C0CD14-D301-44B4-8B1A-7FD5D68F03CB}.Debug|x86.ActiveCfg = Debug|x86
		{07C0CD14-D301-44B4-8B1A-7FD5D68F03CB}.Debug|x86.Build.0 = Debug|x86
		{07C0CD14-D301-44B4-8B1A-7FD5D68F03CB}.Release|Any CPU.ActiveCfg = Release|x86
		{07C0CD14-D301-44B4-8B1A-7FD5D68F03CB}.Release|Any CPU.Build.0 = Release|x86
		{07C0CD14-D301-44B4-8B1A-7FD5D68F03CB}.Release|Mixed Platforms.ActiveCfg = Release|x86
		{07C0CD14-D301-44B4-8B1A-7FD5D68F03CB}.Release|Mixed Platforms.Build.0 = Release|x86
		{07C0CD14-D301-44B4-8B1A-7FD5D68F03CB}.Release|x86.ActiveCfg = Release|x86
		{07C0CD14-D301-44B4-8B1A-7FD5D68F03CB}.Release|x86.Build.0 = Release|x86
		{C91776D6-D84C-4183-BD68-D6FA663E3C1C}.Debug|Any CPU.ActiveCfg = Debug|Any CPU
		{C91776D6-D84C-4183-BD68-D6FA663E3C1C}.Debug|Any CPU.Build.0 = Debug|Any CPU
		{C91776D6-D84C-4183-BD68-D6FA663E3C1C}.Debug|Mixed Platforms.ActiveCfg = Debug|Any CPU
		{C91776D6-D84C-4183-BD68-D6FA663E3C1C}.Debug|Mixed Platforms.Build.0 = Debug|Any CPU
		{C91776D6-D84C-4183-BD68-D6FA663E3C1C}.Debug|x86.ActiveCfg = Debug|Any CPU
		{C91776D6-D84C-4183-BD68-D6FA663E3C1C}.Debug|x86.Build.0 = Debug|Any CPU
		{C91776D6-D84C-4183-BD68-D6FA663E3C1C}.Release|Any CPU.ActiveCfg = Release|Any CPU
		{C91776D6-D84C-4183-BD68-D6FA663E3C1C}.Release|Any CPU.Build.0 = Release|Any CPU
		{C91776D6-D84C-4183-BD68-D6FA663E3C1C}.Release|Mixed Platforms.ActiveCfg = Release|Any CPU
		{C91776D6-D84C-4183-BD68-D6FA663E3C1C}.Release|Mixed Platforms.Build.0 = Release|Any CPU
		{C91776D6-D84C-4183-BD68-D6FA663E3C1C}.Release|x86.ActiveCfg = Release|Any CPU
		{C91776D6-D84C-4183-BD68-D6FA663E3C1C}.Release|x86.Build.0 = Release|Any CPU
		{528AB6AF-7217-4603-BC96-4893D9FD9C65}.Debug|Any CPU.ActiveCfg = Debug|Any CPU
		{528AB6AF-7217-4603-BC96-4893D9FD9C65}.Debug|Any CPU.Build.0 = Debug|Any CPU
		{528AB6AF-7217-4603-BC96-4893D9FD9C65}.Debug|Mixed Platforms.ActiveCfg = Debug|Any CPU
		{528AB6AF-7217-4603-BC96-4893D9FD9C65}.Debug|Mixed Platforms.Build.0 = Debug|Any CPU
		{528AB6AF-7217-4603-BC96-4893D9FD9C65}.Debug|x86.ActiveCfg = Debug|Any CPU
		{528AB6AF-7217-4603-BC96-4893D9FD9C65}.Release|Any CPU.ActiveCfg = Release|Any CPU
		{528AB6AF-7217-4603-BC96-4893D9FD9C65}.Release|Any CPU.Build.0 = Release|Any CPU
		{528AB6AF-7217-4603-BC96-4893D9FD9C65}.Release|Mixed Platforms.ActiveCfg = Release|Any CPU
		{528AB6AF-7217-4603-BC96-4893D9FD9C65}.Release|Mixed Platforms.Build.0 = Release|Any CPU
		{528AB6AF-7217-4603-BC96-4893D9FD9C65}.Release|x86.ActiveCfg = Release|Any CPU
		{13B79EC1-DE9C-4CD1-9255-5458505677DF}.Debug|Any CPU.ActiveCfg = Debug|Any CPU
		{13B79EC1-DE9C-4CD1-9255-5458505677DF}.Debug|Any CPU.Build.0 = Debug|Any CPU
		{13B79EC1-DE9C-4CD1-9255-5458505677DF}.Debug|Mixed Platforms.ActiveCfg = Debug|Any CPU
		{13B79EC1-DE9C-4CD1-9255-5458505677DF}.Debug|Mixed Platforms.Build.0 = Debug|Any CPU
		{13B79EC1-DE9C-4CD1-9255-5458505677DF}.Debug|x86.ActiveCfg = Debug|Any CPU
		{13B79EC1-DE9C-4CD1-9255-5458505677DF}.Release|Any CPU.ActiveCfg = Release|Any CPU
		{13B79EC1-DE9C-4CD1-9255-5458505677DF}.Release|Any CPU.Build.0 = Release|Any CPU
		{13B79EC1-DE9C-4CD1-9255-5458505677DF}.Release|Mixed Platforms.ActiveCfg = Release|Any CPU
		{13B79EC1-DE9C-4CD1-9255-5458505677DF}.Release|Mixed Platforms.Build.0 = Release|Any CPU
		{13B79EC1-DE9C-4CD1-9255-5458505677DF}.Release|x86.ActiveCfg = Release|Any CPU
		{4DD7E6C6-D979-4F7A-AFF0-833BEB67F789}.Debug|Any CPU.ActiveCfg = Debug|Any CPU
		{4DD7E6C6-D979-4F7A-AFF0-833BEB67F789}.Debug|Any CPU.Build.0 = Debug|Any CPU
		{4DD7E6C6-D979-4F7A-AFF0-833BEB67F789}.Debug|Mixed Platforms.ActiveCfg = Debug|Any CPU
		{4DD7E6C6-D979-4F7A-AFF0-833BEB67F789}.Debug|Mixed Platforms.Build.0 = Debug|Any CPU
		{4DD7E6C6-D979-4F7A-AFF0-833BEB67F789}.Debug|x86.ActiveCfg = Debug|Any CPU
		{4DD7E6C6-D979-4F7A-AFF0-833BEB67F789}.Release|Any CPU.ActiveCfg = Release|Any CPU
		{4DD7E6C6-D979-4F7A-AFF0-833BEB67F789}.Release|Any CPU.Build.0 = Release|Any CPU
		{4DD7E6C6-D979-4F7A-AFF0-833BEB67F789}.Release|Mixed Platforms.ActiveCfg = Release|Any CPU
		{4DD7E6C6-D979-4F7A-AFF0-833BEB67F789}.Release|Mixed Platforms.Build.0 = Release|Any CPU
		{4DD7E6C6-D979-4F7A-AFF0-833BEB67F789}.Release|x86.ActiveCfg = Release|Any CPU
		{FB5D370B-62B6-4F5E-8188-881125DC6B50}.Debug|Any CPU.ActiveCfg = Debug|Any CPU
		{FB5D370B-62B6-4F5E-8188-881125DC6B50}.Debug|Any CPU.Build.0 = Debug|Any CPU
		{FB5D370B-62B6-4F5E-8188-881125DC6B50}.Debug|Mixed Platforms.ActiveCfg = Debug|Any CPU
		{FB5D370B-62B6-4F5E-8188-881125DC6B50}.Debug|Mixed Platforms.Build.0 = Debug|Any CPU
		{FB5D370B-62B6-4F5E-8188-881125DC6B50}.Debug|x86.ActiveCfg = Debug|Any CPU
		{FB5D370B-62B6-4F5E-8188-881125DC6B50}.Release|Any CPU.ActiveCfg = Release|Any CPU
		{FB5D370B-62B6-4F5E-8188-881125DC6B50}.Release|Any CPU.Build.0 = Release|Any CPU
		{FB5D370B-62B6-4F5E-8188-881125DC6B50}.Release|Mixed Platforms.ActiveCfg = Release|Any CPU
		{FB5D370B-62B6-4F5E-8188-881125DC6B50}.Release|Mixed Platforms.Build.0 = Release|Any CPU
		{FB5D370B-62B6-4F5E-8188-881125DC6B50}.Release|x86.ActiveCfg = Release|Any CPU
		{D012B06F-95E7-4973-9847-34AE2BDF4B44}.Debug|Any CPU.ActiveCfg = Debug|Any CPU
		{D012B06F-95E7-4973-9847-34AE2BDF4B44}.Debug|Any CPU.Build.0 = Debug|Any CPU
		{D012B06F-95E7-4973-9847-34AE2BDF4B44}.Debug|Mixed Platforms.ActiveCfg = Debug|Any CPU
		{D012B06F-95E7-4973-9847-34AE2BDF4B44}.Debug|Mixed Platforms.Build.0 = Debug|Any CPU
		{D012B06F-95E7-4973-9847-34AE2BDF4B44}.Debug|x86.ActiveCfg = Debug|Any CPU
		{D012B06F-95E7-4973-9847-34AE2BDF4B44}.Release|Any CPU.ActiveCfg = Release|Any CPU
		{D012B06F-95E7-4973-9847-34AE2BDF4B44}.Release|Any CPU.Build.0 = Release|Any CPU
		{D012B06F-95E7-4973-9847-34AE2BDF4B44}.Release|Mixed Platforms.ActiveCfg = Release|Any CPU
		{D012B06F-95E7-4973-9847-34AE2BDF4B44}.Release|Mixed Platforms.Build.0 = Release|Any CPU
		{D012B06F-95E7-4973-9847-34AE2BDF4B44}.Release|x86.ActiveCfg = Release|Any CPU
		{00CBC4B4-49A5-4C51-901E-883B364F724F}.Debug|Any CPU.ActiveCfg = Debug|Any CPU
		{00CBC4B4-49A5-4C51-901E-883B364F724F}.Debug|Any CPU.Build.0 = Debug|Any CPU
		{00CBC4B4-49A5-4C51-901E-883B364F724F}.Debug|Mixed Platforms.ActiveCfg = Debug|Any CPU
		{00CBC4B4-49A5-4C51-901E-883B364F724F}.Debug|Mixed Platforms.Build.0 = Debug|Any CPU
		{00CBC4B4-49A5-4C51-901E-883B364F724F}.Debug|x86.ActiveCfg = Debug|Any CPU
		{00CBC4B4-49A5-4C51-901E-883B364F724F}.Debug|x86.Build.0 = Debug|Any CPU
		{00CBC4B4-49A5-4C51-901E-883B364F724F}.Release|Any CPU.ActiveCfg = Release|Any CPU
		{00CBC4B4-49A5-4C51-901E-883B364F724F}.Release|Any CPU.Build.0 = Release|Any CPU
		{00CBC4B4-49A5-4C51-901E-883B364F724F}.Release|Mixed Platforms.ActiveCfg = Release|Any CPU
		{00CBC4B4-49A5-4C51-901E-883B364F724F}.Release|Mixed Platforms.Build.0 = Release|Any CPU
		{00CBC4B4-49A5-4C51-901E-883B364F724F}.Release|x86.ActiveCfg = Release|Any CPU
		{00CBC4B4-49A5-4C51-901E-883B364F724F}.Release|x86.Build.0 = Release|Any CPU
		{E488F0B0-3464-4D03-8E2E-8DA1936E3699}.Debug|Any CPU.ActiveCfg = Debug|Any CPU
		{E488F0B0-3464-4D03-8E2E-8DA1936E3699}.Debug|Any CPU.Build.0 = Debug|Any CPU
		{E488F0B0-3464-4D03-8E2E-8DA1936E3699}.Debug|Mixed Platforms.ActiveCfg = Debug|Any CPU
		{E488F0B0-3464-4D03-8E2E-8DA1936E3699}.Debug|Mixed Platforms.Build.0 = Debug|Any CPU
		{E488F0B0-3464-4D03-8E2E-8DA1936E3699}.Debug|x86.ActiveCfg = Debug|Any CPU
		{E488F0B0-3464-4D03-8E2E-8DA1936E3699}.Release|Any CPU.ActiveCfg = Release|Any CPU
		{E488F0B0-3464-4D03-8E2E-8DA1936E3699}.Release|Any CPU.Build.0 = Release|Any CPU
		{E488F0B0-3464-4D03-8E2E-8DA1936E3699}.Release|Mixed Platforms.ActiveCfg = Release|Any CPU
		{E488F0B0-3464-4D03-8E2E-8DA1936E3699}.Release|Mixed Platforms.Build.0 = Release|Any CPU
		{E488F0B0-3464-4D03-8E2E-8DA1936E3699}.Release|x86.ActiveCfg = Release|Any CPU
		{D7383AA1-FB90-4632-BB47-9388778C6D46}.Debug|Any CPU.ActiveCfg = Debug|Any CPU
		{D7383AA1-FB90-4632-BB47-9388778C6D46}.Debug|Any CPU.Build.0 = Debug|Any CPU
		{D7383AA1-FB90-4632-BB47-9388778C6D46}.Debug|Mixed Platforms.ActiveCfg = Debug|Any CPU
		{D7383AA1-FB90-4632-BB47-9388778C6D46}.Debug|Mixed Platforms.Build.0 = Debug|Any CPU
		{D7383AA1-FB90-4632-BB47-9388778C6D46}.Debug|x86.ActiveCfg = Debug|Any CPU
		{D7383AA1-FB90-4632-BB47-9388778C6D46}.Debug|x86.Build.0 = Debug|Any CPU
		{D7383AA1-FB90-4632-BB47-9388778C6D46}.Release|Any CPU.ActiveCfg = Release|Any CPU
		{D7383AA1-FB90-4632-BB47-9388778C6D46}.Release|Any CPU.Build.0 = Release|Any CPU
		{D7383AA1-FB90-4632-BB47-9388778C6D46}.Release|Mixed Platforms.ActiveCfg = Release|Any CPU
		{D7383AA1-FB90-4632-BB47-9388778C6D46}.Release|Mixed Platforms.Build.0 = Release|Any CPU
		{D7383AA1-FB90-4632-BB47-9388778C6D46}.Release|x86.ActiveCfg = Release|Any CPU
		{D7383AA1-FB90-4632-BB47-9388778C6D46}.Release|x86.Build.0 = Release|Any CPU
		{D1FEB7B4-55CD-47D7-8828-5EE7B4C2DB95}.Debug|Any CPU.ActiveCfg = Debug|Any CPU
		{D1FEB7B4-55CD-47D7-8828-5EE7B4C2DB95}.Debug|Any CPU.Build.0 = Debug|Any CPU
		{D1FEB7B4-55CD-47D7-8828-5EE7B4C2DB95}.Debug|Mixed Platforms.ActiveCfg = Debug|Any CPU
		{D1FEB7B4-55CD-47D7-8828-5EE7B4C2DB95}.Debug|Mixed Platforms.Build.0 = Debug|Any CPU
		{D1FEB7B4-55CD-47D7-8828-5EE7B4C2DB95}.Debug|x86.ActiveCfg = Debug|Any CPU
		{D1FEB7B4-55CD-47D7-8828-5EE7B4C2DB95}.Release|Any CPU.ActiveCfg = Release|Any CPU
		{D1FEB7B4-55CD-47D7-8828-5EE7B4C2DB95}.Release|Any CPU.Build.0 = Release|Any CPU
		{D1FEB7B4-55CD-47D7-8828-5EE7B4C2DB95}.Release|Mixed Platforms.ActiveCfg = Release|Any CPU
		{D1FEB7B4-55CD-47D7-8828-5EE7B4C2DB95}.Release|Mixed Platforms.Build.0 = Release|Any CPU
		{D1FEB7B4-55CD-47D7-8828-5EE7B4C2DB95}.Release|x86.ActiveCfg = Release|Any CPU
		{0597696F-EAB7-43FC-9F5A-3E3DE9C4CBBB}.Debug|Any CPU.ActiveCfg = Debug|x86
		{0597696F-EAB7-43FC-9F5A-3E3DE9C4CBBB}.Debug|Mixed Platforms.ActiveCfg = Debug|x86
		{0597696F-EAB7-43FC-9F5A-3E3DE9C4CBBB}.Debug|Mixed Platforms.Build.0 = Debug|x86
		{0597696F-EAB7-43FC-9F5A-3E3DE9C4CBBB}.Debug|x86.ActiveCfg = Debug|x86
		{0597696F-EAB7-43FC-9F5A-3E3DE9C4CBBB}.Debug|x86.Build.0 = Debug|x86
		{0597696F-EAB7-43FC-9F5A-3E3DE9C4CBBB}.Release|Any CPU.ActiveCfg = Release|x86
		{0597696F-EAB7-43FC-9F5A-3E3DE9C4CBBB}.Release|Mixed Platforms.ActiveCfg = Release|x86
		{0597696F-EAB7-43FC-9F5A-3E3DE9C4CBBB}.Release|Mixed Platforms.Build.0 = Release|x86
		{0597696F-EAB7-43FC-9F5A-3E3DE9C4CBBB}.Release|x86.ActiveCfg = Release|x86
		{0597696F-EAB7-43FC-9F5A-3E3DE9C4CBBB}.Release|x86.Build.0 = Release|x86
		{FDADF460-19A7-443A-AEA6-EF24580DAF86}.Debug|Any CPU.ActiveCfg = Debug|Any CPU
		{FDADF460-19A7-443A-AEA6-EF24580DAF86}.Debug|Any CPU.Build.0 = Debug|Any CPU
		{FDADF460-19A7-443A-AEA6-EF24580DAF86}.Debug|Mixed Platforms.ActiveCfg = Debug|Any CPU
		{FDADF460-19A7-443A-AEA6-EF24580DAF86}.Debug|Mixed Platforms.Build.0 = Debug|Any CPU
		{FDADF460-19A7-443A-AEA6-EF24580DAF86}.Debug|x86.ActiveCfg = Debug|Any CPU
		{FDADF460-19A7-443A-AEA6-EF24580DAF86}.Release|Any CPU.ActiveCfg = Release|Any CPU
		{FDADF460-19A7-443A-AEA6-EF24580DAF86}.Release|Any CPU.Build.0 = Release|Any CPU
		{FDADF460-19A7-443A-AEA6-EF24580DAF86}.Release|Mixed Platforms.ActiveCfg = Release|Any CPU
		{FDADF460-19A7-443A-AEA6-EF24580DAF86}.Release|Mixed Platforms.Build.0 = Release|Any CPU
		{FDADF460-19A7-443A-AEA6-EF24580DAF86}.Release|x86.ActiveCfg = Release|Any CPU
		{E8E32F5E-7E31-41F3-9D49-9CB6DFBAFC85}.Debug|Any CPU.ActiveCfg = Debug|Any CPU
		{E8E32F5E-7E31-41F3-9D49-9CB6DFBAFC85}.Debug|Any CPU.Build.0 = Debug|Any CPU
		{E8E32F5E-7E31-41F3-9D49-9CB6DFBAFC85}.Debug|Mixed Platforms.ActiveCfg = Debug|Any CPU
		{E8E32F5E-7E31-41F3-9D49-9CB6DFBAFC85}.Debug|Mixed Platforms.Build.0 = Debug|Any CPU
		{E8E32F5E-7E31-41F3-9D49-9CB6DFBAFC85}.Debug|x86.ActiveCfg = Debug|Any CPU
		{E8E32F5E-7E31-41F3-9D49-9CB6DFBAFC85}.Release|Any CPU.ActiveCfg = Release|Any CPU
		{E8E32F5E-7E31-41F3-9D49-9CB6DFBAFC85}.Release|Any CPU.Build.0 = Release|Any CPU
		{E8E32F5E-7E31-41F3-9D49-9CB6DFBAFC85}.Release|Mixed Platforms.ActiveCfg = Release|Any CPU
		{E8E32F5E-7E31-41F3-9D49-9CB6DFBAFC85}.Release|Mixed Platforms.Build.0 = Release|Any CPU
		{E8E32F5E-7E31-41F3-9D49-9CB6DFBAFC85}.Release|x86.ActiveCfg = Release|Any CPU
		{A758654E-AEA9-45F5-8CA3-E09519379F53}.Debug|Any CPU.ActiveCfg = Debug|Any CPU
		{A758654E-AEA9-45F5-8CA3-E09519379F53}.Debug|Any CPU.Build.0 = Debug|Any CPU
		{A758654E-AEA9-45F5-8CA3-E09519379F53}.Debug|Mixed Platforms.ActiveCfg = Debug|Any CPU
		{A758654E-AEA9-45F5-8CA3-E09519379F53}.Debug|Mixed Platforms.Build.0 = Debug|Any CPU
		{A758654E-AEA9-45F5-8CA3-E09519379F53}.Debug|x86.ActiveCfg = Debug|Any CPU
		{A758654E-AEA9-45F5-8CA3-E09519379F53}.Release|Any CPU.ActiveCfg = Release|Any CPU
		{A758654E-AEA9-45F5-8CA3-E09519379F53}.Release|Any CPU.Build.0 = Release|Any CPU
		{A758654E-AEA9-45F5-8CA3-E09519379F53}.Release|Mixed Platforms.ActiveCfg = Release|Any CPU
		{A758654E-AEA9-45F5-8CA3-E09519379F53}.Release|Mixed Platforms.Build.0 = Release|Any CPU
		{A758654E-AEA9-45F5-8CA3-E09519379F53}.Release|x86.ActiveCfg = Release|Any CPU
		{6CB066D7-A187-4EDA-A059-44C6121FAC56}.Debug|Any CPU.ActiveCfg = Debug|Any CPU
		{6CB066D7-A187-4EDA-A059-44C6121FAC56}.Debug|Any CPU.Build.0 = Debug|Any CPU
		{6CB066D7-A187-4EDA-A059-44C6121FAC56}.Debug|Mixed Platforms.ActiveCfg = Debug|Any CPU
		{6CB066D7-A187-4EDA-A059-44C6121FAC56}.Debug|Mixed Platforms.Build.0 = Debug|Any CPU
		{6CB066D7-A187-4EDA-A059-44C6121FAC56}.Debug|x86.ActiveCfg = Debug|Any CPU
		{6CB066D7-A187-4EDA-A059-44C6121FAC56}.Release|Any CPU.ActiveCfg = Release|Any CPU
		{6CB066D7-A187-4EDA-A059-44C6121FAC56}.Release|Any CPU.Build.0 = Release|Any CPU
		{6CB066D7-A187-4EDA-A059-44C6121FAC56}.Release|Mixed Platforms.ActiveCfg = Release|Any CPU
		{6CB066D7-A187-4EDA-A059-44C6121FAC56}.Release|Mixed Platforms.Build.0 = Release|Any CPU
		{6CB066D7-A187-4EDA-A059-44C6121FAC56}.Release|x86.ActiveCfg = Release|Any CPU
		{2CAF4351-EB6F-4A54-B8F2-CB1588B00A81}.Debug|Any CPU.ActiveCfg = Debug|Any CPU
		{2CAF4351-EB6F-4A54-B8F2-CB1588B00A81}.Debug|Any CPU.Build.0 = Debug|Any CPU
		{2CAF4351-EB6F-4A54-B8F2-CB1588B00A81}.Debug|Mixed Platforms.ActiveCfg = Debug|Any CPU
		{2CAF4351-EB6F-4A54-B8F2-CB1588B00A81}.Debug|Mixed Platforms.Build.0 = Debug|Any CPU
		{2CAF4351-EB6F-4A54-B8F2-CB1588B00A81}.Debug|x86.ActiveCfg = Debug|Any CPU
		{2CAF4351-EB6F-4A54-B8F2-CB1588B00A81}.Release|Any CPU.ActiveCfg = Release|Any CPU
		{2CAF4351-EB6F-4A54-B8F2-CB1588B00A81}.Release|Any CPU.Build.0 = Release|Any CPU
		{2CAF4351-EB6F-4A54-B8F2-CB1588B00A81}.Release|Mixed Platforms.ActiveCfg = Release|Any CPU
		{2CAF4351-EB6F-4A54-B8F2-CB1588B00A81}.Release|Mixed Platforms.Build.0 = Release|Any CPU
		{2CAF4351-EB6F-4A54-B8F2-CB1588B00A81}.Release|x86.ActiveCfg = Release|Any CPU
		{B7C20AF5-5107-4E4E-B196-890EC2DA6030}.Debug|Any CPU.ActiveCfg = Debug|Any CPU
		{B7C20AF5-5107-4E4E-B196-890EC2DA6030}.Debug|Any CPU.Build.0 = Debug|Any CPU
		{B7C20AF5-5107-4E4E-B196-890EC2DA6030}.Debug|Mixed Platforms.ActiveCfg = Debug|Any CPU
		{B7C20AF5-5107-4E4E-B196-890EC2DA6030}.Debug|Mixed Platforms.Build.0 = Debug|Any CPU
		{B7C20AF5-5107-4E4E-B196-890EC2DA6030}.Debug|x86.ActiveCfg = Debug|Any CPU
		{B7C20AF5-5107-4E4E-B196-890EC2DA6030}.Release|Any CPU.ActiveCfg = Release|Any CPU
		{B7C20AF5-5107-4E4E-B196-890EC2DA6030}.Release|Any CPU.Build.0 = Release|Any CPU
		{B7C20AF5-5107-4E4E-B196-890EC2DA6030}.Release|Mixed Platforms.ActiveCfg = Release|Any CPU
		{B7C20AF5-5107-4E4E-B196-890EC2DA6030}.Release|Mixed Platforms.Build.0 = Release|Any CPU
		{B7C20AF5-5107-4E4E-B196-890EC2DA6030}.Release|x86.ActiveCfg = Release|Any CPU
		{9F7FBE17-2E7D-4F79-947E-3DA2F0A41296}.Debug|Any CPU.ActiveCfg = Debug|Any CPU
		{9F7FBE17-2E7D-4F79-947E-3DA2F0A41296}.Debug|Any CPU.Build.0 = Debug|Any CPU
		{9F7FBE17-2E7D-4F79-947E-3DA2F0A41296}.Debug|Mixed Platforms.ActiveCfg = Debug|Any CPU
		{9F7FBE17-2E7D-4F79-947E-3DA2F0A41296}.Debug|Mixed Platforms.Build.0 = Debug|Any CPU
		{9F7FBE17-2E7D-4F79-947E-3DA2F0A41296}.Debug|x86.ActiveCfg = Debug|Any CPU
		{9F7FBE17-2E7D-4F79-947E-3DA2F0A41296}.Release|Any CPU.ActiveCfg = Release|Any CPU
		{9F7FBE17-2E7D-4F79-947E-3DA2F0A41296}.Release|Any CPU.Build.0 = Release|Any CPU
		{9F7FBE17-2E7D-4F79-947E-3DA2F0A41296}.Release|Mixed Platforms.ActiveCfg = Release|Any CPU
		{9F7FBE17-2E7D-4F79-947E-3DA2F0A41296}.Release|Mixed Platforms.Build.0 = Release|Any CPU
		{9F7FBE17-2E7D-4F79-947E-3DA2F0A41296}.Release|x86.ActiveCfg = Release|Any CPU
	EndGlobalSection
	GlobalSection(SolutionProperties) = preSolution
		HideSolutionNode = FALSE
	EndGlobalSection
	GlobalSection(NestedProjects) = preSolution
		{CD379E3D-8606-4136-978A-2E1E7DD933A1} = {060A5DF3-4C49-402B-9B3F-142A9ECD30B1}
		{949C3B68-5AAA-4DAB-A7B8-B29F51C5B934} = {060A5DF3-4C49-402B-9B3F-142A9ECD30B1}
		{D83FD1A0-6698-404E-9515-7754C28063BC} = {060A5DF3-4C49-402B-9B3F-142A9ECD30B1}
		{58149FF0-0801-46F8-A9C6-571B6030DC1E} = {060A5DF3-4C49-402B-9B3F-142A9ECD30B1}
		{859AB95D-478C-473C-80BC-193F61FDBC99} = {060A5DF3-4C49-402B-9B3F-142A9ECD30B1}
		{18494945-EDD8-403B-81B3-3B11D0B43D99} = {060A5DF3-4C49-402B-9B3F-142A9ECD30B1}
		{DF8053EF-4673-4812-99BF-11AB6E669A11} = {B43F18BD-D65F-4604-AC98-1A61DC77CDFE}
		{277C3CC1-699D-417B-9D2C-A88B8CAF6957} = {B43F18BD-D65F-4604-AC98-1A61DC77CDFE}
		{76BFFBA7-7BF3-439E-83D4-A340B1227461} = {B43F18BD-D65F-4604-AC98-1A61DC77CDFE}
		{AD32517C-230C-435B-953D-BD96732927B8} = {B43F18BD-D65F-4604-AC98-1A61DC77CDFE}
		{46CD516A-50B3-4DD1-A0DF-65E0BE141E21} = {B43F18BD-D65F-4604-AC98-1A61DC77CDFE}
		{C07BBB5F-A159-41AD-933D-6B1F10913ED7} = {B43F18BD-D65F-4604-AC98-1A61DC77CDFE}
		{F87E5894-0AB9-4DDC-8B96-D9ABBAD243AC} = {B43F18BD-D65F-4604-AC98-1A61DC77CDFE}
		{ED325614-0B70-4C46-8282-C4DA02A974AC} = {4FB29566-3D30-44FD-8EE7-2CED4E2FC81F}
		{4CF9DA33-BA24-4C09-86EF-035C7C4054AE} = {4FB29566-3D30-44FD-8EE7-2CED4E2FC81F}
		{F2AC5988-E7F0-4A1F-8371-907945C1D351} = {4FB29566-3D30-44FD-8EE7-2CED4E2FC81F}
		{F27FA428-D097-482D-A947-063317FE8A60} = {4FB29566-3D30-44FD-8EE7-2CED4E2FC81F}
		{6EF23027-A874-4533-9F39-2C4B165D8BB9} = {4FB29566-3D30-44FD-8EE7-2CED4E2FC81F}
		{A88C77DB-0DAC-46D5-8136-C27B3D72717F} = {4FB29566-3D30-44FD-8EE7-2CED4E2FC81F}
		{9BA27555-C7DC-49A8-925C-B56D9C7DE2F4} = {4FB29566-3D30-44FD-8EE7-2CED4E2FC81F}
		{F6626674-3A9A-460B-A98B-A66B561FD811} = {4FB29566-3D30-44FD-8EE7-2CED4E2FC81F}
		{6C7F5166-6D0F-4CD9-B95B-14EBB11F7033} = {FA351A96-F90D-4959-BC5E-257EC7984DDC}
		{C6C1CF6E-CDD1-4A5D-B75E-2C92D6C3B2CF} = {FA351A96-F90D-4959-BC5E-257EC7984DDC}
		{0518B814-9FAF-4542-B896-ABF6F8E18F5C} = {C6C1CF6E-CDD1-4A5D-B75E-2C92D6C3B2CF}
		{F85AAD4F-3639-44CA-8CC0-08017069E4AF} = {C6C1CF6E-CDD1-4A5D-B75E-2C92D6C3B2CF}
		{D5C61FC0-FC5F-466A-B7B9-562687D0499A} = {C6C1CF6E-CDD1-4A5D-B75E-2C92D6C3B2CF}
		{4769A944-8F49-4D13-9979-A0D6B317E28D} = {C6C1CF6E-CDD1-4A5D-B75E-2C92D6C3B2CF}
		{08137AD1-9B69-4EE9-93E9-0DDC5F818E15} = {FA351A96-F90D-4959-BC5E-257EC7984DDC}
		{20A316C2-8779-474D-98FB-A13DAC9043AB} = {F18E0ED6-19F6-4353-9AF1-218DFD840AC1}
		{0DC81B09-3ABF-4BB3-8C08-4E8EE4432BDC} = {F18E0ED6-19F6-4353-9AF1-218DFD840AC1}
		{07C0CD14-D301-44B4-8B1A-7FD5D68F03CB} = {F18E0ED6-19F6-4353-9AF1-218DFD840AC1}
		{C91776D6-D84C-4183-BD68-D6FA663E3C1C} = {F18E0ED6-19F6-4353-9AF1-218DFD840AC1}
		{528AB6AF-7217-4603-BC96-4893D9FD9C65} = {2894E98B-0CAF-47F4-A7E0-1AF9FA565906}
		{13B79EC1-DE9C-4CD1-9255-5458505677DF} = {2894E98B-0CAF-47F4-A7E0-1AF9FA565906}
		{4DD7E6C6-D979-4F7A-AFF0-833BEB67F789} = {2894E98B-0CAF-47F4-A7E0-1AF9FA565906}
		{FB5D370B-62B6-4F5E-8188-881125DC6B50} = {2894E98B-0CAF-47F4-A7E0-1AF9FA565906}
		{D012B06F-95E7-4973-9847-34AE2BDF4B44} = {62F1C796-A9FD-471E-80F3-5396CFE3BC5F}
		{00CBC4B4-49A5-4C51-901E-883B364F724F} = {E873F75D-2C07-4688-8635-075D60A32574}
		{E488F0B0-3464-4D03-8E2E-8DA1936E3699} = {E873F75D-2C07-4688-8635-075D60A32574}
		{D7383AA1-FB90-4632-BB47-9388778C6D46} = {5BF046F2-CC5D-47DD-AAC9-AD021E984031}
		{D1FEB7B4-55CD-47D7-8828-5EE7B4C2DB95} = {5BF046F2-CC5D-47DD-AAC9-AD021E984031}
		{0597696F-EAB7-43FC-9F5A-3E3DE9C4CBBB} = {5BF046F2-CC5D-47DD-AAC9-AD021E984031}
		{1791AB7F-736F-4121-B5CF-1DC175834009} = {5BF046F2-CC5D-47DD-AAC9-AD021E984031}
		{FDADF460-19A7-443A-AEA6-EF24580DAF86} = {1791AB7F-736F-4121-B5CF-1DC175834009}
		{E8E32F5E-7E31-41F3-9D49-9CB6DFBAFC85} = {1791AB7F-736F-4121-B5CF-1DC175834009}
		{A758654E-AEA9-45F5-8CA3-E09519379F53} = {5BF046F2-CC5D-47DD-AAC9-AD021E984031}
		{6CB066D7-A187-4EDA-A059-44C6121FAC56} = {5BF046F2-CC5D-47DD-AAC9-AD021E984031}
		{2CAF4351-EB6F-4A54-B8F2-CB1588B00A81} = {21C88CD1-A41C-4908-B309-A33A2F23683B}
		{B7C20AF5-5107-4E4E-B196-890EC2DA6030} = {B488B2F7-D268-41D3-B31D-CC0DF03F9F34}
	EndGlobalSection
	GlobalSection(MonoDevelopProperties) = preSolution
		StartupItem = MARSLocalStarter\MARSLocalStarter.csproj
		Policies = $0
		$0.DotNetNamingPolicy = $1
		$1.DirectoryNamespaceAssociation = None
		$1.ResourceNamePolicy = FileFormatDefault
		$0.StandardHeader = $2
		$2.Text = 
		$2.IncludeInNewFiles = True
		$0.NameConventionPolicy = $3
		$3.Rules = $4
		$4.NamingRule = $5
		$5.AffectedEntity = None
		$5.VisibilityMask = VisibilityMask
		$5.NamingStyle = None
		$5.IncludeInstanceMembers = True
		$5.IncludeStaticEntities = True
	EndGlobalSection
EndGlobal
