
Microsoft Visual Studio Solution File, Format Version 12.00
# Visual Studio 2012
Project("{2150E333-8FDC-42A3-9474-1A3956D46DE8}") = "Simulation Manager", "Simulation Manager", "{060A5DF3-4C49-402B-9B3F-142A9ECD30B1}"
EndProject
Project("{FAE04EC0-301F-11D3-BF4B-00C04F79EFBC}") = "RuntimeEnvironment", "SimulationManager\RuntimeEnvironment\RuntimeEnvironment.csproj", "{CD379E3D-8606-4136-978A-2E1E7DD933A1}"
EndProject
Project("{FAE04EC0-301F-11D3-BF4B-00C04F79EFBC}") = "SimulationManager", "SimulationManager\SimulationManager\SimulationManager.csproj", "{949C3B68-5AAA-4DAB-A7B8-B29F51C5B934}"
EndProject
Project("{FAE04EC0-301F-11D3-BF4B-00C04F79EFBC}") = "ModelContainer", "SimulationManager\ModelContainer\ModelContainer.csproj", "{D83FD1A0-6698-404E-9515-7754C28063BC}"
EndProject
Project("{2150E333-8FDC-42A3-9474-1A3956D46DE8}") = "Common", "Common", "{B43F18BD-D65F-4604-AC98-1A61DC77CDFE}"
EndProject
Project("{FAE04EC0-301F-11D3-BF4B-00C04F79EFBC}") = "NetworkAdapter", "Common\NetworkAdapter\NetworkAdapter.csproj", "{A9571BEE-5212-446C-8A1C-74E2B6914913}"
EndProject
Project("{FAE04EC0-301F-11D3-BF4B-00C04F79EFBC}") = "NodeRegistry", "Common\NodeRegistry\NodeRegistry.csproj", "{C07BBB5F-A159-41AD-933D-6B1F10913ED7}"
	ProjectSection(ProjectDependencies) = postProject
		{20A316C2-8779-474D-98FB-A13DAC9043AB} = {20A316C2-8779-474D-98FB-A13DAC9043AB}
	EndProjectSection
EndProject
Project("{2150E333-8FDC-42A3-9474-1A3956D46DE8}") = "LayerContainer", "LayerContainer", "{4FB29566-3D30-44FD-8EE7-2CED4E2FC81F}"
EndProject
Project("{FAE04EC0-301F-11D3-BF4B-00C04F79EFBC}") = "LayerContainerController", "LayerContainer\LayerContainerController\LayerContainerController.csproj", "{EFF972E8-87D1-42F5-BD73-1314EC88CDD2}"
EndProject
Project("{FAE04EC0-301F-11D3-BF4B-00C04F79EFBC}") = "LayerRegistry", "LayerContainer\LayerRegistry\LayerRegistry.csproj", "{ED325614-0B70-4C46-8282-C4DA02A974AC}"
EndProject
Project("{FAE04EC0-301F-11D3-BF4B-00C04F79EFBC}") = "LayerAPI", "LayerContainer\LayerAPI\LayerAPI.csproj", "{2CAF4351-EB6F-4A54-B8F2-CB1588B00A81}"
EndProject
Project("{FAE04EC0-301F-11D3-BF4B-00C04F79EFBC}") = "CommonTypes", "Common\CommonTypes\CommonTypes.csproj", "{DF8053EF-4673-4812-99BF-11AB6E669A11}"
EndProject
Project("{FAE04EC0-301F-11D3-BF4B-00C04F79EFBC}") = "LayerContainer", "LayerContainer\LayerContainer\LayerContainer.csproj", "{4CF9DA33-BA24-4C09-86EF-035C7C4054AE}"
EndProject
Project("{2150E333-8FDC-42A3-9474-1A3956D46DE8}") = "LifeAPI", "LifeAPI", "{1E0C812C-C957-42CF-9BBF-EE9EFCFEA58E}"
EndProject
Project("{2150E333-8FDC-42A3-9474-1A3956D46DE8}") = "Examples", "Examples", "{FA351A96-F90D-4959-BC5E-257EC7984DDC}"
EndProject
Project("{FAE04EC0-301F-11D3-BF4B-00C04F79EFBC}") = "Scs", "T-Components\Scs\Scs.csproj", "{0DC81B09-3ABF-4BB3-8C08-4E8EE4432BDC}"
EndProject
Project("{2150E333-8FDC-42A3-9474-1A3956D46DE8}") = "T-Components", "T-Components", "{F18E0ED6-19F6-4353-9AF1-218DFD840AC1}"
EndProject
Project("{FAE04EC0-301F-11D3-BF4B-00C04F79EFBC}") = "ExampleLayer", "Examples\ExampleLayer\ExampleLayer.csproj", "{6C7F5166-6D0F-4CD9-B95B-14EBB11F7033}"
EndProject
Project("{FAE04EC0-301F-11D3-BF4B-00C04F79EFBC}") = "RTEManager", "LayerContainer\RTEManager\RTEManager.csproj", "{F2AC5988-E7F0-4A1F-8371-907945C1D351}"
EndProject
Project("{FAE04EC0-301F-11D3-BF4B-00C04F79EFBC}") = "PartitionManager", "LayerContainer\PartitionManager\PartitionManager.csproj", "{F27FA428-D097-482D-A947-063317FE8A60}"
EndProject
Project("{2150E333-8FDC-42A3-9474-1A3956D46DE8}") = ".nuget", ".nuget", "{65D6EE68-9FEB-468B-BABC-9DFEC3B64D89}"
	ProjectSection(SolutionItems) = preProject
		.nuget\NuGet.Config = .nuget\NuGet.Config
		.nuget\NuGet.exe = .nuget\NuGet.exe
		.nuget\NuGet.targets = .nuget\NuGet.targets
	EndProjectSection
EndProject
Project("{FAE04EC0-301F-11D3-BF4B-00C04F79EFBC}") = "SimulationManagerFacade", "SimulationManager\SimulationManagerFacade\SimulationManagerFacade.csproj", "{58149FF0-0801-46F8-A9C6-571B6030DC1E}"
EndProject
Project("{FAE04EC0-301F-11D3-BF4B-00C04F79EFBC}") = "LayerContainerFacade", "LayerContainer\LayerContainerFacade\LayerContainerFacade.csproj", "{6EF23027-A874-4533-9F39-2C4B165D8BB9}"
EndProject
Project("{FAE04EC0-301F-11D3-BF4B-00C04F79EFBC}") = "MulticastAdapter", "MulticastAdapter\MulticastAdapter.csproj", "{20A316C2-8779-474D-98FB-A13DAC9043AB}"
EndProject
Global
	GlobalSection(SolutionConfigurationPlatforms) = preSolution
		Debug|Any CPU = Debug|Any CPU
		Release|Any CPU = Release|Any CPU
	EndGlobalSection
	GlobalSection(ProjectConfigurationPlatforms) = postSolution
		{CD379E3D-8606-4136-978A-2E1E7DD933A1}.Debug|Any CPU.ActiveCfg = Debug|Any CPU
		{CD379E3D-8606-4136-978A-2E1E7DD933A1}.Debug|Any CPU.Build.0 = Debug|Any CPU
		{CD379E3D-8606-4136-978A-2E1E7DD933A1}.Release|Any CPU.ActiveCfg = Release|Any CPU
		{CD379E3D-8606-4136-978A-2E1E7DD933A1}.Release|Any CPU.Build.0 = Release|Any CPU
		{949C3B68-5AAA-4DAB-A7B8-B29F51C5B934}.Debug|Any CPU.ActiveCfg = Debug|Any CPU
		{949C3B68-5AAA-4DAB-A7B8-B29F51C5B934}.Debug|Any CPU.Build.0 = Debug|Any CPU
		{949C3B68-5AAA-4DAB-A7B8-B29F51C5B934}.Release|Any CPU.ActiveCfg = Release|Any CPU
		{949C3B68-5AAA-4DAB-A7B8-B29F51C5B934}.Release|Any CPU.Build.0 = Release|Any CPU
		{D83FD1A0-6698-404E-9515-7754C28063BC}.Debug|Any CPU.ActiveCfg = Debug|Any CPU
		{D83FD1A0-6698-404E-9515-7754C28063BC}.Debug|Any CPU.Build.0 = Debug|Any CPU
		{D83FD1A0-6698-404E-9515-7754C28063BC}.Release|Any CPU.ActiveCfg = Release|Any CPU
		{D83FD1A0-6698-404E-9515-7754C28063BC}.Release|Any CPU.Build.0 = Release|Any CPU
		{A9571BEE-5212-446C-8A1C-74E2B6914913}.Debug|Any CPU.ActiveCfg = Debug|Any CPU
		{A9571BEE-5212-446C-8A1C-74E2B6914913}.Debug|Any CPU.Build.0 = Debug|Any CPU
		{A9571BEE-5212-446C-8A1C-74E2B6914913}.Release|Any CPU.ActiveCfg = Release|Any CPU
		{A9571BEE-5212-446C-8A1C-74E2B6914913}.Release|Any CPU.Build.0 = Release|Any CPU
		{C07BBB5F-A159-41AD-933D-6B1F10913ED7}.Debug|Any CPU.ActiveCfg = Debug|Any CPU
		{C07BBB5F-A159-41AD-933D-6B1F10913ED7}.Debug|Any CPU.Build.0 = Debug|Any CPU
		{C07BBB5F-A159-41AD-933D-6B1F10913ED7}.Release|Any CPU.ActiveCfg = Release|Any CPU
		{C07BBB5F-A159-41AD-933D-6B1F10913ED7}.Release|Any CPU.Build.0 = Release|Any CPU
		{EFF972E8-87D1-42F5-BD73-1314EC88CDD2}.Debug|Any CPU.ActiveCfg = Debug|Any CPU
		{EFF972E8-87D1-42F5-BD73-1314EC88CDD2}.Debug|Any CPU.Build.0 = Debug|Any CPU
		{EFF972E8-87D1-42F5-BD73-1314EC88CDD2}.Release|Any CPU.ActiveCfg = Release|Any CPU
		{EFF972E8-87D1-42F5-BD73-1314EC88CDD2}.Release|Any CPU.Build.0 = Release|Any CPU
		{ED325614-0B70-4C46-8282-C4DA02A974AC}.Debug|Any CPU.ActiveCfg = Debug|Any CPU
		{ED325614-0B70-4C46-8282-C4DA02A974AC}.Debug|Any CPU.Build.0 = Debug|Any CPU
		{ED325614-0B70-4C46-8282-C4DA02A974AC}.Release|Any CPU.ActiveCfg = Release|Any CPU
		{ED325614-0B70-4C46-8282-C4DA02A974AC}.Release|Any CPU.Build.0 = Release|Any CPU
		{2CAF4351-EB6F-4A54-B8F2-CB1588B00A81}.Debug|Any CPU.ActiveCfg = Debug|Any CPU
		{2CAF4351-EB6F-4A54-B8F2-CB1588B00A81}.Debug|Any CPU.Build.0 = Debug|Any CPU
		{2CAF4351-EB6F-4A54-B8F2-CB1588B00A81}.Release|Any CPU.ActiveCfg = Release|Any CPU
		{2CAF4351-EB6F-4A54-B8F2-CB1588B00A81}.Release|Any CPU.Build.0 = Release|Any CPU
		{DF8053EF-4673-4812-99BF-11AB6E669A11}.Debug|Any CPU.ActiveCfg = Debug|Any CPU
		{DF8053EF-4673-4812-99BF-11AB6E669A11}.Debug|Any CPU.Build.0 = Debug|Any CPU
		{DF8053EF-4673-4812-99BF-11AB6E669A11}.Release|Any CPU.ActiveCfg = Release|Any CPU
		{DF8053EF-4673-4812-99BF-11AB6E669A11}.Release|Any CPU.Build.0 = Release|Any CPU
		{4CF9DA33-BA24-4C09-86EF-035C7C4054AE}.Debug|Any CPU.ActiveCfg = Debug|Any CPU
		{4CF9DA33-BA24-4C09-86EF-035C7C4054AE}.Debug|Any CPU.Build.0 = Debug|Any CPU
		{4CF9DA33-BA24-4C09-86EF-035C7C4054AE}.Release|Any CPU.ActiveCfg = Release|Any CPU
		{4CF9DA33-BA24-4C09-86EF-035C7C4054AE}.Release|Any CPU.Build.0 = Release|Any CPU
		{0DC81B09-3ABF-4BB3-8C08-4E8EE4432BDC}.Debug|Any CPU.ActiveCfg = Debug|Any CPU
		{0DC81B09-3ABF-4BB3-8C08-4E8EE4432BDC}.Debug|Any CPU.Build.0 = Debug|Any CPU
		{0DC81B09-3ABF-4BB3-8C08-4E8EE4432BDC}.Release|Any CPU.ActiveCfg = Release|Any CPU
		{0DC81B09-3ABF-4BB3-8C08-4E8EE4432BDC}.Release|Any CPU.Build.0 = Release|Any CPU
		{6C7F5166-6D0F-4CD9-B95B-14EBB11F7033}.Debug|Any CPU.ActiveCfg = Debug|Any CPU
		{6C7F5166-6D0F-4CD9-B95B-14EBB11F7033}.Debug|Any CPU.Build.0 = Debug|Any CPU
		{6C7F5166-6D0F-4CD9-B95B-14EBB11F7033}.Release|Any CPU.ActiveCfg = Release|Any CPU
		{6C7F5166-6D0F-4CD9-B95B-14EBB11F7033}.Release|Any CPU.Build.0 = Release|Any CPU
		{F2AC5988-E7F0-4A1F-8371-907945C1D351}.Debug|Any CPU.ActiveCfg = Debug|Any CPU
		{F2AC5988-E7F0-4A1F-8371-907945C1D351}.Debug|Any CPU.Build.0 = Debug|Any CPU
		{F2AC5988-E7F0-4A1F-8371-907945C1D351}.Release|Any CPU.ActiveCfg = Release|Any CPU
		{F2AC5988-E7F0-4A1F-8371-907945C1D351}.Release|Any CPU.Build.0 = Release|Any CPU
		{F27FA428-D097-482D-A947-063317FE8A60}.Debug|Any CPU.ActiveCfg = Debug|Any CPU
		{F27FA428-D097-482D-A947-063317FE8A60}.Debug|Any CPU.Build.0 = Debug|Any CPU
		{F27FA428-D097-482D-A947-063317FE8A60}.Release|Any CPU.ActiveCfg = Release|Any CPU
		{F27FA428-D097-482D-A947-063317FE8A60}.Release|Any CPU.Build.0 = Release|Any CPU
		{58149FF0-0801-46F8-A9C6-571B6030DC1E}.Debug|Any CPU.ActiveCfg = Debug|Any CPU
		{58149FF0-0801-46F8-A9C6-571B6030DC1E}.Debug|Any CPU.Build.0 = Debug|Any CPU
		{58149FF0-0801-46F8-A9C6-571B6030DC1E}.Release|Any CPU.ActiveCfg = Release|Any CPU
		{58149FF0-0801-46F8-A9C6-571B6030DC1E}.Release|Any CPU.Build.0 = Release|Any CPU
		{6EF23027-A874-4533-9F39-2C4B165D8BB9}.Debug|Any CPU.ActiveCfg = Debug|Any CPU
		{6EF23027-A874-4533-9F39-2C4B165D8BB9}.Debug|Any CPU.Build.0 = Debug|Any CPU
		{6EF23027-A874-4533-9F39-2C4B165D8BB9}.Release|Any CPU.ActiveCfg = Release|Any CPU
		{6EF23027-A874-4533-9F39-2C4B165D8BB9}.Release|Any CPU.Build.0 = Release|Any CPU
		{20A316C2-8779-474D-98FB-A13DAC9043AB}.Debug|Any CPU.ActiveCfg = Debug|Any CPU
		{20A316C2-8779-474D-98FB-A13DAC9043AB}.Debug|Any CPU.Build.0 = Debug|Any CPU
		{20A316C2-8779-474D-98FB-A13DAC9043AB}.Release|Any CPU.ActiveCfg = Release|Any CPU
		{20A316C2-8779-474D-98FB-A13DAC9043AB}.Release|Any CPU.Build.0 = Release|Any CPU
	EndGlobalSection
	GlobalSection(SolutionProperties) = preSolution
		HideSolutionNode = FALSE
	EndGlobalSection
	GlobalSection(NestedProjects) = preSolution
		{CD379E3D-8606-4136-978A-2E1E7DD933A1} = {060A5DF3-4C49-402B-9B3F-142A9ECD30B1}
		{949C3B68-5AAA-4DAB-A7B8-B29F51C5B934} = {060A5DF3-4C49-402B-9B3F-142A9ECD30B1}
		{D83FD1A0-6698-404E-9515-7754C28063BC} = {060A5DF3-4C49-402B-9B3F-142A9ECD30B1}
		{58149FF0-0801-46F8-A9C6-571B6030DC1E} = {060A5DF3-4C49-402B-9B3F-142A9ECD30B1}
		{A9571BEE-5212-446C-8A1C-74E2B6914913} = {B43F18BD-D65F-4604-AC98-1A61DC77CDFE}
		{C07BBB5F-A159-41AD-933D-6B1F10913ED7} = {B43F18BD-D65F-4604-AC98-1A61DC77CDFE}
		{DF8053EF-4673-4812-99BF-11AB6E669A11} = {B43F18BD-D65F-4604-AC98-1A61DC77CDFE}
		{EFF972E8-87D1-42F5-BD73-1314EC88CDD2} = {4FB29566-3D30-44FD-8EE7-2CED4E2FC81F}
		{ED325614-0B70-4C46-8282-C4DA02A974AC} = {4FB29566-3D30-44FD-8EE7-2CED4E2FC81F}
		{4CF9DA33-BA24-4C09-86EF-035C7C4054AE} = {4FB29566-3D30-44FD-8EE7-2CED4E2FC81F}
		{F2AC5988-E7F0-4A1F-8371-907945C1D351} = {4FB29566-3D30-44FD-8EE7-2CED4E2FC81F}
		{F27FA428-D097-482D-A947-063317FE8A60} = {4FB29566-3D30-44FD-8EE7-2CED4E2FC81F}
		{6EF23027-A874-4533-9F39-2C4B165D8BB9} = {4FB29566-3D30-44FD-8EE7-2CED4E2FC81F}
		{2CAF4351-EB6F-4A54-B8F2-CB1588B00A81} = {1E0C812C-C957-42CF-9BBF-EE9EFCFEA58E}
		{6C7F5166-6D0F-4CD9-B95B-14EBB11F7033} = {FA351A96-F90D-4959-BC5E-257EC7984DDC}
		{0DC81B09-3ABF-4BB3-8C08-4E8EE4432BDC} = {F18E0ED6-19F6-4353-9AF1-218DFD840AC1}
		{20A316C2-8779-474D-98FB-A13DAC9043AB} = {F18E0ED6-19F6-4353-9AF1-218DFD840AC1}
	EndGlobalSection
EndGlobal
